
Microsoft Visual Studio Solution File, Format Version 12.00
# Visual Studio 2012
Project("{FAE04EC0-301F-11D3-BF4B-00C04F79EFBC}") = "Julmar.Metro.Helpers", "MVVMHelpers.Metro\Julmar.Metro.Helpers.csproj", "{B640DE74-ACEB-4A7D-9FC5-14F58E63921F}"
EndProject
Project("{2150E333-8FDC-42A3-9474-1A3956D46DE8}") = "Test", "Test", "{CE3FE322-B65C-4806-92CB-09952A9A267C}"
EndProject
Project("{FAE04EC0-301F-11D3-BF4B-00C04F79EFBC}") = "SimpleMVVMTest", "Test\SimpleMVVMTest\SimpleMVVMTest.csproj", "{4986E5D2-3A32-41FA-9E6C-3E5D24946EDD}"
EndProject
Project("{FAE04EC0-301F-11D3-BF4B-00C04F79EFBC}") = "BouncingBalls", "Test\BouncingBalls\BouncingBalls.csproj", "{189DAB6A-1F20-4101-BFBA-16958610404D}"
EndProject
Project("{FAE04EC0-301F-11D3-BF4B-00C04F79EFBC}") = "TicTacDoe", "Test\TicTacToe\TicTacDoe.csproj", "{E79F6FD6-C979-4DED-9000-465EEA7C9622}"
EndProject
Project("{FAE04EC0-301F-11D3-BF4B-00C04F79EFBC}") = "Julmar.Metro.Behaviors", "Julmar.Metro.Behaviors\Julmar.Metro.Behaviors.csproj", "{A11FD7E6-5B51-488A-957D-756F3ADFC93F}"
EndProject
Project("{FAE04EC0-301F-11D3-BF4B-00C04F79EFBC}") = "Julmar.Windows.Interactivity", "Julmar.Windows.Interactivity\Julmar.Windows.Interactivity.csproj", "{14C9EF46-36B0-4808-B5B7-0A6B17CC0DCC}"
EndProject
Project("{FAE04EC0-301F-11D3-BF4B-00C04F79EFBC}") = "AnimationTest", "Test\AnumationTest\AnimationTest.csproj", "{780194E0-5BA5-4936-AE10-2DBC92330C2D}"
EndProject
Project("{FAE04EC0-301F-11D3-BF4B-00C04F79EFBC}") = "VsmTest", "Test\VsmTest\VsmTest.csproj", "{6864248C-6675-4E5A-9B6E-58A6C11F8C50}"
EndProject
Project("{FAE04EC0-301F-11D3-BF4B-00C04F79EFBC}") = "Julmar.Metro.Tests", "Test\Julmar.Metro.Tests\Julmar.Metro.Tests.csproj", "{7E7037C1-7385-49C3-AE16-6DD9E9C8C79F}"
EndProject
Project("{FAE04EC0-301F-11D3-BF4B-00C04F79EFBC}") = "ViewModelInjection", "Test\ViewModelInjection\ViewModelInjection.csproj", "{657006C2-C5A0-4250-8450-BC6D523DE7DA}"
EndProject
Project("{FAE04EC0-301F-11D3-BF4B-00C04F79EFBC}") = "MultiPageNavigation", "Test\MultiPageNavigation\MultiPageNavigation.csproj", "{3378BB08-332B-453D-9DA6-D4C88B500BDC}"
EndProject
Global
	GlobalSection(TeamFoundationVersionControl) = preSolution
		SccNumberOfProjects = 12
		SccEnterpriseProvider = {4CA58AB2-18FA-4F8D-95D4-32DDF27D184C}
		SccTeamFoundationServer = https://tfs.codeplex.com/tfs/tfs08
		SccLocalPath0 = .
		SccProjectUniqueName1 = MVVMHelpers.Metro\\Julmar.Metro.Helpers.csproj
		SccProjectName1 = MVVMHelpers.Metro
		SccLocalPath1 = MVVMHelpers.Metro
		SccProjectUniqueName2 = Test\\BouncingBalls\\BouncingBalls.csproj
		SccProjectTopLevelParentUniqueName2 = MVVMHelpers.Metro.sln
		SccProjectName2 = Test/BouncingBalls
		SccLocalPath2 = Test\\BouncingBalls
		SccProjectUniqueName3 = Test\\SimpleMVVMTest\\SimpleMVVMTest.csproj
		SccProjectTopLevelParentUniqueName3 = MVVMHelpers.Metro.sln
		SccProjectName3 = Test/SimpleMVVMTest
		SccLocalPath3 = Test\\SimpleMVVMTest
		SccProjectUniqueName4 = Test\\TicTacToe\\TicTacDoe.csproj
		SccProjectTopLevelParentUniqueName4 = MVVMHelpers.Metro.sln
		SccProjectName4 = Test/TicTacToe
		SccLocalPath4 = Test\\TicTacToe
		SccProjectUniqueName5 = Julmar.Metro.Behaviors\\Julmar.Metro.Behaviors.csproj
		SccProjectName5 = Julmar.Metro.Behaviors
		SccLocalPath5 = Julmar.Metro.Behaviors
		SccProjectUniqueName6 = Julmar.Windows.Interactivity\\Julmar.Windows.Interactivity.csproj
		SccProjectName6 = Julmar.Windows.Interactivity
		SccLocalPath6 = Julmar.Windows.Interactivity
		SccProjectUniqueName7 = Test\\VsmTest\\VsmTest.csproj
		SccProjectTopLevelParentUniqueName7 = MVVMHelpers.Metro.sln
		SccProjectName7 = Test/VsmTest
		SccLocalPath7 = Test\\VsmTest
		SccProjectUniqueName8 = Test\\AnumationTest\\AnimationTest.csproj
		SccProjectTopLevelParentUniqueName8 = MVVMHelpers.Metro.sln
		SccProjectName8 = Test/AnumationTest
		SccLocalPath8 = Test\\AnumationTest
		SccProjectUniqueName9 = Test\\Julmar.Metro.Tests\\Julmar.Metro.Tests.csproj
		SccProjectTopLevelParentUniqueName9 = MVVMHelpers.Metro.sln
		SccProjectName9 = Test/Julmar.Metro.Tests
		SccLocalPath9 = Test\\Julmar.Metro.Tests
		SccProjectUniqueName10 = Test\\ViewModelInjection\\ViewModelInjection.csproj
		SccProjectTopLevelParentUniqueName10 = MVVMHelpers.Metro.sln
		SccProjectName10 = Test/ViewModelInjection
		SccLocalPath10 = Test\\ViewModelInjection
		SccProjectUniqueName11 = Test\\MultiPageNavigation\\MultiPageNavigation.csproj
		SccProjectTopLevelParentUniqueName11 = MVVMHelpers.Metro.sln
		SccProjectName11 = Test/MultiPageNavigation
		SccLocalPath11 = Test\\MultiPageNavigation
	EndGlobalSection
	GlobalSection(SolutionConfigurationPlatforms) = preSolution
		Debug|Any CPU = Debug|Any CPU
		Debug|ARM = Debug|ARM
		Debug|x64 = Debug|x64
		Debug|x86 = Debug|x86
		Release|Any CPU = Release|Any CPU
		Release|ARM = Release|ARM
		Release|x64 = Release|x64
		Release|x86 = Release|x86
	EndGlobalSection
	GlobalSection(ProjectConfigurationPlatforms) = postSolution
		{B640DE74-ACEB-4A7D-9FC5-14F58E63921F}.Debug|Any CPU.ActiveCfg = Debug|Any CPU
		{B640DE74-ACEB-4A7D-9FC5-14F58E63921F}.Debug|Any CPU.Build.0 = Debug|Any CPU
		{B640DE74-ACEB-4A7D-9FC5-14F58E63921F}.Debug|ARM.ActiveCfg = Debug|ARM
		{B640DE74-ACEB-4A7D-9FC5-14F58E63921F}.Debug|ARM.Build.0 = Debug|ARM
		{B640DE74-ACEB-4A7D-9FC5-14F58E63921F}.Debug|x64.ActiveCfg = Debug|x64
		{B640DE74-ACEB-4A7D-9FC5-14F58E63921F}.Debug|x64.Build.0 = Debug|x64
		{B640DE74-ACEB-4A7D-9FC5-14F58E63921F}.Debug|x86.ActiveCfg = Debug|x86
		{B640DE74-ACEB-4A7D-9FC5-14F58E63921F}.Debug|x86.Build.0 = Debug|x86
		{B640DE74-ACEB-4A7D-9FC5-14F58E63921F}.Release|Any CPU.ActiveCfg = Release|Any CPU
		{B640DE74-ACEB-4A7D-9FC5-14F58E63921F}.Release|Any CPU.Build.0 = Release|Any CPU
		{B640DE74-ACEB-4A7D-9FC5-14F58E63921F}.Release|ARM.ActiveCfg = Release|ARM
		{B640DE74-ACEB-4A7D-9FC5-14F58E63921F}.Release|ARM.Build.0 = Release|ARM
		{B640DE74-ACEB-4A7D-9FC5-14F58E63921F}.Release|x64.ActiveCfg = Release|x64
		{B640DE74-ACEB-4A7D-9FC5-14F58E63921F}.Release|x64.Build.0 = Release|x64
		{B640DE74-ACEB-4A7D-9FC5-14F58E63921F}.Release|x86.ActiveCfg = Release|x86
		{B640DE74-ACEB-4A7D-9FC5-14F58E63921F}.Release|x86.Build.0 = Release|x86
		{4986E5D2-3A32-41FA-9E6C-3E5D24946EDD}.Debug|Any CPU.ActiveCfg = Debug|Any CPU
		{4986E5D2-3A32-41FA-9E6C-3E5D24946EDD}.Debug|Any CPU.Build.0 = Debug|Any CPU
		{4986E5D2-3A32-41FA-9E6C-3E5D24946EDD}.Debug|Any CPU.Deploy.0 = Debug|Any CPU
		{4986E5D2-3A32-41FA-9E6C-3E5D24946EDD}.Debug|ARM.ActiveCfg = Debug|ARM
		{4986E5D2-3A32-41FA-9E6C-3E5D24946EDD}.Debug|ARM.Build.0 = Debug|ARM
		{4986E5D2-3A32-41FA-9E6C-3E5D24946EDD}.Debug|ARM.Deploy.0 = Debug|ARM
		{4986E5D2-3A32-41FA-9E6C-3E5D24946EDD}.Debug|x64.ActiveCfg = Debug|x64
		{4986E5D2-3A32-41FA-9E6C-3E5D24946EDD}.Debug|x64.Build.0 = Debug|x64
		{4986E5D2-3A32-41FA-9E6C-3E5D24946EDD}.Debug|x64.Deploy.0 = Debug|x64
		{4986E5D2-3A32-41FA-9E6C-3E5D24946EDD}.Debug|x86.ActiveCfg = Debug|x86
		{4986E5D2-3A32-41FA-9E6C-3E5D24946EDD}.Debug|x86.Build.0 = Debug|x86
		{4986E5D2-3A32-41FA-9E6C-3E5D24946EDD}.Debug|x86.Deploy.0 = Debug|x86
		{4986E5D2-3A32-41FA-9E6C-3E5D24946EDD}.Release|Any CPU.ActiveCfg = Release|Any CPU
		{4986E5D2-3A32-41FA-9E6C-3E5D24946EDD}.Release|Any CPU.Build.0 = Release|Any CPU
		{4986E5D2-3A32-41FA-9E6C-3E5D24946EDD}.Release|Any CPU.Deploy.0 = Release|Any CPU
		{4986E5D2-3A32-41FA-9E6C-3E5D24946EDD}.Release|ARM.ActiveCfg = Release|ARM
		{4986E5D2-3A32-41FA-9E6C-3E5D24946EDD}.Release|ARM.Build.0 = Release|ARM
		{4986E5D2-3A32-41FA-9E6C-3E5D24946EDD}.Release|ARM.Deploy.0 = Release|ARM
		{4986E5D2-3A32-41FA-9E6C-3E5D24946EDD}.Release|x64.ActiveCfg = Release|x64
		{4986E5D2-3A32-41FA-9E6C-3E5D24946EDD}.Release|x64.Build.0 = Release|x64
		{4986E5D2-3A32-41FA-9E6C-3E5D24946EDD}.Release|x64.Deploy.0 = Release|x64
		{4986E5D2-3A32-41FA-9E6C-3E5D24946EDD}.Release|x86.ActiveCfg = Release|x86
		{4986E5D2-3A32-41FA-9E6C-3E5D24946EDD}.Release|x86.Build.0 = Release|x86
		{4986E5D2-3A32-41FA-9E6C-3E5D24946EDD}.Release|x86.Deploy.0 = Release|x86
		{189DAB6A-1F20-4101-BFBA-16958610404D}.Debug|Any CPU.ActiveCfg = Debug|Any CPU
		{189DAB6A-1F20-4101-BFBA-16958610404D}.Debug|Any CPU.Build.0 = Debug|Any CPU
		{189DAB6A-1F20-4101-BFBA-16958610404D}.Debug|Any CPU.Deploy.0 = Debug|Any CPU
		{189DAB6A-1F20-4101-BFBA-16958610404D}.Debug|ARM.ActiveCfg = Debug|ARM
		{189DAB6A-1F20-4101-BFBA-16958610404D}.Debug|ARM.Build.0 = Debug|ARM
		{189DAB6A-1F20-4101-BFBA-16958610404D}.Debug|ARM.Deploy.0 = Debug|ARM
		{189DAB6A-1F20-4101-BFBA-16958610404D}.Debug|x64.ActiveCfg = Debug|x64
		{189DAB6A-1F20-4101-BFBA-16958610404D}.Debug|x64.Build.0 = Debug|x64
		{189DAB6A-1F20-4101-BFBA-16958610404D}.Debug|x64.Deploy.0 = Debug|x64
		{189DAB6A-1F20-4101-BFBA-16958610404D}.Debug|x86.ActiveCfg = Debug|x86
		{189DAB6A-1F20-4101-BFBA-16958610404D}.Debug|x86.Build.0 = Debug|x86
		{189DAB6A-1F20-4101-BFBA-16958610404D}.Debug|x86.Deploy.0 = Debug|x86
		{189DAB6A-1F20-4101-BFBA-16958610404D}.Release|Any CPU.ActiveCfg = Release|Any CPU
		{189DAB6A-1F20-4101-BFBA-16958610404D}.Release|Any CPU.Build.0 = Release|Any CPU
		{189DAB6A-1F20-4101-BFBA-16958610404D}.Release|Any CPU.Deploy.0 = Release|Any CPU
		{189DAB6A-1F20-4101-BFBA-16958610404D}.Release|ARM.ActiveCfg = Release|ARM
		{189DAB6A-1F20-4101-BFBA-16958610404D}.Release|ARM.Build.0 = Release|ARM
		{189DAB6A-1F20-4101-BFBA-16958610404D}.Release|ARM.Deploy.0 = Release|ARM
		{189DAB6A-1F20-4101-BFBA-16958610404D}.Release|x64.ActiveCfg = Release|x64
		{189DAB6A-1F20-4101-BFBA-16958610404D}.Release|x64.Build.0 = Release|x64
		{189DAB6A-1F20-4101-BFBA-16958610404D}.Release|x64.Deploy.0 = Release|x64
		{189DAB6A-1F20-4101-BFBA-16958610404D}.Release|x86.ActiveCfg = Release|x86
		{189DAB6A-1F20-4101-BFBA-16958610404D}.Release|x86.Build.0 = Release|x86
		{189DAB6A-1F20-4101-BFBA-16958610404D}.Release|x86.Deploy.0 = Release|x86
		{E79F6FD6-C979-4DED-9000-465EEA7C9622}.Debug|Any CPU.ActiveCfg = Debug|Any CPU
		{E79F6FD6-C979-4DED-9000-465EEA7C9622}.Debug|Any CPU.Build.0 = Debug|Any CPU
		{E79F6FD6-C979-4DED-9000-465EEA7C9622}.Debug|Any CPU.Deploy.0 = Debug|Any CPU
		{E79F6FD6-C979-4DED-9000-465EEA7C9622}.Debug|ARM.ActiveCfg = Debug|ARM
		{E79F6FD6-C979-4DED-9000-465EEA7C9622}.Debug|ARM.Build.0 = Debug|ARM
		{E79F6FD6-C979-4DED-9000-465EEA7C9622}.Debug|ARM.Deploy.0 = Debug|ARM
		{E79F6FD6-C979-4DED-9000-465EEA7C9622}.Debug|x64.ActiveCfg = Debug|x64
		{E79F6FD6-C979-4DED-9000-465EEA7C9622}.Debug|x64.Build.0 = Debug|x64
		{E79F6FD6-C979-4DED-9000-465EEA7C9622}.Debug|x64.Deploy.0 = Debug|x64
		{E79F6FD6-C979-4DED-9000-465EEA7C9622}.Debug|x86.ActiveCfg = Debug|x86
		{E79F6FD6-C979-4DED-9000-465EEA7C9622}.Debug|x86.Build.0 = Debug|x86
		{E79F6FD6-C979-4DED-9000-465EEA7C9622}.Debug|x86.Deploy.0 = Debug|x86
		{E79F6FD6-C979-4DED-9000-465EEA7C9622}.Release|Any CPU.ActiveCfg = Release|Any CPU
		{E79F6FD6-C979-4DED-9000-465EEA7C9622}.Release|Any CPU.Build.0 = Release|Any CPU
		{E79F6FD6-C979-4DED-9000-465EEA7C9622}.Release|Any CPU.Deploy.0 = Release|Any CPU
		{E79F6FD6-C979-4DED-9000-465EEA7C9622}.Release|ARM.ActiveCfg = Release|ARM
		{E79F6FD6-C979-4DED-9000-465EEA7C9622}.Release|ARM.Build.0 = Release|ARM
		{E79F6FD6-C979-4DED-9000-465EEA7C9622}.Release|ARM.Deploy.0 = Release|ARM
		{E79F6FD6-C979-4DED-9000-465EEA7C9622}.Release|x64.ActiveCfg = Release|x64
		{E79F6FD6-C979-4DED-9000-465EEA7C9622}.Release|x64.Build.0 = Release|x64
		{E79F6FD6-C979-4DED-9000-465EEA7C9622}.Release|x64.Deploy.0 = Release|x64
		{E79F6FD6-C979-4DED-9000-465EEA7C9622}.Release|x86.ActiveCfg = Release|x86
		{E79F6FD6-C979-4DED-9000-465EEA7C9622}.Release|x86.Build.0 = Release|x86
		{E79F6FD6-C979-4DED-9000-465EEA7C9622}.Release|x86.Deploy.0 = Release|x86
		{A11FD7E6-5B51-488A-957D-756F3ADFC93F}.Debug|Any CPU.ActiveCfg = Debug|Any CPU
		{A11FD7E6-5B51-488A-957D-756F3ADFC93F}.Debug|Any CPU.Build.0 = Debug|Any CPU
		{A11FD7E6-5B51-488A-957D-756F3ADFC93F}.Debug|ARM.ActiveCfg = Debug|ARM
		{A11FD7E6-5B51-488A-957D-756F3ADFC93F}.Debug|ARM.Build.0 = Debug|ARM
		{A11FD7E6-5B51-488A-957D-756F3ADFC93F}.Debug|x64.ActiveCfg = Debug|x64
		{A11FD7E6-5B51-488A-957D-756F3ADFC93F}.Debug|x64.Build.0 = Debug|x64
		{A11FD7E6-5B51-488A-957D-756F3ADFC93F}.Debug|x86.ActiveCfg = Debug|x86
		{A11FD7E6-5B51-488A-957D-756F3ADFC93F}.Debug|x86.Build.0 = Debug|x86
		{A11FD7E6-5B51-488A-957D-756F3ADFC93F}.Release|Any CPU.ActiveCfg = Release|Any CPU
		{A11FD7E6-5B51-488A-957D-756F3ADFC93F}.Release|Any CPU.Build.0 = Release|Any CPU
		{A11FD7E6-5B51-488A-957D-756F3ADFC93F}.Release|ARM.ActiveCfg = Release|ARM
		{A11FD7E6-5B51-488A-957D-756F3ADFC93F}.Release|ARM.Build.0 = Release|ARM
		{A11FD7E6-5B51-488A-957D-756F3ADFC93F}.Release|x64.ActiveCfg = Release|x64
		{A11FD7E6-5B51-488A-957D-756F3ADFC93F}.Release|x64.Build.0 = Release|x64
		{A11FD7E6-5B51-488A-957D-756F3ADFC93F}.Release|x86.ActiveCfg = Release|x86
		{A11FD7E6-5B51-488A-957D-756F3ADFC93F}.Release|x86.Build.0 = Release|x86
		{14C9EF46-36B0-4808-B5B7-0A6B17CC0DCC}.Debug|Any CPU.ActiveCfg = Debug|Any CPU
		{14C9EF46-36B0-4808-B5B7-0A6B17CC0DCC}.Debug|Any CPU.Build.0 = Debug|Any CPU
		{14C9EF46-36B0-4808-B5B7-0A6B17CC0DCC}.Debug|ARM.ActiveCfg = Debug|ARM
		{14C9EF46-36B0-4808-B5B7-0A6B17CC0DCC}.Debug|ARM.Build.0 = Debug|ARM
		{14C9EF46-36B0-4808-B5B7-0A6B17CC0DCC}.Debug|x64.ActiveCfg = Debug|x64
		{14C9EF46-36B0-4808-B5B7-0A6B17CC0DCC}.Debug|x64.Build.0 = Debug|x64
		{14C9EF46-36B0-4808-B5B7-0A6B17CC0DCC}.Debug|x86.ActiveCfg = Debug|x86
		{14C9EF46-36B0-4808-B5B7-0A6B17CC0DCC}.Debug|x86.Build.0 = Debug|x86
		{14C9EF46-36B0-4808-B5B7-0A6B17CC0DCC}.Release|Any CPU.ActiveCfg = Release|Any CPU
		{14C9EF46-36B0-4808-B5B7-0A6B17CC0DCC}.Release|Any CPU.Build.0 = Release|Any CPU
		{14C9EF46-36B0-4808-B5B7-0A6B17CC0DCC}.Release|ARM.ActiveCfg = Release|ARM
		{14C9EF46-36B0-4808-B5B7-0A6B17CC0DCC}.Release|ARM.Build.0 = Release|ARM
		{14C9EF46-36B0-4808-B5B7-0A6B17CC0DCC}.Release|x64.ActiveCfg = Release|x64
		{14C9EF46-36B0-4808-B5B7-0A6B17CC0DCC}.Release|x64.Build.0 = Release|x64
		{14C9EF46-36B0-4808-B5B7-0A6B17CC0DCC}.Release|x86.ActiveCfg = Release|x86
		{14C9EF46-36B0-4808-B5B7-0A6B17CC0DCC}.Release|x86.Build.0 = Release|x86
		{780194E0-5BA5-4936-AE10-2DBC92330C2D}.Debug|Any CPU.ActiveCfg = Debug|Any CPU
		{780194E0-5BA5-4936-AE10-2DBC92330C2D}.Debug|Any CPU.Build.0 = Debug|Any CPU
		{780194E0-5BA5-4936-AE10-2DBC92330C2D}.Debug|Any CPU.Deploy.0 = Debug|Any CPU
		{780194E0-5BA5-4936-AE10-2DBC92330C2D}.Debug|ARM.ActiveCfg = Debug|ARM
		{780194E0-5BA5-4936-AE10-2DBC92330C2D}.Debug|ARM.Build.0 = Debug|ARM
		{780194E0-5BA5-4936-AE10-2DBC92330C2D}.Debug|ARM.Deploy.0 = Debug|ARM
		{780194E0-5BA5-4936-AE10-2DBC92330C2D}.Debug|x64.ActiveCfg = Debug|x64
		{780194E0-5BA5-4936-AE10-2DBC92330C2D}.Debug|x64.Build.0 = Debug|x64
		{780194E0-5BA5-4936-AE10-2DBC92330C2D}.Debug|x64.Deploy.0 = Debug|x64
		{780194E0-5BA5-4936-AE10-2DBC92330C2D}.Debug|x86.ActiveCfg = Debug|x86
		{780194E0-5BA5-4936-AE10-2DBC92330C2D}.Debug|x86.Build.0 = Debug|x86
		{780194E0-5BA5-4936-AE10-2DBC92330C2D}.Debug|x86.Deploy.0 = Debug|x86
		{780194E0-5BA5-4936-AE10-2DBC92330C2D}.Release|Any CPU.ActiveCfg = Release|Any CPU
		{780194E0-5BA5-4936-AE10-2DBC92330C2D}.Release|Any CPU.Build.0 = Release|Any CPU
		{780194E0-5BA5-4936-AE10-2DBC92330C2D}.Release|Any CPU.Deploy.0 = Release|Any CPU
		{780194E0-5BA5-4936-AE10-2DBC92330C2D}.Release|ARM.ActiveCfg = Release|ARM
		{780194E0-5BA5-4936-AE10-2DBC92330C2D}.Release|ARM.Build.0 = Release|ARM
		{780194E0-5BA5-4936-AE10-2DBC92330C2D}.Release|ARM.Deploy.0 = Release|ARM
		{780194E0-5BA5-4936-AE10-2DBC92330C2D}.Release|x64.ActiveCfg = Release|x64
		{780194E0-5BA5-4936-AE10-2DBC92330C2D}.Release|x64.Build.0 = Release|x64
		{780194E0-5BA5-4936-AE10-2DBC92330C2D}.Release|x64.Deploy.0 = Release|x64
		{780194E0-5BA5-4936-AE10-2DBC92330C2D}.Release|x86.ActiveCfg = Release|x86
		{780194E0-5BA5-4936-AE10-2DBC92330C2D}.Release|x86.Build.0 = Release|x86
		{780194E0-5BA5-4936-AE10-2DBC92330C2D}.Release|x86.Deploy.0 = Release|x86
		{6864248C-6675-4E5A-9B6E-58A6C11F8C50}.Debug|Any CPU.ActiveCfg = Debug|Any CPU
		{6864248C-6675-4E5A-9B6E-58A6C11F8C50}.Debug|Any CPU.Build.0 = Debug|Any CPU
		{6864248C-6675-4E5A-9B6E-58A6C11F8C50}.Debug|Any CPU.Deploy.0 = Debug|Any CPU
		{6864248C-6675-4E5A-9B6E-58A6C11F8C50}.Debug|ARM.ActiveCfg = Debug|ARM
		{6864248C-6675-4E5A-9B6E-58A6C11F8C50}.Debug|ARM.Build.0 = Debug|ARM
		{6864248C-6675-4E5A-9B6E-58A6C11F8C50}.Debug|ARM.Deploy.0 = Debug|ARM
		{6864248C-6675-4E5A-9B6E-58A6C11F8C50}.Debug|x64.ActiveCfg = Debug|x64
		{6864248C-6675-4E5A-9B6E-58A6C11F8C50}.Debug|x64.Build.0 = Debug|x64
		{6864248C-6675-4E5A-9B6E-58A6C11F8C50}.Debug|x64.Deploy.0 = Debug|x64
		{6864248C-6675-4E5A-9B6E-58A6C11F8C50}.Debug|x86.ActiveCfg = Debug|x86
		{6864248C-6675-4E5A-9B6E-58A6C11F8C50}.Debug|x86.Build.0 = Debug|x86
		{6864248C-6675-4E5A-9B6E-58A6C11F8C50}.Debug|x86.Deploy.0 = Debug|x86
		{6864248C-6675-4E5A-9B6E-58A6C11F8C50}.Release|Any CPU.ActiveCfg = Release|Any CPU
		{6864248C-6675-4E5A-9B6E-58A6C11F8C50}.Release|Any CPU.Build.0 = Release|Any CPU
		{6864248C-6675-4E5A-9B6E-58A6C11F8C50}.Release|Any CPU.Deploy.0 = Release|Any CPU
		{6864248C-6675-4E5A-9B6E-58A6C11F8C50}.Release|ARM.ActiveCfg = Release|ARM
		{6864248C-6675-4E5A-9B6E-58A6C11F8C50}.Release|ARM.Build.0 = Release|ARM
		{6864248C-6675-4E5A-9B6E-58A6C11F8C50}.Release|ARM.Deploy.0 = Release|ARM
		{6864248C-6675-4E5A-9B6E-58A6C11F8C50}.Release|x64.ActiveCfg = Release|x64
		{6864248C-6675-4E5A-9B6E-58A6C11F8C50}.Release|x64.Build.0 = Release|x64
		{6864248C-6675-4E5A-9B6E-58A6C11F8C50}.Release|x64.Deploy.0 = Release|x64
		{6864248C-6675-4E5A-9B6E-58A6C11F8C50}.Release|x86.ActiveCfg = Release|x86
		{6864248C-6675-4E5A-9B6E-58A6C11F8C50}.Release|x86.Build.0 = Release|x86
		{6864248C-6675-4E5A-9B6E-58A6C11F8C50}.Release|x86.Deploy.0 = Release|x86
		{7E7037C1-7385-49C3-AE16-6DD9E9C8C79F}.Debug|Any CPU.ActiveCfg = Debug|Any CPU
		{7E7037C1-7385-49C3-AE16-6DD9E9C8C79F}.Debug|Any CPU.Build.0 = Debug|Any CPU
		{7E7037C1-7385-49C3-AE16-6DD9E9C8C79F}.Debug|Any CPU.Deploy.0 = Debug|Any CPU
		{7E7037C1-7385-49C3-AE16-6DD9E9C8C79F}.Debug|ARM.ActiveCfg = Debug|ARM
		{7E7037C1-7385-49C3-AE16-6DD9E9C8C79F}.Debug|ARM.Build.0 = Debug|ARM
		{7E7037C1-7385-49C3-AE16-6DD9E9C8C79F}.Debug|ARM.Deploy.0 = Debug|ARM
		{7E7037C1-7385-49C3-AE16-6DD9E9C8C79F}.Debug|x64.ActiveCfg = Debug|x64
		{7E7037C1-7385-49C3-AE16-6DD9E9C8C79F}.Debug|x64.Build.0 = Debug|x64
		{7E7037C1-7385-49C3-AE16-6DD9E9C8C79F}.Debug|x64.Deploy.0 = Debug|x64
		{7E7037C1-7385-49C3-AE16-6DD9E9C8C79F}.Debug|x86.ActiveCfg = Debug|x86
		{7E7037C1-7385-49C3-AE16-6DD9E9C8C79F}.Debug|x86.Build.0 = Debug|x86
		{7E7037C1-7385-49C3-AE16-6DD9E9C8C79F}.Debug|x86.Deploy.0 = Debug|x86
		{7E7037C1-7385-49C3-AE16-6DD9E9C8C79F}.Release|Any CPU.ActiveCfg = Release|Any CPU
		{7E7037C1-7385-49C3-AE16-6DD9E9C8C79F}.Release|Any CPU.Build.0 = Release|Any CPU
		{7E7037C1-7385-49C3-AE16-6DD9E9C8C79F}.Release|Any CPU.Deploy.0 = Release|Any CPU
		{7E7037C1-7385-49C3-AE16-6DD9E9C8C79F}.Release|ARM.ActiveCfg = Release|ARM
		{7E7037C1-7385-49C3-AE16-6DD9E9C8C79F}.Release|ARM.Build.0 = Release|ARM
		{7E7037C1-7385-49C3-AE16-6DD9E9C8C79F}.Release|ARM.Deploy.0 = Release|ARM
		{7E7037C1-7385-49C3-AE16-6DD9E9C8C79F}.Release|x64.ActiveCfg = Release|x64
		{7E7037C1-7385-49C3-AE16-6DD9E9C8C79F}.Release|x64.Build.0 = Release|x64
		{7E7037C1-7385-49C3-AE16-6DD9E9C8C79F}.Release|x64.Deploy.0 = Release|x64
		{7E7037C1-7385-49C3-AE16-6DD9E9C8C79F}.Release|x86.ActiveCfg = Release|x86
		{7E7037C1-7385-49C3-AE16-6DD9E9C8C79F}.Release|x86.Build.0 = Release|x86
		{7E7037C1-7385-49C3-AE16-6DD9E9C8C79F}.Release|x86.Deploy.0 = Release|x86
		{657006C2-C5A0-4250-8450-BC6D523DE7DA}.Debug|Any CPU.ActiveCfg = Debug|Any CPU
		{657006C2-C5A0-4250-8450-BC6D523DE7DA}.Debug|Any CPU.Build.0 = Debug|Any CPU
		{657006C2-C5A0-4250-8450-BC6D523DE7DA}.Debug|Any CPU.Deploy.0 = Debug|Any CPU
		{657006C2-C5A0-4250-8450-BC6D523DE7DA}.Debug|ARM.ActiveCfg = Debug|ARM
		{657006C2-C5A0-4250-8450-BC6D523DE7DA}.Debug|ARM.Build.0 = Debug|ARM
		{657006C2-C5A0-4250-8450-BC6D523DE7DA}.Debug|ARM.Deploy.0 = Debug|ARM
		{657006C2-C5A0-4250-8450-BC6D523DE7DA}.Debug|x64.ActiveCfg = Debug|x64
		{657006C2-C5A0-4250-8450-BC6D523DE7DA}.Debug|x64.Build.0 = Debug|x64
		{657006C2-C5A0-4250-8450-BC6D523DE7DA}.Debug|x64.Deploy.0 = Debug|x64
		{657006C2-C5A0-4250-8450-BC6D523DE7DA}.Debug|x86.ActiveCfg = Debug|x86
		{657006C2-C5A0-4250-8450-BC6D523DE7DA}.Debug|x86.Build.0 = Debug|x86
		{657006C2-C5A0-4250-8450-BC6D523DE7DA}.Debug|x86.Deploy.0 = Debug|x86
		{657006C2-C5A0-4250-8450-BC6D523DE7DA}.Release|Any CPU.ActiveCfg = Release|Any CPU
		{657006C2-C5A0-4250-8450-BC6D523DE7DA}.Release|Any CPU.Build.0 = Release|Any CPU
		{657006C2-C5A0-4250-8450-BC6D523DE7DA}.Release|Any CPU.Deploy.0 = Release|Any CPU
		{657006C2-C5A0-4250-8450-BC6D523DE7DA}.Release|ARM.ActiveCfg = Release|ARM
		{657006C2-C5A0-4250-8450-BC6D523DE7DA}.Release|ARM.Build.0 = Release|ARM
		{657006C2-C5A0-4250-8450-BC6D523DE7DA}.Release|ARM.Deploy.0 = Release|ARM
		{657006C2-C5A0-4250-8450-BC6D523DE7DA}.Release|x64.ActiveCfg = Release|x64
		{657006C2-C5A0-4250-8450-BC6D523DE7DA}.Release|x64.Build.0 = Release|x64
		{657006C2-C5A0-4250-8450-BC6D523DE7DA}.Release|x64.Deploy.0 = Release|x64
		{657006C2-C5A0-4250-8450-BC6D523DE7DA}.Release|x86.ActiveCfg = Release|x86
		{657006C2-C5A0-4250-8450-BC6D523DE7DA}.Release|x86.Build.0 = Release|x86
		{657006C2-C5A0-4250-8450-BC6D523DE7DA}.Release|x86.Deploy.0 = Release|x86
		{3378BB08-332B-453D-9DA6-D4C88B500BDC}.Debug|Any CPU.ActiveCfg = Debug|Any CPU
		{3378BB08-332B-453D-9DA6-D4C88B500BDC}.Debug|Any CPU.Build.0 = Debug|Any CPU
		{3378BB08-332B-453D-9DA6-D4C88B500BDC}.Debug|Any CPU.Deploy.0 = Debug|Any CPU
		{3378BB08-332B-453D-9DA6-D4C88B500BDC}.Debug|ARM.ActiveCfg = Debug|ARM
		{3378BB08-332B-453D-9DA6-D4C88B500BDC}.Debug|ARM.Build.0 = Debug|ARM
		{3378BB08-332B-453D-9DA6-D4C88B500BDC}.Debug|ARM.Deploy.0 = Debug|ARM
		{3378BB08-332B-453D-9DA6-D4C88B500BDC}.Debug|x64.ActiveCfg = Debug|x64
		{3378BB08-332B-453D-9DA6-D4C88B500BDC}.Debug|x64.Build.0 = Debug|x64
		{3378BB08-332B-453D-9DA6-D4C88B500BDC}.Debug|x64.Deploy.0 = Debug|x64
		{3378BB08-332B-453D-9DA6-D4C88B500BDC}.Debug|x86.ActiveCfg = Debug|x86
		{3378BB08-332B-453D-9DA6-D4C88B500BDC}.Debug|x86.Build.0 = Debug|x86
		{3378BB08-332B-453D-9DA6-D4C88B500BDC}.Debug|x86.Deploy.0 = Debug|x86
		{3378BB08-332B-453D-9DA6-D4C88B500BDC}.Release|Any CPU.ActiveCfg = Release|Any CPU
		{3378BB08-332B-453D-9DA6-D4C88B500BDC}.Release|Any CPU.Build.0 = Release|Any CPU
		{3378BB08-332B-453D-9DA6-D4C88B500BDC}.Release|Any CPU.Deploy.0 = Release|Any CPU
		{3378BB08-332B-453D-9DA6-D4C88B500BDC}.Release|ARM.ActiveCfg = Release|ARM
		{3378BB08-332B-453D-9DA6-D4C88B500BDC}.Release|ARM.Build.0 = Release|ARM
		{3378BB08-332B-453D-9DA6-D4C88B500BDC}.Release|ARM.Deploy.0 = Release|ARM
		{3378BB08-332B-453D-9DA6-D4C88B500BDC}.Release|x64.ActiveCfg = Release|x64
		{3378BB08-332B-453D-9DA6-D4C88B500BDC}.Release|x64.Build.0 = Release|x64
		{3378BB08-332B-453D-9DA6-D4C88B500BDC}.Release|x64.Deploy.0 = Release|x64
		{3378BB08-332B-453D-9DA6-D4C88B500BDC}.Release|x86.ActiveCfg = Release|x86
		{3378BB08-332B-453D-9DA6-D4C88B500BDC}.Release|x86.Build.0 = Release|x86
		{3378BB08-332B-453D-9DA6-D4C88B500BDC}.Release|x86.Deploy.0 = Release|x86
	EndGlobalSection
	GlobalSection(SolutionProperties) = preSolution
		HideSolutionNode = FALSE
	EndGlobalSection
	GlobalSection(NestedProjects) = preSolution
		{4986E5D2-3A32-41FA-9E6C-3E5D24946EDD} = {CE3FE322-B65C-4806-92CB-09952A9A267C}
		{189DAB6A-1F20-4101-BFBA-16958610404D} = {CE3FE322-B65C-4806-92CB-09952A9A267C}
		{E79F6FD6-C979-4DED-9000-465EEA7C9622} = {CE3FE322-B65C-4806-92CB-09952A9A267C}
		{780194E0-5BA5-4936-AE10-2DBC92330C2D} = {CE3FE322-B65C-4806-92CB-09952A9A267C}
		{6864248C-6675-4E5A-9B6E-58A6C11F8C50} = {CE3FE322-B65C-4806-92CB-09952A9A267C}
		{7E7037C1-7385-49C3-AE16-6DD9E9C8C79F} = {CE3FE322-B65C-4806-92CB-09952A9A267C}
		{657006C2-C5A0-4250-8450-BC6D523DE7DA} = {CE3FE322-B65C-4806-92CB-09952A9A267C}
		{3378BB08-332B-453D-9DA6-D4C88B500BDC} = {CE3FE322-B65C-4806-92CB-09952A9A267C}
	EndGlobalSection
EndGlobal
