
Microsoft Visual Studio Solution File, Format Version 12.00
# Visual Studio 2012
Project("{FAE04EC0-301F-11D3-BF4B-00C04F79EFBC}") = "Julmar.Metro.Helpers", "MVVMHelpers.Metro\Julmar.Metro.Helpers.csproj", "{B640DE74-ACEB-4A7D-9FC5-14F58E63921F}"
EndProject
Project("{2150E333-8FDC-42A3-9474-1A3956D46DE8}") = "Test", "Test", "{CE3FE322-B65C-4806-92CB-09952A9A267C}"
EndProject
Project("{FAE04EC0-301F-11D3-BF4B-00C04F79EFBC}") = "SimpleMVVMTest", "Test\SimpleMVVMTest\SimpleMVVMTest.csproj", "{4986E5D2-3A32-41FA-9E6C-3E5D24946EDD}"
EndProject
Project("{FAE04EC0-301F-11D3-BF4B-00C04F79EFBC}") = "BouncingBalls", "Test\BouncingBalls\BouncingBalls.csproj", "{189DAB6A-1F20-4101-BFBA-16958610404D}"
EndProject
Project("{FAE04EC0-301F-11D3-BF4B-00C04F79EFBC}") = "TicTacDoe", "Test\TicTacToe\TicTacDoe.csproj", "{E79F6FD6-C979-4DED-9000-465EEA7C9622}"
EndProject
Global
	GlobalSection(TeamFoundationVersionControl) = preSolution
		SccEnterpriseProvider = {4CA58AB2-18FA-4F8D-95D4-32DDF27D184C}
		SccLocalPath0 = .
		SccLocalPath1 = MVVMHelpers.Metro
		SccLocalPath2 = Test\\BouncingBalls
		SccLocalPath3 = Test\\SimpleMVVMTest
		SccLocalPath4 = Test\\TicTacToe
		SccNumberOfProjects = 5
		SccProjectName1 = MVVMHelpers.Metro
		SccProjectName2 = Test/BouncingBalls
		SccProjectName3 = Test/SimpleMVVMTest
		SccProjectName4 = Test/TicTacToe
		SccProjectTopLevelParentUniqueName2 = MVVMHelpers.Metro.sln
		SccProjectTopLevelParentUniqueName3 = MVVMHelpers.Metro.sln
		SccProjectTopLevelParentUniqueName4 = MVVMHelpers.Metro.sln
		SccProjectUniqueName1 = MVVMHelpers.Metro\\Julmar.Metro.Helpers.csproj
		SccProjectUniqueName2 = Test\\BouncingBalls\\BouncingBalls.csproj
		SccProjectUniqueName3 = Test\\SimpleMVVMTest\\SimpleMVVMTest.csproj
		SccProjectUniqueName4 = Test\\TicTacToe\\TicTacDoe.csproj
		SccTeamFoundationServer = https://tfs.codeplex.com/tfs/tfs08
	EndGlobalSection
	GlobalSection(SolutionConfigurationPlatforms) = preSolution
		Debug|ARM = Debug|ARM
		Debug|Any CPU = Debug|Any CPU
		Debug|x64 = Debug|x64
		Debug|x86 = Debug|x86
		Release|ARM = Release|ARM
		Release|Any CPU = Release|Any CPU
		Release|x64 = Release|x64
		Release|x86 = Release|x86
	EndGlobalSection
	GlobalSection(ProjectConfigurationPlatforms) = postSolution
		{189DAB6A-1F20-4101-BFBA-16958610404D}.Debug|ARM.ActiveCfg = Debug|ARM
		{189DAB6A-1F20-4101-BFBA-16958610404D}.Debug|ARM.Build.0 = Debug|ARM
		{189DAB6A-1F20-4101-BFBA-16958610404D}.Debug|ARM.Deploy.0 = Debug|ARM
		{189DAB6A-1F20-4101-BFBA-16958610404D}.Debug|Any CPU.ActiveCfg = Debug|Any CPU
		{189DAB6A-1F20-4101-BFBA-16958610404D}.Debug|Any CPU.Build.0 = Debug|Any CPU
		{189DAB6A-1F20-4101-BFBA-16958610404D}.Debug|Any CPU.Deploy.0 = Debug|Any CPU
		{189DAB6A-1F20-4101-BFBA-16958610404D}.Debug|x64.ActiveCfg = Debug|x64
		{189DAB6A-1F20-4101-BFBA-16958610404D}.Debug|x64.Build.0 = Debug|x64
		{189DAB6A-1F20-4101-BFBA-16958610404D}.Debug|x64.Deploy.0 = Debug|x64
		{189DAB6A-1F20-4101-BFBA-16958610404D}.Debug|x86.ActiveCfg = Debug|x86
		{189DAB6A-1F20-4101-BFBA-16958610404D}.Debug|x86.Build.0 = Debug|x86
		{189DAB6A-1F20-4101-BFBA-16958610404D}.Debug|x86.Deploy.0 = Debug|x86
		{189DAB6A-1F20-4101-BFBA-16958610404D}.Release|ARM.ActiveCfg = Release|ARM
		{189DAB6A-1F20-4101-BFBA-16958610404D}.Release|ARM.Build.0 = Release|ARM
		{189DAB6A-1F20-4101-BFBA-16958610404D}.Release|ARM.Deploy.0 = Release|ARM
		{189DAB6A-1F20-4101-BFBA-16958610404D}.Release|Any CPU.ActiveCfg = Release|Any CPU
		{189DAB6A-1F20-4101-BFBA-16958610404D}.Release|Any CPU.Build.0 = Release|Any CPU
		{189DAB6A-1F20-4101-BFBA-16958610404D}.Release|Any CPU.Deploy.0 = Release|Any CPU
		{189DAB6A-1F20-4101-BFBA-16958610404D}.Release|x64.ActiveCfg = Release|x64
		{189DAB6A-1F20-4101-BFBA-16958610404D}.Release|x64.Build.0 = Release|x64
		{189DAB6A-1F20-4101-BFBA-16958610404D}.Release|x64.Deploy.0 = Release|x64
		{189DAB6A-1F20-4101-BFBA-16958610404D}.Release|x86.ActiveCfg = Release|x86
		{189DAB6A-1F20-4101-BFBA-16958610404D}.Release|x86.Build.0 = Release|x86
		{189DAB6A-1F20-4101-BFBA-16958610404D}.Release|x86.Deploy.0 = Release|x86
		{4986E5D2-3A32-41FA-9E6C-3E5D24946EDD}.Debug|ARM.ActiveCfg = Debug|ARM
		{4986E5D2-3A32-41FA-9E6C-3E5D24946EDD}.Debug|ARM.Build.0 = Debug|ARM
		{4986E5D2-3A32-41FA-9E6C-3E5D24946EDD}.Debug|ARM.Deploy.0 = Debug|ARM
		{4986E5D2-3A32-41FA-9E6C-3E5D24946EDD}.Debug|Any CPU.ActiveCfg = Debug|Any CPU
		{4986E5D2-3A32-41FA-9E6C-3E5D24946EDD}.Debug|Any CPU.Build.0 = Debug|Any CPU
		{4986E5D2-3A32-41FA-9E6C-3E5D24946EDD}.Debug|Any CPU.Deploy.0 = Debug|Any CPU
		{4986E5D2-3A32-41FA-9E6C-3E5D24946EDD}.Debug|x64.ActiveCfg = Debug|x64
		{4986E5D2-3A32-41FA-9E6C-3E5D24946EDD}.Debug|x64.Build.0 = Debug|x64
		{4986E5D2-3A32-41FA-9E6C-3E5D24946EDD}.Debug|x64.Deploy.0 = Debug|x64
		{4986E5D2-3A32-41FA-9E6C-3E5D24946EDD}.Debug|x86.ActiveCfg = Debug|x86
		{4986E5D2-3A32-41FA-9E6C-3E5D24946EDD}.Debug|x86.Build.0 = Debug|x86
		{4986E5D2-3A32-41FA-9E6C-3E5D24946EDD}.Debug|x86.Deploy.0 = Debug|x86
		{4986E5D2-3A32-41FA-9E6C-3E5D24946EDD}.Release|ARM.ActiveCfg = Release|ARM
		{4986E5D2-3A32-41FA-9E6C-3E5D24946EDD}.Release|ARM.Build.0 = Release|ARM
		{4986E5D2-3A32-41FA-9E6C-3E5D24946EDD}.Release|ARM.Deploy.0 = Release|ARM
		{4986E5D2-3A32-41FA-9E6C-3E5D24946EDD}.Release|Any CPU.ActiveCfg = Release|Any CPU
		{4986E5D2-3A32-41FA-9E6C-3E5D24946EDD}.Release|Any CPU.Build.0 = Release|Any CPU
		{4986E5D2-3A32-41FA-9E6C-3E5D24946EDD}.Release|Any CPU.Deploy.0 = Release|Any CPU
		{4986E5D2-3A32-41FA-9E6C-3E5D24946EDD}.Release|x64.ActiveCfg = Release|x64
		{4986E5D2-3A32-41FA-9E6C-3E5D24946EDD}.Release|x64.Build.0 = Release|x64
		{4986E5D2-3A32-41FA-9E6C-3E5D24946EDD}.Release|x64.Deploy.0 = Release|x64
		{4986E5D2-3A32-41FA-9E6C-3E5D24946EDD}.Release|x86.ActiveCfg = Release|x86
		{4986E5D2-3A32-41FA-9E6C-3E5D24946EDD}.Release|x86.Build.0 = Release|x86
		{4986E5D2-3A32-41FA-9E6C-3E5D24946EDD}.Release|x86.Deploy.0 = Release|x86
		{B640DE74-ACEB-4A7D-9FC5-14F58E63921F}.Debug|ARM.ActiveCfg = Debug|ARM
		{B640DE74-ACEB-4A7D-9FC5-14F58E63921F}.Debug|ARM.Build.0 = Debug|ARM
		{B640DE74-ACEB-4A7D-9FC5-14F58E63921F}.Debug|Any CPU.ActiveCfg = Debug|Any CPU
		{B640DE74-ACEB-4A7D-9FC5-14F58E63921F}.Debug|Any CPU.Build.0 = Debug|Any CPU
		{B640DE74-ACEB-4A7D-9FC5-14F58E63921F}.Debug|x64.ActiveCfg = Debug|x64
		{B640DE74-ACEB-4A7D-9FC5-14F58E63921F}.Debug|x64.Build.0 = Debug|x64
		{B640DE74-ACEB-4A7D-9FC5-14F58E63921F}.Debug|x86.ActiveCfg = Debug|x86
		{B640DE74-ACEB-4A7D-9FC5-14F58E63921F}.Debug|x86.Build.0 = Debug|x86
		{B640DE74-ACEB-4A7D-9FC5-14F58E63921F}.Release|ARM.ActiveCfg = Release|ARM
		{B640DE74-ACEB-4A7D-9FC5-14F58E63921F}.Release|ARM.Build.0 = Release|ARM
		{B640DE74-ACEB-4A7D-9FC5-14F58E63921F}.Release|Any CPU.ActiveCfg = Release|Any CPU
		{B640DE74-ACEB-4A7D-9FC5-14F58E63921F}.Release|Any CPU.Build.0 = Release|Any CPU
		{B640DE74-ACEB-4A7D-9FC5-14F58E63921F}.Release|x64.ActiveCfg = Release|x64
		{B640DE74-ACEB-4A7D-9FC5-14F58E63921F}.Release|x64.Build.0 = Release|x64
		{B640DE74-ACEB-4A7D-9FC5-14F58E63921F}.Release|x86.ActiveCfg = Release|x86
		{B640DE74-ACEB-4A7D-9FC5-14F58E63921F}.Release|x86.Build.0 = Release|x86
		{E79F6FD6-C979-4DED-9000-465EEA7C9622}.Debug|ARM.ActiveCfg = Debug|ARM
		{E79F6FD6-C979-4DED-9000-465EEA7C9622}.Debug|ARM.Build.0 = Debug|ARM
		{E79F6FD6-C979-4DED-9000-465EEA7C9622}.Debug|ARM.Deploy.0 = Debug|ARM
		{E79F6FD6-C979-4DED-9000-465EEA7C9622}.Debug|Any CPU.ActiveCfg = Debug|Any CPU
		{E79F6FD6-C979-4DED-9000-465EEA7C9622}.Debug|Any CPU.Build.0 = Debug|Any CPU
		{E79F6FD6-C979-4DED-9000-465EEA7C9622}.Debug|Any CPU.Deploy.0 = Debug|Any CPU
		{E79F6FD6-C979-4DED-9000-465EEA7C9622}.Debug|x64.ActiveCfg = Debug|x64
		{E79F6FD6-C979-4DED-9000-465EEA7C9622}.Debug|x64.Build.0 = Debug|x64
		{E79F6FD6-C979-4DED-9000-465EEA7C9622}.Debug|x64.Deploy.0 = Debug|x64
		{E79F6FD6-C979-4DED-9000-465EEA7C9622}.Debug|x86.ActiveCfg = Debug|x86
		{E79F6FD6-C979-4DED-9000-465EEA7C9622}.Debug|x86.Build.0 = Debug|x86
		{E79F6FD6-C979-4DED-9000-465EEA7C9622}.Debug|x86.Deploy.0 = Debug|x86
		{E79F6FD6-C979-4DED-9000-465EEA7C9622}.Release|ARM.ActiveCfg = Release|ARM
		{E79F6FD6-C979-4DED-9000-465EEA7C9622}.Release|ARM.Build.0 = Release|ARM
		{E79F6FD6-C979-4DED-9000-465EEA7C9622}.Release|ARM.Deploy.0 = Release|ARM
		{E79F6FD6-C979-4DED-9000-465EEA7C9622}.Release|Any CPU.ActiveCfg = Release|Any CPU
		{E79F6FD6-C979-4DED-9000-465EEA7C9622}.Release|Any CPU.Build.0 = Release|Any CPU
		{E79F6FD6-C979-4DED-9000-465EEA7C9622}.Release|Any CPU.Deploy.0 = Release|Any CPU
		{E79F6FD6-C979-4DED-9000-465EEA7C9622}.Release|x64.ActiveCfg = Release|x64
		{E79F6FD6-C979-4DED-9000-465EEA7C9622}.Release|x64.Build.0 = Release|x64
		{E79F6FD6-C979-4DED-9000-465EEA7C9622}.Release|x64.Deploy.0 = Release|x64
		{E79F6FD6-C979-4DED-9000-465EEA7C9622}.Release|x86.ActiveCfg = Release|x86
		{E79F6FD6-C979-4DED-9000-465EEA7C9622}.Release|x86.Build.0 = Release|x86
		{E79F6FD6-C979-4DED-9000-465EEA7C9622}.Release|x86.Deploy.0 = Release|x86
	EndGlobalSection
	GlobalSection(SolutionProperties) = preSolution
		HideSolutionNode = FALSE
	EndGlobalSection
	GlobalSection(NestedProjects) = preSolution
		{189DAB6A-1F20-4101-BFBA-16958610404D} = {CE3FE322-B65C-4806-92CB-09952A9A267C}
		{4986E5D2-3A32-41FA-9E6C-3E5D24946EDD} = {CE3FE322-B65C-4806-92CB-09952A9A267C}
		{E79F6FD6-C979-4DED-9000-465EEA7C9622} = {CE3FE322-B65C-4806-92CB-09952A9A267C}
	EndGlobalSection
EndGlobal
