
Microsoft Visual Studio Solution File, Format Version 11.00
# Visual Studio 2010
Project("{FAE04EC0-301F-11D3-BF4B-00C04F79EFBC}") = "Test", "Test\Test.csproj", "{ef6a995b-021d-4b3f-886d-f81d0015f9be}"
EndProject
Global
	GlobalSection(SolutionConfigurationPlatforms) = preSolution
		Debug|Any CPU = Debug|Any CPU
		Release|Any CPU = Release|Any CPU
	EndGlobalSection
	GlobalSection(ProjectConfigurationPlatforms) = postSolution
		{EF6A995B-021D-4B3F-886D-F81D0015F9BE}.Debug|Any CPU.ActiveCfg = Debug|Any CPU
		{EF6A995B-021D-4B3F-886D-F81D0015F9BE}.Debug|Any CPU.Build.0 = Debug|Any CPU
		{EF6A995B-021D-4B3F-886D-F81D0015F9BE}.Release|Any CPU.ActiveCfg = Release|Any CPU
		{EF6A995B-021D-4B3F-886D-F81D0015F9BE}.Release|Any CPU.Build.0 = Release|Any CPU
	EndGlobalSection
EndGlobal
