
Microsoft Visual Studio Solution File, Format Version 11.00
# Visual Studio 2010
Project("{FAE04EC0-301F-11D3-BF4B-00C04F79EFBC}") = "Julmar.Wpf.Behaviors", "Julmar.Wpf.Behaviors\Julmar.Wpf.Behaviors.csproj", "{E5662DCB-CE30-4AC2-A113-62F070D722B6}"
EndProject
Project("{FAE04EC0-301F-11D3-BF4B-00C04F79EFBC}") = "Julmar.Wpf.Helpers", "Julmar.Wpf.Helpers\Julmar.Wpf.Helpers.csproj", "{37EAC372-5684-45E2-B999-986F98EFE40D}"
EndProject
Project("{FAE04EC0-301F-11D3-BF4B-00C04F79EFBC}") = "TestMvvmApp", "test\TestMvvmApp\TestMvvmApp.csproj", "{525EF1E9-6326-4F73-9F54-C2A72C473F99}"
EndProject
Global
	GlobalSection(SolutionConfigurationPlatforms) = preSolution
		Debug|Any CPU = Debug|Any CPU
		Release|Any CPU = Release|Any CPU
	EndGlobalSection
	GlobalSection(ProjectConfigurationPlatforms) = postSolution
		{E5662DCB-CE30-4AC2-A113-62F070D722B6}.Debug|Any CPU.ActiveCfg = Debug|Any CPU
		{E5662DCB-CE30-4AC2-A113-62F070D722B6}.Debug|Any CPU.Build.0 = Debug|Any CPU
		{E5662DCB-CE30-4AC2-A113-62F070D722B6}.Release|Any CPU.ActiveCfg = Release|Any CPU
		{E5662DCB-CE30-4AC2-A113-62F070D722B6}.Release|Any CPU.Build.0 = Release|Any CPU
		{37EAC372-5684-45E2-B999-986F98EFE40D}.Debug|Any CPU.ActiveCfg = Debug|Any CPU
		{37EAC372-5684-45E2-B999-986F98EFE40D}.Debug|Any CPU.Build.0 = Debug|Any CPU
		{37EAC372-5684-45E2-B999-986F98EFE40D}.Release|Any CPU.ActiveCfg = Release|Any CPU
		{37EAC372-5684-45E2-B999-986F98EFE40D}.Release|Any CPU.Build.0 = Release|Any CPU
		{525EF1E9-6326-4F73-9F54-C2A72C473F99}.Debug|Any CPU.ActiveCfg = Debug|Any CPU
		{525EF1E9-6326-4F73-9F54-C2A72C473F99}.Debug|Any CPU.Build.0 = Debug|Any CPU
		{525EF1E9-6326-4F73-9F54-C2A72C473F99}.Release|Any CPU.ActiveCfg = Release|Any CPU
		{525EF1E9-6326-4F73-9F54-C2A72C473F99}.Release|Any CPU.Build.0 = Release|Any CPU
	EndGlobalSection
	GlobalSection(SolutionProperties) = preSolution
		HideSolutionNode = FALSE
	EndGlobalSection
EndGlobal
