
Microsoft Visual Studio Solution File, Format Version 11.00
# Visual Studio 2010
Project("{FAE04EC0-301F-11D3-BF4B-00C04F79EFBC}") = "Julmar.Wpf.Behaviors", "Julmar.Wpf.Behaviors\Julmar.Wpf.Behaviors.csproj", "{E5662DCB-CE30-4AC2-A113-62F070D722B6}"
EndProject
Project("{FAE04EC0-301F-11D3-BF4B-00C04F79EFBC}") = "Julmar.Wpf.Helpers", "Julmar.Wpf.Helpers\Julmar.Wpf.Helpers.csproj", "{37EAC372-5684-45E2-B999-986F98EFE40D}"
EndProject
Project("{FAE04EC0-301F-11D3-BF4B-00C04F79EFBC}") = "TestMvvmApp", "test\TestMvvmApp\TestMvvmApp.csproj", "{525EF1E9-6326-4F73-9F54-C2A72C473F99}"
EndProject
Project("{FAE04EC0-301F-11D3-BF4B-00C04F79EFBC}") = "Julmar.Wpf.Helpers.UnitTests", "test\Julmar.Wpf.Helpers.UnitTests\Julmar.Wpf.Helpers.UnitTests.csproj", "{27A1A126-164D-4F26-BF55-BDAA89B97B9D}"
EndProject
Project("{FAE04EC0-301F-11D3-BF4B-00C04F79EFBC}") = "SynchronizedScrollTest", "test\ScrollTest\SynchronizedScrollTest.csproj", "{1237ECD4-C23C-4300-885E-5DBC6FEDE748}"
EndProject
Project("{FAE04EC0-301F-11D3-BF4B-00C04F79EFBC}") = "MTObservableTest", "test\MTObservableTest\MTObservableTest.csproj", "{306914A2-1DE7-45B3-8142-AB11A4AD2D9E}"
EndProject
Project("{FAE04EC0-301F-11D3-BF4B-00C04F79EFBC}") = "UndoTest", "test\UndoRedoTest\UndoTest.csproj", "{4910ABE3-CE97-427E-A2C3-A9BA8FF6760F}"
EndProject
Project("{2150E333-8FDC-42A3-9474-1A3956D46DE8}") = "Solution Items", "Solution Items", "{70FA1121-B086-4015-9C65-5FE08B28AEE8}"
	ProjectSection(SolutionItems) = preProject
		Julmar.Wpf.Helpers.vsmdi = Julmar.Wpf.Helpers.vsmdi
		Local.testsettings = Local.testsettings
		Readme.txt = Readme.txt
	EndProjectSection
EndProject
Project("{2150E333-8FDC-42A3-9474-1A3956D46DE8}") = "TestPrograms", "TestPrograms", "{36509B3E-AEE1-41AD-A58D-9DF20C2C7B7A}"
EndProject
Project("{FAE04EC0-301F-11D3-BF4B-00C04F79EFBC}") = "Julmar.Core", "Julmar.Core\Julmar.Core.csproj", "{DDB17800-0841-47A1-8AF6-89DAB38DAE98}"
EndProject
Project("{FAE04EC0-301F-11D3-BF4B-00C04F79EFBC}") = "MVVMFolderExplorer", "test\MVVMFolderExplorer\MVVMFolderExplorer.csproj", "{C1A3F221-3165-4AD9-AABA-6F4D9B2C130D}"
EndProject
Project("{FAE04EC0-301F-11D3-BF4B-00C04F79EFBC}") = "DragDropTest", "test\DragDropTest\DragDropTest.csproj", "{64AE80E3-9AFF-4826-9F62-E9CBD0F318DF}"
EndProject
Project("{FAE04EC0-301F-11D3-BF4B-00C04F79EFBC}") = "AttachedEventCommander.Test", "test\AttachedEventCommanderTest\AttachedEventCommander.Test.csproj", "{602BFDC7-1738-4ABB-92B6-ADD918B7A580}"
EndProject
Project("{FAE04EC0-301F-11D3-BF4B-00C04F79EFBC}") = "MultiWindowTest", "test\MultiWindowTest\MultiWindowTest.csproj", "{4206AC26-0583-4501-812D-E5A14749E422}"
EndProject
Project("{FAE04EC0-301F-11D3-BF4B-00C04F79EFBC}") = "SlowMasterDetailTest", "test\MasterDetailTest\SlowMasterDetailTest.csproj", "{4340208F-70A7-4B4A-8840-F642C06710BA}"
EndProject
Global
	GlobalSection(SubversionScc) = preSolution
		Svn-Managed = True
		Manager = AnkhSVN - Subversion Support for Visual Studio
	EndGlobalSection
	GlobalSection(TestCaseManagementSettings) = postSolution
		CategoryFile = Julmar.Wpf.Helpers.vsmdi
	EndGlobalSection
	GlobalSection(SolutionConfigurationPlatforms) = preSolution
		Debug|Any CPU = Debug|Any CPU
		Debug|Mixed Platforms = Debug|Mixed Platforms
		Debug|x86 = Debug|x86
		Release|Any CPU = Release|Any CPU
		Release|Mixed Platforms = Release|Mixed Platforms
		Release|x86 = Release|x86
	EndGlobalSection
	GlobalSection(ProjectConfigurationPlatforms) = postSolution
		{E5662DCB-CE30-4AC2-A113-62F070D722B6}.Debug|Any CPU.ActiveCfg = Debug|Any CPU
		{E5662DCB-CE30-4AC2-A113-62F070D722B6}.Debug|Any CPU.Build.0 = Debug|Any CPU
		{E5662DCB-CE30-4AC2-A113-62F070D722B6}.Debug|Mixed Platforms.ActiveCfg = Debug|Any CPU
		{E5662DCB-CE30-4AC2-A113-62F070D722B6}.Debug|Mixed Platforms.Build.0 = Debug|Any CPU
		{E5662DCB-CE30-4AC2-A113-62F070D722B6}.Debug|x86.ActiveCfg = Debug|Any CPU
		{E5662DCB-CE30-4AC2-A113-62F070D722B6}.Release|Any CPU.ActiveCfg = Release|Any CPU
		{E5662DCB-CE30-4AC2-A113-62F070D722B6}.Release|Any CPU.Build.0 = Release|Any CPU
		{E5662DCB-CE30-4AC2-A113-62F070D722B6}.Release|Mixed Platforms.ActiveCfg = Release|Any CPU
		{E5662DCB-CE30-4AC2-A113-62F070D722B6}.Release|Mixed Platforms.Build.0 = Release|Any CPU
		{E5662DCB-CE30-4AC2-A113-62F070D722B6}.Release|x86.ActiveCfg = Release|Any CPU
		{37EAC372-5684-45E2-B999-986F98EFE40D}.Debug|Any CPU.ActiveCfg = Debug|Any CPU
		{37EAC372-5684-45E2-B999-986F98EFE40D}.Debug|Any CPU.Build.0 = Debug|Any CPU
		{37EAC372-5684-45E2-B999-986F98EFE40D}.Debug|Mixed Platforms.ActiveCfg = Debug|Any CPU
		{37EAC372-5684-45E2-B999-986F98EFE40D}.Debug|Mixed Platforms.Build.0 = Debug|Any CPU
		{37EAC372-5684-45E2-B999-986F98EFE40D}.Debug|x86.ActiveCfg = Debug|Any CPU
		{37EAC372-5684-45E2-B999-986F98EFE40D}.Release|Any CPU.ActiveCfg = Release|Any CPU
		{37EAC372-5684-45E2-B999-986F98EFE40D}.Release|Any CPU.Build.0 = Release|Any CPU
		{37EAC372-5684-45E2-B999-986F98EFE40D}.Release|Mixed Platforms.ActiveCfg = Release|Any CPU
		{37EAC372-5684-45E2-B999-986F98EFE40D}.Release|Mixed Platforms.Build.0 = Release|Any CPU
		{37EAC372-5684-45E2-B999-986F98EFE40D}.Release|x86.ActiveCfg = Release|Any CPU
		{525EF1E9-6326-4F73-9F54-C2A72C473F99}.Debug|Any CPU.ActiveCfg = Debug|Any CPU
		{525EF1E9-6326-4F73-9F54-C2A72C473F99}.Debug|Any CPU.Build.0 = Debug|Any CPU
		{525EF1E9-6326-4F73-9F54-C2A72C473F99}.Debug|Mixed Platforms.ActiveCfg = Debug|Any CPU
		{525EF1E9-6326-4F73-9F54-C2A72C473F99}.Debug|Mixed Platforms.Build.0 = Debug|Any CPU
		{525EF1E9-6326-4F73-9F54-C2A72C473F99}.Debug|x86.ActiveCfg = Debug|Any CPU
		{525EF1E9-6326-4F73-9F54-C2A72C473F99}.Release|Any CPU.ActiveCfg = Release|Any CPU
		{525EF1E9-6326-4F73-9F54-C2A72C473F99}.Release|Any CPU.Build.0 = Release|Any CPU
		{525EF1E9-6326-4F73-9F54-C2A72C473F99}.Release|Mixed Platforms.ActiveCfg = Release|Any CPU
		{525EF1E9-6326-4F73-9F54-C2A72C473F99}.Release|Mixed Platforms.Build.0 = Release|Any CPU
		{525EF1E9-6326-4F73-9F54-C2A72C473F99}.Release|x86.ActiveCfg = Release|Any CPU
		{27A1A126-164D-4F26-BF55-BDAA89B97B9D}.Debug|Any CPU.ActiveCfg = Debug|Any CPU
		{27A1A126-164D-4F26-BF55-BDAA89B97B9D}.Debug|Any CPU.Build.0 = Debug|Any CPU
		{27A1A126-164D-4F26-BF55-BDAA89B97B9D}.Debug|Mixed Platforms.ActiveCfg = Debug|Any CPU
		{27A1A126-164D-4F26-BF55-BDAA89B97B9D}.Debug|Mixed Platforms.Build.0 = Debug|Any CPU
		{27A1A126-164D-4F26-BF55-BDAA89B97B9D}.Debug|x86.ActiveCfg = Debug|Any CPU
		{27A1A126-164D-4F26-BF55-BDAA89B97B9D}.Release|Any CPU.ActiveCfg = Release|Any CPU
		{27A1A126-164D-4F26-BF55-BDAA89B97B9D}.Release|Any CPU.Build.0 = Release|Any CPU
		{27A1A126-164D-4F26-BF55-BDAA89B97B9D}.Release|Mixed Platforms.ActiveCfg = Release|Any CPU
		{27A1A126-164D-4F26-BF55-BDAA89B97B9D}.Release|Mixed Platforms.Build.0 = Release|Any CPU
		{27A1A126-164D-4F26-BF55-BDAA89B97B9D}.Release|x86.ActiveCfg = Release|Any CPU
		{1237ECD4-C23C-4300-885E-5DBC6FEDE748}.Debug|Any CPU.ActiveCfg = Debug|x86
		{1237ECD4-C23C-4300-885E-5DBC6FEDE748}.Debug|Mixed Platforms.ActiveCfg = Debug|x86
		{1237ECD4-C23C-4300-885E-5DBC6FEDE748}.Debug|Mixed Platforms.Build.0 = Debug|x86
		{1237ECD4-C23C-4300-885E-5DBC6FEDE748}.Debug|x86.ActiveCfg = Debug|x86
		{1237ECD4-C23C-4300-885E-5DBC6FEDE748}.Debug|x86.Build.0 = Debug|x86
		{1237ECD4-C23C-4300-885E-5DBC6FEDE748}.Release|Any CPU.ActiveCfg = Release|x86
		{1237ECD4-C23C-4300-885E-5DBC6FEDE748}.Release|Mixed Platforms.ActiveCfg = Release|x86
		{1237ECD4-C23C-4300-885E-5DBC6FEDE748}.Release|Mixed Platforms.Build.0 = Release|x86
		{1237ECD4-C23C-4300-885E-5DBC6FEDE748}.Release|x86.ActiveCfg = Release|x86
		{1237ECD4-C23C-4300-885E-5DBC6FEDE748}.Release|x86.Build.0 = Release|x86
		{306914A2-1DE7-45B3-8142-AB11A4AD2D9E}.Debug|Any CPU.ActiveCfg = Debug|Any CPU
		{306914A2-1DE7-45B3-8142-AB11A4AD2D9E}.Debug|Any CPU.Build.0 = Debug|Any CPU
		{306914A2-1DE7-45B3-8142-AB11A4AD2D9E}.Debug|Mixed Platforms.ActiveCfg = Debug|Any CPU
		{306914A2-1DE7-45B3-8142-AB11A4AD2D9E}.Debug|Mixed Platforms.Build.0 = Debug|Any CPU
		{306914A2-1DE7-45B3-8142-AB11A4AD2D9E}.Debug|x86.ActiveCfg = Debug|Any CPU
		{306914A2-1DE7-45B3-8142-AB11A4AD2D9E}.Release|Any CPU.ActiveCfg = Release|Any CPU
		{306914A2-1DE7-45B3-8142-AB11A4AD2D9E}.Release|Any CPU.Build.0 = Release|Any CPU
		{306914A2-1DE7-45B3-8142-AB11A4AD2D9E}.Release|Mixed Platforms.ActiveCfg = Release|Any CPU
		{306914A2-1DE7-45B3-8142-AB11A4AD2D9E}.Release|Mixed Platforms.Build.0 = Release|Any CPU
		{306914A2-1DE7-45B3-8142-AB11A4AD2D9E}.Release|x86.ActiveCfg = Release|Any CPU
		{4910ABE3-CE97-427E-A2C3-A9BA8FF6760F}.Debug|Any CPU.ActiveCfg = Debug|x86
		{4910ABE3-CE97-427E-A2C3-A9BA8FF6760F}.Debug|Mixed Platforms.ActiveCfg = Debug|x86
		{4910ABE3-CE97-427E-A2C3-A9BA8FF6760F}.Debug|Mixed Platforms.Build.0 = Debug|x86
		{4910ABE3-CE97-427E-A2C3-A9BA8FF6760F}.Debug|x86.ActiveCfg = Debug|x86
		{4910ABE3-CE97-427E-A2C3-A9BA8FF6760F}.Debug|x86.Build.0 = Debug|x86
		{4910ABE3-CE97-427E-A2C3-A9BA8FF6760F}.Release|Any CPU.ActiveCfg = Release|x86
		{4910ABE3-CE97-427E-A2C3-A9BA8FF6760F}.Release|Mixed Platforms.ActiveCfg = Release|x86
		{4910ABE3-CE97-427E-A2C3-A9BA8FF6760F}.Release|Mixed Platforms.Build.0 = Release|x86
		{4910ABE3-CE97-427E-A2C3-A9BA8FF6760F}.Release|x86.ActiveCfg = Release|x86
		{4910ABE3-CE97-427E-A2C3-A9BA8FF6760F}.Release|x86.Build.0 = Release|x86
		{DDB17800-0841-47A1-8AF6-89DAB38DAE98}.Debug|Any CPU.ActiveCfg = Debug|Any CPU
		{DDB17800-0841-47A1-8AF6-89DAB38DAE98}.Debug|Any CPU.Build.0 = Debug|Any CPU
		{DDB17800-0841-47A1-8AF6-89DAB38DAE98}.Debug|Mixed Platforms.ActiveCfg = Debug|Any CPU
		{DDB17800-0841-47A1-8AF6-89DAB38DAE98}.Debug|Mixed Platforms.Build.0 = Debug|Any CPU
		{DDB17800-0841-47A1-8AF6-89DAB38DAE98}.Debug|x86.ActiveCfg = Debug|Any CPU
		{DDB17800-0841-47A1-8AF6-89DAB38DAE98}.Release|Any CPU.ActiveCfg = Release|Any CPU
		{DDB17800-0841-47A1-8AF6-89DAB38DAE98}.Release|Any CPU.Build.0 = Release|Any CPU
		{DDB17800-0841-47A1-8AF6-89DAB38DAE98}.Release|Mixed Platforms.ActiveCfg = Release|Any CPU
		{DDB17800-0841-47A1-8AF6-89DAB38DAE98}.Release|Mixed Platforms.Build.0 = Release|Any CPU
		{DDB17800-0841-47A1-8AF6-89DAB38DAE98}.Release|x86.ActiveCfg = Release|Any CPU
		{C1A3F221-3165-4AD9-AABA-6F4D9B2C130D}.Debug|Any CPU.ActiveCfg = Debug|Any CPU
		{C1A3F221-3165-4AD9-AABA-6F4D9B2C130D}.Debug|Any CPU.Build.0 = Debug|Any CPU
		{C1A3F221-3165-4AD9-AABA-6F4D9B2C130D}.Debug|Mixed Platforms.ActiveCfg = Debug|Any CPU
		{C1A3F221-3165-4AD9-AABA-6F4D9B2C130D}.Debug|Mixed Platforms.Build.0 = Debug|Any CPU
		{C1A3F221-3165-4AD9-AABA-6F4D9B2C130D}.Debug|x86.ActiveCfg = Debug|Any CPU
		{C1A3F221-3165-4AD9-AABA-6F4D9B2C130D}.Release|Any CPU.ActiveCfg = Release|Any CPU
		{C1A3F221-3165-4AD9-AABA-6F4D9B2C130D}.Release|Any CPU.Build.0 = Release|Any CPU
		{C1A3F221-3165-4AD9-AABA-6F4D9B2C130D}.Release|Mixed Platforms.ActiveCfg = Release|Any CPU
		{C1A3F221-3165-4AD9-AABA-6F4D9B2C130D}.Release|Mixed Platforms.Build.0 = Release|Any CPU
		{C1A3F221-3165-4AD9-AABA-6F4D9B2C130D}.Release|x86.ActiveCfg = Release|Any CPU
		{64AE80E3-9AFF-4826-9F62-E9CBD0F318DF}.Debug|Any CPU.ActiveCfg = Debug|Any CPU
		{64AE80E3-9AFF-4826-9F62-E9CBD0F318DF}.Debug|Any CPU.Build.0 = Debug|Any CPU
		{64AE80E3-9AFF-4826-9F62-E9CBD0F318DF}.Debug|Mixed Platforms.ActiveCfg = Debug|Any CPU
		{64AE80E3-9AFF-4826-9F62-E9CBD0F318DF}.Debug|Mixed Platforms.Build.0 = Debug|Any CPU
		{64AE80E3-9AFF-4826-9F62-E9CBD0F318DF}.Debug|x86.ActiveCfg = Debug|Any CPU
		{64AE80E3-9AFF-4826-9F62-E9CBD0F318DF}.Release|Any CPU.ActiveCfg = Release|Any CPU
		{64AE80E3-9AFF-4826-9F62-E9CBD0F318DF}.Release|Any CPU.Build.0 = Release|Any CPU
		{64AE80E3-9AFF-4826-9F62-E9CBD0F318DF}.Release|Mixed Platforms.ActiveCfg = Release|Any CPU
		{64AE80E3-9AFF-4826-9F62-E9CBD0F318DF}.Release|Mixed Platforms.Build.0 = Release|Any CPU
		{64AE80E3-9AFF-4826-9F62-E9CBD0F318DF}.Release|x86.ActiveCfg = Release|Any CPU
		{602BFDC7-1738-4ABB-92B6-ADD918B7A580}.Debug|Any CPU.ActiveCfg = Debug|x86
		{602BFDC7-1738-4ABB-92B6-ADD918B7A580}.Debug|Mixed Platforms.ActiveCfg = Debug|x86
		{602BFDC7-1738-4ABB-92B6-ADD918B7A580}.Debug|Mixed Platforms.Build.0 = Debug|x86
		{602BFDC7-1738-4ABB-92B6-ADD918B7A580}.Debug|x86.ActiveCfg = Debug|x86
		{602BFDC7-1738-4ABB-92B6-ADD918B7A580}.Debug|x86.Build.0 = Debug|x86
		{602BFDC7-1738-4ABB-92B6-ADD918B7A580}.Release|Any CPU.ActiveCfg = Release|x86
		{602BFDC7-1738-4ABB-92B6-ADD918B7A580}.Release|Mixed Platforms.ActiveCfg = Release|x86
		{602BFDC7-1738-4ABB-92B6-ADD918B7A580}.Release|Mixed Platforms.Build.0 = Release|x86
		{602BFDC7-1738-4ABB-92B6-ADD918B7A580}.Release|x86.ActiveCfg = Release|x86
		{602BFDC7-1738-4ABB-92B6-ADD918B7A580}.Release|x86.Build.0 = Release|x86
		{4206AC26-0583-4501-812D-E5A14749E422}.Debug|Any CPU.ActiveCfg = Debug|x86
		{4206AC26-0583-4501-812D-E5A14749E422}.Debug|Mixed Platforms.ActiveCfg = Debug|x86
		{4206AC26-0583-4501-812D-E5A14749E422}.Debug|Mixed Platforms.Build.0 = Debug|x86
		{4206AC26-0583-4501-812D-E5A14749E422}.Debug|x86.ActiveCfg = Debug|x86
		{4206AC26-0583-4501-812D-E5A14749E422}.Debug|x86.Build.0 = Debug|x86
		{4206AC26-0583-4501-812D-E5A14749E422}.Release|Any CPU.ActiveCfg = Release|x86
		{4206AC26-0583-4501-812D-E5A14749E422}.Release|Mixed Platforms.ActiveCfg = Release|x86
		{4206AC26-0583-4501-812D-E5A14749E422}.Release|Mixed Platforms.Build.0 = Release|x86
		{4206AC26-0583-4501-812D-E5A14749E422}.Release|x86.ActiveCfg = Release|x86
		{4206AC26-0583-4501-812D-E5A14749E422}.Release|x86.Build.0 = Release|x86
		{4340208F-70A7-4B4A-8840-F642C06710BA}.Debug|Any CPU.ActiveCfg = Debug|x86
		{4340208F-70A7-4B4A-8840-F642C06710BA}.Debug|Mixed Platforms.ActiveCfg = Debug|x86
		{4340208F-70A7-4B4A-8840-F642C06710BA}.Debug|Mixed Platforms.Build.0 = Debug|x86
		{4340208F-70A7-4B4A-8840-F642C06710BA}.Debug|x86.ActiveCfg = Debug|x86
		{4340208F-70A7-4B4A-8840-F642C06710BA}.Debug|x86.Build.0 = Debug|x86
		{4340208F-70A7-4B4A-8840-F642C06710BA}.Release|Any CPU.ActiveCfg = Release|x86
		{4340208F-70A7-4B4A-8840-F642C06710BA}.Release|Mixed Platforms.ActiveCfg = Release|x86
		{4340208F-70A7-4B4A-8840-F642C06710BA}.Release|Mixed Platforms.Build.0 = Release|x86
		{4340208F-70A7-4B4A-8840-F642C06710BA}.Release|x86.ActiveCfg = Release|x86
		{4340208F-70A7-4B4A-8840-F642C06710BA}.Release|x86.Build.0 = Release|x86
	EndGlobalSection
	GlobalSection(SolutionProperties) = preSolution
		HideSolutionNode = FALSE
	EndGlobalSection
	GlobalSection(NestedProjects) = preSolution
		{1237ECD4-C23C-4300-885E-5DBC6FEDE748} = {36509B3E-AEE1-41AD-A58D-9DF20C2C7B7A}
		{306914A2-1DE7-45B3-8142-AB11A4AD2D9E} = {36509B3E-AEE1-41AD-A58D-9DF20C2C7B7A}
		{4910ABE3-CE97-427E-A2C3-A9BA8FF6760F} = {36509B3E-AEE1-41AD-A58D-9DF20C2C7B7A}
		{525EF1E9-6326-4F73-9F54-C2A72C473F99} = {36509B3E-AEE1-41AD-A58D-9DF20C2C7B7A}
		{C1A3F221-3165-4AD9-AABA-6F4D9B2C130D} = {36509B3E-AEE1-41AD-A58D-9DF20C2C7B7A}
		{64AE80E3-9AFF-4826-9F62-E9CBD0F318DF} = {36509B3E-AEE1-41AD-A58D-9DF20C2C7B7A}
		{602BFDC7-1738-4ABB-92B6-ADD918B7A580} = {36509B3E-AEE1-41AD-A58D-9DF20C2C7B7A}
		{4206AC26-0583-4501-812D-E5A14749E422} = {36509B3E-AEE1-41AD-A58D-9DF20C2C7B7A}
		{4340208F-70A7-4B4A-8840-F642C06710BA} = {36509B3E-AEE1-41AD-A58D-9DF20C2C7B7A}
	EndGlobalSection
EndGlobal
