
Microsoft Visual Studio Solution File, Format Version 12.00
# Visual Studio 2013
VisualStudioVersion = 12.0.21005.1
MinimumVisualStudioVersion = 10.0.40219.1
Project("{FAE04EC0-301F-11D3-BF4B-00C04F79EFBC}") = "Julmar.Wpf.Behaviors", "Julmar.Wpf.Behaviors\Julmar.Wpf.Behaviors.csproj", "{E5662DCB-CE30-4AC2-A113-62F070D722B6}"
EndProject
Project("{FAE04EC0-301F-11D3-BF4B-00C04F79EFBC}") = "Julmar.Wpf.Helpers", "Julmar.Wpf.Helpers\Julmar.Wpf.Helpers.csproj", "{37EAC372-5684-45E2-B999-986F98EFE40D}"
EndProject
Project("{FAE04EC0-301F-11D3-BF4B-00C04F79EFBC}") = "TestMvvmApp", "test\TestMvvmApp\TestMvvmApp.csproj", "{525EF1E9-6326-4F73-9F54-C2A72C473F99}"
EndProject
Project("{FAE04EC0-301F-11D3-BF4B-00C04F79EFBC}") = "Julmar.Wpf.Helpers.UnitTests", "test\Julmar.Wpf.Helpers.UnitTests\Julmar.Wpf.Helpers.UnitTests.csproj", "{27A1A126-164D-4F26-BF55-BDAA89B97B9D}"
EndProject
Project("{FAE04EC0-301F-11D3-BF4B-00C04F79EFBC}") = "SynchronizedScrollTest", "test\ScrollTest\SynchronizedScrollTest.csproj", "{1237ECD4-C23C-4300-885E-5DBC6FEDE748}"
EndProject
Project("{FAE04EC0-301F-11D3-BF4B-00C04F79EFBC}") = "MTObservableTest", "test\MTObservableTest\MTObservableTest.csproj", "{306914A2-1DE7-45B3-8142-AB11A4AD2D9E}"
EndProject
Project("{FAE04EC0-301F-11D3-BF4B-00C04F79EFBC}") = "UndoTest", "test\UndoRedoTest\UndoTest.csproj", "{4910ABE3-CE97-427E-A2C3-A9BA8FF6760F}"
EndProject
Project("{2150E333-8FDC-42A3-9474-1A3956D46DE8}") = "Solution Items", "Solution Items", "{70FA1121-B086-4015-9C65-5FE08B28AEE8}"
	ProjectSection(SolutionItems) = preProject
		Julmar.Wpf.Helpers.vsmdi = Julmar.Wpf.Helpers.vsmdi
		Local.testsettings = Local.testsettings
		Readme.txt = Readme.txt
	EndProjectSection
EndProject
Project("{2150E333-8FDC-42A3-9474-1A3956D46DE8}") = "TestPrograms", "TestPrograms", "{36509B3E-AEE1-41AD-A58D-9DF20C2C7B7A}"
EndProject
Project("{FAE04EC0-301F-11D3-BF4B-00C04F79EFBC}") = "Julmar.Core", "Julmar.Core\Julmar.Core.csproj", "{DDB17800-0841-47A1-8AF6-89DAB38DAE98}"
EndProject
Project("{FAE04EC0-301F-11D3-BF4B-00C04F79EFBC}") = "MVVMFolderExplorer", "test\MVVMFolderExplorer\MVVMFolderExplorer.csproj", "{C1A3F221-3165-4AD9-AABA-6F4D9B2C130D}"
EndProject
Project("{FAE04EC0-301F-11D3-BF4B-00C04F79EFBC}") = "DragDropTest", "test\DragDropTest\DragDropTest.csproj", "{64AE80E3-9AFF-4826-9F62-E9CBD0F318DF}"
EndProject
Project("{FAE04EC0-301F-11D3-BF4B-00C04F79EFBC}") = "MultiWindowTest", "test\MultiWindowTest\MultiWindowTest.csproj", "{4206AC26-0583-4501-812D-E5A14749E422}"
EndProject
Project("{FAE04EC0-301F-11D3-BF4B-00C04F79EFBC}") = "SlowMasterDetailTest", "test\MasterDetailTest\SlowMasterDetailTest.csproj", "{4340208F-70A7-4B4A-8840-F642C06710BA}"
EndProject
Project("{FAE04EC0-301F-11D3-BF4B-00C04F79EFBC}") = "ViewModelTriggerTest", "test\ViewModelTriggerTest\ViewModelTriggerTest.csproj", "{3D696203-A2D9-4C4A-96F4-65ECF716FC1A}"
EndProject
Project("{FAE04EC0-301F-11D3-BF4B-00C04F79EFBC}") = "ListViewSort", "test\ListViewSortTest\Test\ListViewSort.csproj", "{EF6A995B-021D-4B3F-886D-F81D0015F9BE}"
EndProject
Project("{FAE04EC0-301F-11D3-BF4B-00C04F79EFBC}") = "MultiSelectTreeView", "test\MultiSelectTreeView\MultiSelectTreeView.csproj", "{356C2F2B-E2D7-4511-9A75-7115F1862BFB}"
EndProject
Project("{FAE04EC0-301F-11D3-BF4B-00C04F79EFBC}") = "MultiSelectCollectionTest", "test\MultiSelectCollectionTest\MultiSelectCollectionTest.csproj", "{535B7C19-3869-41E8-8E6D-004F9A2C702E}"
EndProject
Project("{FAE04EC0-301F-11D3-BF4B-00C04F79EFBC}") = "StyleBehaviorTest", "test\StyleBehaviorTest\StyleBehaviorTest.csproj", "{BE712575-BEA6-4901-A341-484EF8AEA744}"
EndProject
Project("{FAE04EC0-301F-11D3-BF4B-00C04F79EFBC}") = "MouseScrollingBehavior", "test\MouseScrollingBehavior\MouseScrollingBehavior.csproj", "{AA55123C-55C6-4F82-8E42-841D8DC6F285}"
EndProject
Project("{FAE04EC0-301F-11D3-BF4B-00C04F79EFBC}") = "ListViewColumnSizer", "test\ListViewColumnSizer\ListViewColumnSizer.csproj", "{20CD1ADE-6D32-41CE-B1F4-6D2FC8AF5FB9}"
EndProject
Project("{FAE04EC0-301F-11D3-BF4B-00C04F79EFBC}") = "MultiUiViewModelTest", "test\MultiUiViewModelTest\MultiUiViewModelTest.csproj", "{E615467F-793F-47C0-8C38-CA378D5E742D}"
EndProject
Project("{FAE04EC0-301F-11D3-BF4B-00C04F79EFBC}") = "DeferredBindTest", "test\DeferredBindTest\DeferredBindTest.csproj", "{3BD3559C-EEBB-4C19-A058-FB79A0FA2B73}"
EndProject
Project("{FAE04EC0-301F-11D3-BF4B-00C04F79EFBC}") = "ServiceReplacement", "test\ServiceReplacement\ServiceReplacement.csproj", "{2C23803C-3F66-45C0-A2B0-B18DBA964CB9}"
EndProject
Project("{FAE04EC0-301F-11D3-BF4B-00C04F79EFBC}") = "ServiceReplacementTests", "test\ServiceReplacementTests\ServiceReplacementTests.csproj", "{5BDC17CB-CDBA-4253-A5D9-2246DBA4BD60}"
EndProject
Project("{FAE04EC0-301F-11D3-BF4B-00C04F79EFBC}") = "DeferredScrollingTest", "test\DeferredScrollingTest\DeferredScrollingTest.csproj", "{B4A4E314-641C-4095-93B1-ACE8C1B5461B}"
EndProject
Project("{FAE04EC0-301F-11D3-BF4B-00C04F79EFBC}") = "TestCompositionWithEmbeddedHash", "test\C#\TestCompositionWithEmbeddedHash\TestCompositionWithEmbeddedHash.csproj", "{3BED1617-2A09-439A-A081-C62D51443582}"
EndProject
Project("{FAE04EC0-301F-11D3-BF4B-00C04F79EFBC}") = "GotoStateTest", "test\GotoStateTest\GotoStateTest.csproj", "{3B320D96-0AFC-49FB-A5EA-9374E6196B68}"
EndProject
Global
	GlobalSection(TeamFoundationVersionControl) = preSolution
		SccNumberOfProjects = 27
		SccEnterpriseProvider = {4CA58AB2-18FA-4F8D-95D4-32DDF27D184C}
		SccTeamFoundationServer = https://tfs.codeplex.com/tfs/tfs08
		SccLocalPath0 = .
		SccProjectUniqueName1 = Julmar.Wpf.Behaviors\\Julmar.Wpf.Behaviors.csproj
		SccProjectName1 = Julmar.Wpf.Behaviors
		SccLocalPath1 = Julmar.Wpf.Behaviors
		SccProjectUniqueName2 = Julmar.Wpf.Helpers\\Julmar.Wpf.Helpers.csproj
		SccProjectName2 = Julmar.Wpf.Helpers
		SccLocalPath2 = Julmar.Wpf.Helpers
		SccProjectUniqueName3 = test\\TestMvvmApp\\TestMvvmApp.csproj
		SccProjectTopLevelParentUniqueName3 = Julmar.Wpf.Helpers.sln
		SccProjectName3 = test/TestMvvmApp
		SccLocalPath3 = test\\TestMvvmApp
		SccProjectUniqueName4 = test\\Julmar.Wpf.Helpers.UnitTests\\Julmar.Wpf.Helpers.UnitTests.csproj
		SccProjectName4 = test/Julmar.Wpf.Helpers.UnitTests
		SccLocalPath4 = test\\Julmar.Wpf.Helpers.UnitTests
		SccProjectUniqueName5 = test\\ScrollTest\\SynchronizedScrollTest.csproj
		SccProjectTopLevelParentUniqueName5 = Julmar.Wpf.Helpers.sln
		SccProjectName5 = test/ScrollTest
		SccLocalPath5 = test\\ScrollTest
		SccProjectUniqueName6 = test\\MTObservableTest\\MTObservableTest.csproj
		SccProjectTopLevelParentUniqueName6 = Julmar.Wpf.Helpers.sln
		SccProjectName6 = test/MTObservableTest
		SccLocalPath6 = test\\MTObservableTest
		SccProjectUniqueName7 = test\\UndoRedoTest\\UndoTest.csproj
		SccProjectTopLevelParentUniqueName7 = Julmar.Wpf.Helpers.sln
		SccProjectName7 = test/UndoRedoTest
		SccLocalPath7 = test\\UndoRedoTest
		SccProjectUniqueName8 = Julmar.Core\\Julmar.Core.csproj
		SccProjectName8 = Julmar.Core
		SccLocalPath8 = Julmar.Core
		SccProjectUniqueName9 = test\\MVVMFolderExplorer\\MVVMFolderExplorer.csproj
		SccProjectTopLevelParentUniqueName9 = Julmar.Wpf.Helpers.sln
		SccProjectName9 = test/MVVMFolderExplorer
		SccLocalPath9 = test\\MVVMFolderExplorer
		SccProjectUniqueName10 = test\\DragDropTest\\DragDropTest.csproj
		SccProjectTopLevelParentUniqueName10 = Julmar.Wpf.Helpers.sln
		SccProjectName10 = test/DragDropTest
		SccLocalPath10 = test\\DragDropTest
		SccProjectUniqueName11 = test\\MultiWindowTest\\MultiWindowTest.csproj
		SccProjectTopLevelParentUniqueName11 = Julmar.Wpf.Helpers.sln
		SccProjectName11 = test/MultiWindowTest
		SccLocalPath11 = test\\MultiWindowTest
		SccProjectUniqueName12 = test\\MasterDetailTest\\SlowMasterDetailTest.csproj
		SccProjectTopLevelParentUniqueName12 = Julmar.Wpf.Helpers.sln
		SccProjectName12 = test/MasterDetailTest
		SccLocalPath12 = test\\MasterDetailTest
		SccProjectUniqueName13 = test\\ViewModelTriggerTest\\ViewModelTriggerTest.csproj
		SccProjectTopLevelParentUniqueName13 = Julmar.Wpf.Helpers.sln
		SccProjectName13 = test/ViewModelTriggerTest
		SccLocalPath13 = test\\ViewModelTriggerTest
		SccProjectUniqueName14 = test\\ListViewSortTest\\Test\\ListViewSort.csproj
		SccProjectTopLevelParentUniqueName14 = Julmar.Wpf.Helpers.sln
		SccProjectName14 = test/ListViewSortTest/Test
		SccLocalPath14 = test\\ListViewSortTest\\Test
		SccProjectUniqueName15 = test\\MultiSelectTreeView\\MultiSelectTreeView.csproj
		SccProjectTopLevelParentUniqueName15 = Julmar.Wpf.Helpers.sln
		SccProjectName15 = test/MultiSelectTreeView
		SccLocalPath15 = test\\MultiSelectTreeView
		SccProjectUniqueName16 = test\\MultiSelectCollectionTest\\MultiSelectCollectionTest.csproj
		SccProjectTopLevelParentUniqueName16 = Julmar.Wpf.Helpers.sln
		SccProjectName16 = test/MultiSelectCollectionTest
		SccLocalPath16 = test\\MultiSelectCollectionTest
		SccProjectUniqueName17 = test\\StyleBehaviorTest\\StyleBehaviorTest.csproj
		SccProjectTopLevelParentUniqueName17 = Julmar.Wpf.Helpers.sln
		SccProjectName17 = test/StyleBehaviorTest
		SccLocalPath17 = test\\StyleBehaviorTest
		SccProjectUniqueName18 = test\\MouseScrollingBehavior\\MouseScrollingBehavior.csproj
		SccProjectTopLevelParentUniqueName18 = Julmar.Wpf.Helpers.sln
		SccProjectName18 = test/MouseScrollingBehavior
		SccLocalPath18 = test\\MouseScrollingBehavior
		SccProjectUniqueName19 = test\\ListViewColumnSizer\\ListViewColumnSizer.csproj
		SccProjectTopLevelParentUniqueName19 = Julmar.Wpf.Helpers.sln
		SccProjectName19 = test/ListViewColumnSizer
		SccLocalPath19 = test\\ListViewColumnSizer
		SccProjectUniqueName20 = test\\MultiUiViewModelTest\\MultiUiViewModelTest.csproj
		SccProjectTopLevelParentUniqueName20 = Julmar.Wpf.Helpers.sln
		SccProjectName20 = test/MultiUiViewModelTest
		SccLocalPath20 = test\\MultiUiViewModelTest
		SccProjectUniqueName21 = test\\DeferredBindTest\\DeferredBindTest.csproj
		SccProjectTopLevelParentUniqueName21 = Julmar.Wpf.Helpers.sln
		SccProjectName21 = test/DeferredBindTest
		SccLocalPath21 = test\\DeferredBindTest
		SccProjectUniqueName22 = test\\ServiceReplacement\\ServiceReplacement.csproj
		SccProjectTopLevelParentUniqueName22 = Julmar.Wpf.Helpers.sln
		SccProjectName22 = test/ServiceReplacement
		SccLocalPath22 = test\\ServiceReplacement
		SccProjectUniqueName23 = test\\ServiceReplacementTests\\ServiceReplacementTests.csproj
		SccProjectTopLevelParentUniqueName23 = Julmar.Wpf.Helpers.sln
		SccProjectName23 = test/ServiceReplacementTests
		SccLocalPath23 = test\\ServiceReplacementTests
		SccProjectUniqueName24 = test\\DeferredScrollingTest\\DeferredScrollingTest.csproj
		SccProjectTopLevelParentUniqueName24 = Julmar.Wpf.Helpers.sln
		SccProjectName24 = test/DeferredScrollingTest
		SccLocalPath24 = test\\DeferredScrollingTest
		SccProjectUniqueName25 = test\\C#\\TestCompositionWithEmbeddedHash\\TestCompositionWithEmbeddedHash.csproj
		SccProjectTopLevelParentUniqueName25 = Julmar.Wpf.Helpers.sln
		SccProjectName25 = test/C#/TestCompositionWithEmbeddedHash
		SccLocalPath25 = test\\C#\\TestCompositionWithEmbeddedHash
		SccProjectUniqueName26 = test\\GotoStateTest\\GotoStateTest.csproj
		SccProjectTopLevelParentUniqueName26 = Julmar.Wpf.Helpers.sln
		SccProjectName26 = test/GotoStateTest
		SccLocalPath26 = test\\GotoStateTest
	EndGlobalSection
	GlobalSection(SolutionConfigurationPlatforms) = preSolution
		Debug|Any CPU = Debug|Any CPU
		Debug|Mixed Platforms = Debug|Mixed Platforms
		Debug|x86 = Debug|x86
		Release|Any CPU = Release|Any CPU
		Release|Mixed Platforms = Release|Mixed Platforms
		Release|x86 = Release|x86
	EndGlobalSection
	GlobalSection(ProjectConfigurationPlatforms) = postSolution
		{E5662DCB-CE30-4AC2-A113-62F070D722B6}.Debug|Any CPU.ActiveCfg = Debug|Any CPU
		{E5662DCB-CE30-4AC2-A113-62F070D722B6}.Debug|Any CPU.Build.0 = Debug|Any CPU
		{E5662DCB-CE30-4AC2-A113-62F070D722B6}.Debug|Mixed Platforms.ActiveCfg = Debug|Any CPU
		{E5662DCB-CE30-4AC2-A113-62F070D722B6}.Debug|Mixed Platforms.Build.0 = Debug|Any CPU
		{E5662DCB-CE30-4AC2-A113-62F070D722B6}.Debug|x86.ActiveCfg = Debug|Any CPU
		{E5662DCB-CE30-4AC2-A113-62F070D722B6}.Release|Any CPU.ActiveCfg = Release|Any CPU
		{E5662DCB-CE30-4AC2-A113-62F070D722B6}.Release|Any CPU.Build.0 = Release|Any CPU
		{E5662DCB-CE30-4AC2-A113-62F070D722B6}.Release|Mixed Platforms.ActiveCfg = Release|Any CPU
		{E5662DCB-CE30-4AC2-A113-62F070D722B6}.Release|Mixed Platforms.Build.0 = Release|Any CPU
		{E5662DCB-CE30-4AC2-A113-62F070D722B6}.Release|x86.ActiveCfg = Release|Any CPU
		{37EAC372-5684-45E2-B999-986F98EFE40D}.Debug|Any CPU.ActiveCfg = Debug|Any CPU
		{37EAC372-5684-45E2-B999-986F98EFE40D}.Debug|Any CPU.Build.0 = Debug|Any CPU
		{37EAC372-5684-45E2-B999-986F98EFE40D}.Debug|Mixed Platforms.ActiveCfg = Debug|Any CPU
		{37EAC372-5684-45E2-B999-986F98EFE40D}.Debug|Mixed Platforms.Build.0 = Debug|Any CPU
		{37EAC372-5684-45E2-B999-986F98EFE40D}.Debug|x86.ActiveCfg = Debug|Any CPU
		{37EAC372-5684-45E2-B999-986F98EFE40D}.Release|Any CPU.ActiveCfg = Release|Any CPU
		{37EAC372-5684-45E2-B999-986F98EFE40D}.Release|Any CPU.Build.0 = Release|Any CPU
		{37EAC372-5684-45E2-B999-986F98EFE40D}.Release|Mixed Platforms.ActiveCfg = Release|Any CPU
		{37EAC372-5684-45E2-B999-986F98EFE40D}.Release|Mixed Platforms.Build.0 = Release|Any CPU
		{37EAC372-5684-45E2-B999-986F98EFE40D}.Release|x86.ActiveCfg = Release|Any CPU
		{525EF1E9-6326-4F73-9F54-C2A72C473F99}.Debug|Any CPU.ActiveCfg = Debug|Any CPU
		{525EF1E9-6326-4F73-9F54-C2A72C473F99}.Debug|Any CPU.Build.0 = Debug|Any CPU
		{525EF1E9-6326-4F73-9F54-C2A72C473F99}.Debug|Mixed Platforms.ActiveCfg = Debug|Any CPU
		{525EF1E9-6326-4F73-9F54-C2A72C473F99}.Debug|Mixed Platforms.Build.0 = Debug|Any CPU
		{525EF1E9-6326-4F73-9F54-C2A72C473F99}.Debug|x86.ActiveCfg = Debug|Any CPU
		{525EF1E9-6326-4F73-9F54-C2A72C473F99}.Release|Any CPU.ActiveCfg = Release|Any CPU
		{525EF1E9-6326-4F73-9F54-C2A72C473F99}.Release|Any CPU.Build.0 = Release|Any CPU
		{525EF1E9-6326-4F73-9F54-C2A72C473F99}.Release|Mixed Platforms.ActiveCfg = Release|Any CPU
		{525EF1E9-6326-4F73-9F54-C2A72C473F99}.Release|Mixed Platforms.Build.0 = Release|Any CPU
		{525EF1E9-6326-4F73-9F54-C2A72C473F99}.Release|x86.ActiveCfg = Release|Any CPU
		{27A1A126-164D-4F26-BF55-BDAA89B97B9D}.Debug|Any CPU.ActiveCfg = Debug|Any CPU
		{27A1A126-164D-4F26-BF55-BDAA89B97B9D}.Debug|Any CPU.Build.0 = Debug|Any CPU
		{27A1A126-164D-4F26-BF55-BDAA89B97B9D}.Debug|Mixed Platforms.ActiveCfg = Debug|Any CPU
		{27A1A126-164D-4F26-BF55-BDAA89B97B9D}.Debug|Mixed Platforms.Build.0 = Debug|Any CPU
		{27A1A126-164D-4F26-BF55-BDAA89B97B9D}.Debug|x86.ActiveCfg = Debug|Any CPU
		{27A1A126-164D-4F26-BF55-BDAA89B97B9D}.Release|Any CPU.ActiveCfg = Release|Any CPU
		{27A1A126-164D-4F26-BF55-BDAA89B97B9D}.Release|Any CPU.Build.0 = Release|Any CPU
		{27A1A126-164D-4F26-BF55-BDAA89B97B9D}.Release|Mixed Platforms.ActiveCfg = Release|Any CPU
		{27A1A126-164D-4F26-BF55-BDAA89B97B9D}.Release|Mixed Platforms.Build.0 = Release|Any CPU
		{27A1A126-164D-4F26-BF55-BDAA89B97B9D}.Release|x86.ActiveCfg = Release|Any CPU
		{1237ECD4-C23C-4300-885E-5DBC6FEDE748}.Debug|Any CPU.ActiveCfg = Debug|x86
		{1237ECD4-C23C-4300-885E-5DBC6FEDE748}.Debug|Mixed Platforms.ActiveCfg = Debug|x86
		{1237ECD4-C23C-4300-885E-5DBC6FEDE748}.Debug|Mixed Platforms.Build.0 = Debug|x86
		{1237ECD4-C23C-4300-885E-5DBC6FEDE748}.Debug|x86.ActiveCfg = Debug|x86
		{1237ECD4-C23C-4300-885E-5DBC6FEDE748}.Debug|x86.Build.0 = Debug|x86
		{1237ECD4-C23C-4300-885E-5DBC6FEDE748}.Release|Any CPU.ActiveCfg = Release|x86
		{1237ECD4-C23C-4300-885E-5DBC6FEDE748}.Release|Mixed Platforms.ActiveCfg = Release|x86
		{1237ECD4-C23C-4300-885E-5DBC6FEDE748}.Release|Mixed Platforms.Build.0 = Release|x86
		{1237ECD4-C23C-4300-885E-5DBC6FEDE748}.Release|x86.ActiveCfg = Release|x86
		{1237ECD4-C23C-4300-885E-5DBC6FEDE748}.Release|x86.Build.0 = Release|x86
		{306914A2-1DE7-45B3-8142-AB11A4AD2D9E}.Debug|Any CPU.ActiveCfg = Debug|Any CPU
		{306914A2-1DE7-45B3-8142-AB11A4AD2D9E}.Debug|Any CPU.Build.0 = Debug|Any CPU
		{306914A2-1DE7-45B3-8142-AB11A4AD2D9E}.Debug|Mixed Platforms.ActiveCfg = Debug|Any CPU
		{306914A2-1DE7-45B3-8142-AB11A4AD2D9E}.Debug|Mixed Platforms.Build.0 = Debug|Any CPU
		{306914A2-1DE7-45B3-8142-AB11A4AD2D9E}.Debug|x86.ActiveCfg = Debug|Any CPU
		{306914A2-1DE7-45B3-8142-AB11A4AD2D9E}.Release|Any CPU.ActiveCfg = Release|Any CPU
		{306914A2-1DE7-45B3-8142-AB11A4AD2D9E}.Release|Any CPU.Build.0 = Release|Any CPU
		{306914A2-1DE7-45B3-8142-AB11A4AD2D9E}.Release|Mixed Platforms.ActiveCfg = Release|Any CPU
		{306914A2-1DE7-45B3-8142-AB11A4AD2D9E}.Release|Mixed Platforms.Build.0 = Release|Any CPU
		{306914A2-1DE7-45B3-8142-AB11A4AD2D9E}.Release|x86.ActiveCfg = Release|Any CPU
		{4910ABE3-CE97-427E-A2C3-A9BA8FF6760F}.Debug|Any CPU.ActiveCfg = Debug|x86
		{4910ABE3-CE97-427E-A2C3-A9BA8FF6760F}.Debug|Mixed Platforms.ActiveCfg = Debug|x86
		{4910ABE3-CE97-427E-A2C3-A9BA8FF6760F}.Debug|Mixed Platforms.Build.0 = Debug|x86
		{4910ABE3-CE97-427E-A2C3-A9BA8FF6760F}.Debug|x86.ActiveCfg = Debug|x86
		{4910ABE3-CE97-427E-A2C3-A9BA8FF6760F}.Debug|x86.Build.0 = Debug|x86
		{4910ABE3-CE97-427E-A2C3-A9BA8FF6760F}.Release|Any CPU.ActiveCfg = Release|x86
		{4910ABE3-CE97-427E-A2C3-A9BA8FF6760F}.Release|Mixed Platforms.ActiveCfg = Release|x86
		{4910ABE3-CE97-427E-A2C3-A9BA8FF6760F}.Release|Mixed Platforms.Build.0 = Release|x86
		{4910ABE3-CE97-427E-A2C3-A9BA8FF6760F}.Release|x86.ActiveCfg = Release|x86
		{4910ABE3-CE97-427E-A2C3-A9BA8FF6760F}.Release|x86.Build.0 = Release|x86
		{DDB17800-0841-47A1-8AF6-89DAB38DAE98}.Debug|Any CPU.ActiveCfg = Debug|Any CPU
		{DDB17800-0841-47A1-8AF6-89DAB38DAE98}.Debug|Any CPU.Build.0 = Debug|Any CPU
		{DDB17800-0841-47A1-8AF6-89DAB38DAE98}.Debug|Mixed Platforms.ActiveCfg = Debug|Any CPU
		{DDB17800-0841-47A1-8AF6-89DAB38DAE98}.Debug|Mixed Platforms.Build.0 = Debug|Any CPU
		{DDB17800-0841-47A1-8AF6-89DAB38DAE98}.Debug|x86.ActiveCfg = Debug|Any CPU
		{DDB17800-0841-47A1-8AF6-89DAB38DAE98}.Release|Any CPU.ActiveCfg = Release|Any CPU
		{DDB17800-0841-47A1-8AF6-89DAB38DAE98}.Release|Any CPU.Build.0 = Release|Any CPU
		{DDB17800-0841-47A1-8AF6-89DAB38DAE98}.Release|Mixed Platforms.ActiveCfg = Release|Any CPU
		{DDB17800-0841-47A1-8AF6-89DAB38DAE98}.Release|Mixed Platforms.Build.0 = Release|Any CPU
		{DDB17800-0841-47A1-8AF6-89DAB38DAE98}.Release|x86.ActiveCfg = Release|Any CPU
		{C1A3F221-3165-4AD9-AABA-6F4D9B2C130D}.Debug|Any CPU.ActiveCfg = Debug|Any CPU
		{C1A3F221-3165-4AD9-AABA-6F4D9B2C130D}.Debug|Any CPU.Build.0 = Debug|Any CPU
		{C1A3F221-3165-4AD9-AABA-6F4D9B2C130D}.Debug|Mixed Platforms.ActiveCfg = Debug|Any CPU
		{C1A3F221-3165-4AD9-AABA-6F4D9B2C130D}.Debug|Mixed Platforms.Build.0 = Debug|Any CPU
		{C1A3F221-3165-4AD9-AABA-6F4D9B2C130D}.Debug|x86.ActiveCfg = Debug|Any CPU
		{C1A3F221-3165-4AD9-AABA-6F4D9B2C130D}.Release|Any CPU.ActiveCfg = Release|Any CPU
		{C1A3F221-3165-4AD9-AABA-6F4D9B2C130D}.Release|Any CPU.Build.0 = Release|Any CPU
		{C1A3F221-3165-4AD9-AABA-6F4D9B2C130D}.Release|Mixed Platforms.ActiveCfg = Release|Any CPU
		{C1A3F221-3165-4AD9-AABA-6F4D9B2C130D}.Release|Mixed Platforms.Build.0 = Release|Any CPU
		{C1A3F221-3165-4AD9-AABA-6F4D9B2C130D}.Release|x86.ActiveCfg = Release|Any CPU
		{64AE80E3-9AFF-4826-9F62-E9CBD0F318DF}.Debug|Any CPU.ActiveCfg = Debug|Any CPU
		{64AE80E3-9AFF-4826-9F62-E9CBD0F318DF}.Debug|Any CPU.Build.0 = Debug|Any CPU
		{64AE80E3-9AFF-4826-9F62-E9CBD0F318DF}.Debug|Mixed Platforms.ActiveCfg = Debug|Any CPU
		{64AE80E3-9AFF-4826-9F62-E9CBD0F318DF}.Debug|Mixed Platforms.Build.0 = Debug|Any CPU
		{64AE80E3-9AFF-4826-9F62-E9CBD0F318DF}.Debug|x86.ActiveCfg = Debug|Any CPU
		{64AE80E3-9AFF-4826-9F62-E9CBD0F318DF}.Release|Any CPU.ActiveCfg = Release|Any CPU
		{64AE80E3-9AFF-4826-9F62-E9CBD0F318DF}.Release|Any CPU.Build.0 = Release|Any CPU
		{64AE80E3-9AFF-4826-9F62-E9CBD0F318DF}.Release|Mixed Platforms.ActiveCfg = Release|Any CPU
		{64AE80E3-9AFF-4826-9F62-E9CBD0F318DF}.Release|Mixed Platforms.Build.0 = Release|Any CPU
		{64AE80E3-9AFF-4826-9F62-E9CBD0F318DF}.Release|x86.ActiveCfg = Release|Any CPU
		{4206AC26-0583-4501-812D-E5A14749E422}.Debug|Any CPU.ActiveCfg = Debug|x86
		{4206AC26-0583-4501-812D-E5A14749E422}.Debug|Mixed Platforms.ActiveCfg = Debug|x86
		{4206AC26-0583-4501-812D-E5A14749E422}.Debug|Mixed Platforms.Build.0 = Debug|x86
		{4206AC26-0583-4501-812D-E5A14749E422}.Debug|x86.ActiveCfg = Debug|x86
		{4206AC26-0583-4501-812D-E5A14749E422}.Debug|x86.Build.0 = Debug|x86
		{4206AC26-0583-4501-812D-E5A14749E422}.Release|Any CPU.ActiveCfg = Release|x86
		{4206AC26-0583-4501-812D-E5A14749E422}.Release|Mixed Platforms.ActiveCfg = Release|x86
		{4206AC26-0583-4501-812D-E5A14749E422}.Release|Mixed Platforms.Build.0 = Release|x86
		{4206AC26-0583-4501-812D-E5A14749E422}.Release|x86.ActiveCfg = Release|x86
		{4206AC26-0583-4501-812D-E5A14749E422}.Release|x86.Build.0 = Release|x86
		{4340208F-70A7-4B4A-8840-F642C06710BA}.Debug|Any CPU.ActiveCfg = Debug|x86
		{4340208F-70A7-4B4A-8840-F642C06710BA}.Debug|Mixed Platforms.ActiveCfg = Debug|x86
		{4340208F-70A7-4B4A-8840-F642C06710BA}.Debug|Mixed Platforms.Build.0 = Debug|x86
		{4340208F-70A7-4B4A-8840-F642C06710BA}.Debug|x86.ActiveCfg = Debug|x86
		{4340208F-70A7-4B4A-8840-F642C06710BA}.Debug|x86.Build.0 = Debug|x86
		{4340208F-70A7-4B4A-8840-F642C06710BA}.Release|Any CPU.ActiveCfg = Release|x86
		{4340208F-70A7-4B4A-8840-F642C06710BA}.Release|Mixed Platforms.ActiveCfg = Release|x86
		{4340208F-70A7-4B4A-8840-F642C06710BA}.Release|Mixed Platforms.Build.0 = Release|x86
		{4340208F-70A7-4B4A-8840-F642C06710BA}.Release|x86.ActiveCfg = Release|x86
		{4340208F-70A7-4B4A-8840-F642C06710BA}.Release|x86.Build.0 = Release|x86
		{3D696203-A2D9-4C4A-96F4-65ECF716FC1A}.Debug|Any CPU.ActiveCfg = Debug|x86
		{3D696203-A2D9-4C4A-96F4-65ECF716FC1A}.Debug|Mixed Platforms.ActiveCfg = Debug|x86
		{3D696203-A2D9-4C4A-96F4-65ECF716FC1A}.Debug|Mixed Platforms.Build.0 = Debug|x86
		{3D696203-A2D9-4C4A-96F4-65ECF716FC1A}.Debug|x86.ActiveCfg = Debug|x86
		{3D696203-A2D9-4C4A-96F4-65ECF716FC1A}.Debug|x86.Build.0 = Debug|x86
		{3D696203-A2D9-4C4A-96F4-65ECF716FC1A}.Release|Any CPU.ActiveCfg = Release|x86
		{3D696203-A2D9-4C4A-96F4-65ECF716FC1A}.Release|Mixed Platforms.ActiveCfg = Release|x86
		{3D696203-A2D9-4C4A-96F4-65ECF716FC1A}.Release|Mixed Platforms.Build.0 = Release|x86
		{3D696203-A2D9-4C4A-96F4-65ECF716FC1A}.Release|x86.ActiveCfg = Release|x86
		{3D696203-A2D9-4C4A-96F4-65ECF716FC1A}.Release|x86.Build.0 = Release|x86
		{EF6A995B-021D-4B3F-886D-F81D0015F9BE}.Debug|Any CPU.ActiveCfg = Debug|Any CPU
		{EF6A995B-021D-4B3F-886D-F81D0015F9BE}.Debug|Any CPU.Build.0 = Debug|Any CPU
		{EF6A995B-021D-4B3F-886D-F81D0015F9BE}.Debug|Mixed Platforms.ActiveCfg = Debug|Any CPU
		{EF6A995B-021D-4B3F-886D-F81D0015F9BE}.Debug|Mixed Platforms.Build.0 = Debug|Any CPU
		{EF6A995B-021D-4B3F-886D-F81D0015F9BE}.Debug|x86.ActiveCfg = Debug|Any CPU
		{EF6A995B-021D-4B3F-886D-F81D0015F9BE}.Release|Any CPU.ActiveCfg = Release|Any CPU
		{EF6A995B-021D-4B3F-886D-F81D0015F9BE}.Release|Any CPU.Build.0 = Release|Any CPU
		{EF6A995B-021D-4B3F-886D-F81D0015F9BE}.Release|Mixed Platforms.ActiveCfg = Release|Any CPU
		{EF6A995B-021D-4B3F-886D-F81D0015F9BE}.Release|Mixed Platforms.Build.0 = Release|Any CPU
		{EF6A995B-021D-4B3F-886D-F81D0015F9BE}.Release|x86.ActiveCfg = Release|Any CPU
		{356C2F2B-E2D7-4511-9A75-7115F1862BFB}.Debug|Any CPU.ActiveCfg = Debug|Any CPU
		{356C2F2B-E2D7-4511-9A75-7115F1862BFB}.Debug|Any CPU.Build.0 = Debug|Any CPU
		{356C2F2B-E2D7-4511-9A75-7115F1862BFB}.Debug|Mixed Platforms.ActiveCfg = Debug|Any CPU
		{356C2F2B-E2D7-4511-9A75-7115F1862BFB}.Debug|Mixed Platforms.Build.0 = Debug|Any CPU
		{356C2F2B-E2D7-4511-9A75-7115F1862BFB}.Debug|x86.ActiveCfg = Debug|Any CPU
		{356C2F2B-E2D7-4511-9A75-7115F1862BFB}.Release|Any CPU.ActiveCfg = Release|Any CPU
		{356C2F2B-E2D7-4511-9A75-7115F1862BFB}.Release|Any CPU.Build.0 = Release|Any CPU
		{356C2F2B-E2D7-4511-9A75-7115F1862BFB}.Release|Mixed Platforms.ActiveCfg = Release|Any CPU
		{356C2F2B-E2D7-4511-9A75-7115F1862BFB}.Release|Mixed Platforms.Build.0 = Release|Any CPU
		{356C2F2B-E2D7-4511-9A75-7115F1862BFB}.Release|x86.ActiveCfg = Release|Any CPU
		{535B7C19-3869-41E8-8E6D-004F9A2C702E}.Debug|Any CPU.ActiveCfg = Debug|x86
		{535B7C19-3869-41E8-8E6D-004F9A2C702E}.Debug|Mixed Platforms.ActiveCfg = Debug|x86
		{535B7C19-3869-41E8-8E6D-004F9A2C702E}.Debug|Mixed Platforms.Build.0 = Debug|x86
		{535B7C19-3869-41E8-8E6D-004F9A2C702E}.Debug|x86.ActiveCfg = Debug|x86
		{535B7C19-3869-41E8-8E6D-004F9A2C702E}.Debug|x86.Build.0 = Debug|x86
		{535B7C19-3869-41E8-8E6D-004F9A2C702E}.Release|Any CPU.ActiveCfg = Release|x86
		{535B7C19-3869-41E8-8E6D-004F9A2C702E}.Release|Mixed Platforms.ActiveCfg = Release|x86
		{535B7C19-3869-41E8-8E6D-004F9A2C702E}.Release|Mixed Platforms.Build.0 = Release|x86
		{535B7C19-3869-41E8-8E6D-004F9A2C702E}.Release|x86.ActiveCfg = Release|x86
		{535B7C19-3869-41E8-8E6D-004F9A2C702E}.Release|x86.Build.0 = Release|x86
		{BE712575-BEA6-4901-A341-484EF8AEA744}.Debug|Any CPU.ActiveCfg = Debug|x86
		{BE712575-BEA6-4901-A341-484EF8AEA744}.Debug|Mixed Platforms.ActiveCfg = Debug|x86
		{BE712575-BEA6-4901-A341-484EF8AEA744}.Debug|Mixed Platforms.Build.0 = Debug|x86
		{BE712575-BEA6-4901-A341-484EF8AEA744}.Debug|x86.ActiveCfg = Debug|x86
		{BE712575-BEA6-4901-A341-484EF8AEA744}.Debug|x86.Build.0 = Debug|x86
		{BE712575-BEA6-4901-A341-484EF8AEA744}.Release|Any CPU.ActiveCfg = Release|x86
		{BE712575-BEA6-4901-A341-484EF8AEA744}.Release|Mixed Platforms.ActiveCfg = Release|x86
		{BE712575-BEA6-4901-A341-484EF8AEA744}.Release|Mixed Platforms.Build.0 = Release|x86
		{BE712575-BEA6-4901-A341-484EF8AEA744}.Release|x86.ActiveCfg = Release|x86
		{BE712575-BEA6-4901-A341-484EF8AEA744}.Release|x86.Build.0 = Release|x86
		{AA55123C-55C6-4F82-8E42-841D8DC6F285}.Debug|Any CPU.ActiveCfg = Debug|x86
		{AA55123C-55C6-4F82-8E42-841D8DC6F285}.Debug|Mixed Platforms.ActiveCfg = Debug|x86
		{AA55123C-55C6-4F82-8E42-841D8DC6F285}.Debug|Mixed Platforms.Build.0 = Debug|x86
		{AA55123C-55C6-4F82-8E42-841D8DC6F285}.Debug|x86.ActiveCfg = Debug|x86
		{AA55123C-55C6-4F82-8E42-841D8DC6F285}.Debug|x86.Build.0 = Debug|x86
		{AA55123C-55C6-4F82-8E42-841D8DC6F285}.Release|Any CPU.ActiveCfg = Release|x86
		{AA55123C-55C6-4F82-8E42-841D8DC6F285}.Release|Mixed Platforms.ActiveCfg = Release|x86
		{AA55123C-55C6-4F82-8E42-841D8DC6F285}.Release|Mixed Platforms.Build.0 = Release|x86
		{AA55123C-55C6-4F82-8E42-841D8DC6F285}.Release|x86.ActiveCfg = Release|x86
		{AA55123C-55C6-4F82-8E42-841D8DC6F285}.Release|x86.Build.0 = Release|x86
		{20CD1ADE-6D32-41CE-B1F4-6D2FC8AF5FB9}.Debug|Any CPU.ActiveCfg = Debug|x86
		{20CD1ADE-6D32-41CE-B1F4-6D2FC8AF5FB9}.Debug|Mixed Platforms.ActiveCfg = Debug|x86
		{20CD1ADE-6D32-41CE-B1F4-6D2FC8AF5FB9}.Debug|Mixed Platforms.Build.0 = Debug|x86
		{20CD1ADE-6D32-41CE-B1F4-6D2FC8AF5FB9}.Debug|x86.ActiveCfg = Debug|x86
		{20CD1ADE-6D32-41CE-B1F4-6D2FC8AF5FB9}.Debug|x86.Build.0 = Debug|x86
		{20CD1ADE-6D32-41CE-B1F4-6D2FC8AF5FB9}.Release|Any CPU.ActiveCfg = Release|x86
		{20CD1ADE-6D32-41CE-B1F4-6D2FC8AF5FB9}.Release|Mixed Platforms.ActiveCfg = Release|x86
		{20CD1ADE-6D32-41CE-B1F4-6D2FC8AF5FB9}.Release|Mixed Platforms.Build.0 = Release|x86
		{20CD1ADE-6D32-41CE-B1F4-6D2FC8AF5FB9}.Release|x86.ActiveCfg = Release|x86
		{20CD1ADE-6D32-41CE-B1F4-6D2FC8AF5FB9}.Release|x86.Build.0 = Release|x86
		{E615467F-793F-47C0-8C38-CA378D5E742D}.Debug|Any CPU.ActiveCfg = Debug|x86
		{E615467F-793F-47C0-8C38-CA378D5E742D}.Debug|Mixed Platforms.ActiveCfg = Debug|x86
		{E615467F-793F-47C0-8C38-CA378D5E742D}.Debug|Mixed Platforms.Build.0 = Debug|x86
		{E615467F-793F-47C0-8C38-CA378D5E742D}.Debug|x86.ActiveCfg = Debug|x86
		{E615467F-793F-47C0-8C38-CA378D5E742D}.Debug|x86.Build.0 = Debug|x86
		{E615467F-793F-47C0-8C38-CA378D5E742D}.Release|Any CPU.ActiveCfg = Release|x86
		{E615467F-793F-47C0-8C38-CA378D5E742D}.Release|Mixed Platforms.ActiveCfg = Release|x86
		{E615467F-793F-47C0-8C38-CA378D5E742D}.Release|Mixed Platforms.Build.0 = Release|x86
		{E615467F-793F-47C0-8C38-CA378D5E742D}.Release|x86.ActiveCfg = Release|x86
		{E615467F-793F-47C0-8C38-CA378D5E742D}.Release|x86.Build.0 = Release|x86
		{3BD3559C-EEBB-4C19-A058-FB79A0FA2B73}.Debug|Any CPU.ActiveCfg = Debug|x86
		{3BD3559C-EEBB-4C19-A058-FB79A0FA2B73}.Debug|Mixed Platforms.ActiveCfg = Debug|x86
		{3BD3559C-EEBB-4C19-A058-FB79A0FA2B73}.Debug|Mixed Platforms.Build.0 = Debug|x86
		{3BD3559C-EEBB-4C19-A058-FB79A0FA2B73}.Debug|x86.ActiveCfg = Debug|x86
		{3BD3559C-EEBB-4C19-A058-FB79A0FA2B73}.Debug|x86.Build.0 = Debug|x86
		{3BD3559C-EEBB-4C19-A058-FB79A0FA2B73}.Release|Any CPU.ActiveCfg = Release|x86
		{3BD3559C-EEBB-4C19-A058-FB79A0FA2B73}.Release|Mixed Platforms.ActiveCfg = Release|x86
		{3BD3559C-EEBB-4C19-A058-FB79A0FA2B73}.Release|Mixed Platforms.Build.0 = Release|x86
		{3BD3559C-EEBB-4C19-A058-FB79A0FA2B73}.Release|x86.ActiveCfg = Release|x86
		{3BD3559C-EEBB-4C19-A058-FB79A0FA2B73}.Release|x86.Build.0 = Release|x86
		{2C23803C-3F66-45C0-A2B0-B18DBA964CB9}.Debug|Any CPU.ActiveCfg = Debug|x86
		{2C23803C-3F66-45C0-A2B0-B18DBA964CB9}.Debug|Mixed Platforms.ActiveCfg = Debug|x86
		{2C23803C-3F66-45C0-A2B0-B18DBA964CB9}.Debug|Mixed Platforms.Build.0 = Debug|x86
		{2C23803C-3F66-45C0-A2B0-B18DBA964CB9}.Debug|x86.ActiveCfg = Debug|x86
		{2C23803C-3F66-45C0-A2B0-B18DBA964CB9}.Debug|x86.Build.0 = Debug|x86
		{2C23803C-3F66-45C0-A2B0-B18DBA964CB9}.Release|Any CPU.ActiveCfg = Release|x86
		{2C23803C-3F66-45C0-A2B0-B18DBA964CB9}.Release|Mixed Platforms.ActiveCfg = Release|x86
		{2C23803C-3F66-45C0-A2B0-B18DBA964CB9}.Release|Mixed Platforms.Build.0 = Release|x86
		{2C23803C-3F66-45C0-A2B0-B18DBA964CB9}.Release|x86.ActiveCfg = Release|x86
		{2C23803C-3F66-45C0-A2B0-B18DBA964CB9}.Release|x86.Build.0 = Release|x86
		{5BDC17CB-CDBA-4253-A5D9-2246DBA4BD60}.Debug|Any CPU.ActiveCfg = Debug|Any CPU
		{5BDC17CB-CDBA-4253-A5D9-2246DBA4BD60}.Debug|Any CPU.Build.0 = Debug|Any CPU
		{5BDC17CB-CDBA-4253-A5D9-2246DBA4BD60}.Debug|Mixed Platforms.ActiveCfg = Debug|Any CPU
		{5BDC17CB-CDBA-4253-A5D9-2246DBA4BD60}.Debug|Mixed Platforms.Build.0 = Debug|Any CPU
		{5BDC17CB-CDBA-4253-A5D9-2246DBA4BD60}.Debug|x86.ActiveCfg = Debug|Any CPU
		{5BDC17CB-CDBA-4253-A5D9-2246DBA4BD60}.Release|Any CPU.ActiveCfg = Release|Any CPU
		{5BDC17CB-CDBA-4253-A5D9-2246DBA4BD60}.Release|Any CPU.Build.0 = Release|Any CPU
		{5BDC17CB-CDBA-4253-A5D9-2246DBA4BD60}.Release|Mixed Platforms.ActiveCfg = Release|Any CPU
		{5BDC17CB-CDBA-4253-A5D9-2246DBA4BD60}.Release|Mixed Platforms.Build.0 = Release|Any CPU
		{5BDC17CB-CDBA-4253-A5D9-2246DBA4BD60}.Release|x86.ActiveCfg = Release|Any CPU
		{B4A4E314-641C-4095-93B1-ACE8C1B5461B}.Debug|Any CPU.ActiveCfg = Debug|x86
		{B4A4E314-641C-4095-93B1-ACE8C1B5461B}.Debug|Mixed Platforms.ActiveCfg = Debug|x86
		{B4A4E314-641C-4095-93B1-ACE8C1B5461B}.Debug|Mixed Platforms.Build.0 = Debug|x86
		{B4A4E314-641C-4095-93B1-ACE8C1B5461B}.Debug|x86.ActiveCfg = Debug|x86
		{B4A4E314-641C-4095-93B1-ACE8C1B5461B}.Debug|x86.Build.0 = Debug|x86
		{B4A4E314-641C-4095-93B1-ACE8C1B5461B}.Release|Any CPU.ActiveCfg = Release|x86
		{B4A4E314-641C-4095-93B1-ACE8C1B5461B}.Release|Mixed Platforms.ActiveCfg = Release|x86
		{B4A4E314-641C-4095-93B1-ACE8C1B5461B}.Release|Mixed Platforms.Build.0 = Release|x86
		{B4A4E314-641C-4095-93B1-ACE8C1B5461B}.Release|x86.ActiveCfg = Release|x86
		{B4A4E314-641C-4095-93B1-ACE8C1B5461B}.Release|x86.Build.0 = Release|x86
		{3BED1617-2A09-439A-A081-C62D51443582}.Debug|Any CPU.ActiveCfg = Debug|Any CPU
		{3BED1617-2A09-439A-A081-C62D51443582}.Debug|Any CPU.Build.0 = Debug|Any CPU
		{3BED1617-2A09-439A-A081-C62D51443582}.Debug|Mixed Platforms.ActiveCfg = Debug|Any CPU
		{3BED1617-2A09-439A-A081-C62D51443582}.Debug|Mixed Platforms.Build.0 = Debug|Any CPU
		{3BED1617-2A09-439A-A081-C62D51443582}.Debug|x86.ActiveCfg = Debug|Any CPU
		{3BED1617-2A09-439A-A081-C62D51443582}.Release|Any CPU.ActiveCfg = Release|Any CPU
		{3BED1617-2A09-439A-A081-C62D51443582}.Release|Any CPU.Build.0 = Release|Any CPU
		{3BED1617-2A09-439A-A081-C62D51443582}.Release|Mixed Platforms.ActiveCfg = Release|Any CPU
		{3BED1617-2A09-439A-A081-C62D51443582}.Release|Mixed Platforms.Build.0 = Release|Any CPU
		{3BED1617-2A09-439A-A081-C62D51443582}.Release|x86.ActiveCfg = Release|Any CPU
		{3B320D96-0AFC-49FB-A5EA-9374E6196B68}.Debug|Any CPU.ActiveCfg = Debug|Any CPU
		{3B320D96-0AFC-49FB-A5EA-9374E6196B68}.Debug|Any CPU.Build.0 = Debug|Any CPU
		{3B320D96-0AFC-49FB-A5EA-9374E6196B68}.Debug|Mixed Platforms.ActiveCfg = Debug|Any CPU
		{3B320D96-0AFC-49FB-A5EA-9374E6196B68}.Debug|Mixed Platforms.Build.0 = Debug|Any CPU
		{3B320D96-0AFC-49FB-A5EA-9374E6196B68}.Debug|x86.ActiveCfg = Debug|Any CPU
		{3B320D96-0AFC-49FB-A5EA-9374E6196B68}.Release|Any CPU.ActiveCfg = Release|Any CPU
		{3B320D96-0AFC-49FB-A5EA-9374E6196B68}.Release|Any CPU.Build.0 = Release|Any CPU
		{3B320D96-0AFC-49FB-A5EA-9374E6196B68}.Release|Mixed Platforms.ActiveCfg = Release|Any CPU
		{3B320D96-0AFC-49FB-A5EA-9374E6196B68}.Release|Mixed Platforms.Build.0 = Release|Any CPU
		{3B320D96-0AFC-49FB-A5EA-9374E6196B68}.Release|x86.ActiveCfg = Release|Any CPU
	EndGlobalSection
	GlobalSection(SolutionProperties) = preSolution
		HideSolutionNode = FALSE
	EndGlobalSection
	GlobalSection(NestedProjects) = preSolution
		{1237ECD4-C23C-4300-885E-5DBC6FEDE748} = {36509B3E-AEE1-41AD-A58D-9DF20C2C7B7A}
		{306914A2-1DE7-45B3-8142-AB11A4AD2D9E} = {36509B3E-AEE1-41AD-A58D-9DF20C2C7B7A}
		{4910ABE3-CE97-427E-A2C3-A9BA8FF6760F} = {36509B3E-AEE1-41AD-A58D-9DF20C2C7B7A}
		{525EF1E9-6326-4F73-9F54-C2A72C473F99} = {36509B3E-AEE1-41AD-A58D-9DF20C2C7B7A}
		{C1A3F221-3165-4AD9-AABA-6F4D9B2C130D} = {36509B3E-AEE1-41AD-A58D-9DF20C2C7B7A}
		{64AE80E3-9AFF-4826-9F62-E9CBD0F318DF} = {36509B3E-AEE1-41AD-A58D-9DF20C2C7B7A}
		{4206AC26-0583-4501-812D-E5A14749E422} = {36509B3E-AEE1-41AD-A58D-9DF20C2C7B7A}
		{4340208F-70A7-4B4A-8840-F642C06710BA} = {36509B3E-AEE1-41AD-A58D-9DF20C2C7B7A}
		{3D696203-A2D9-4C4A-96F4-65ECF716FC1A} = {36509B3E-AEE1-41AD-A58D-9DF20C2C7B7A}
		{EF6A995B-021D-4B3F-886D-F81D0015F9BE} = {36509B3E-AEE1-41AD-A58D-9DF20C2C7B7A}
		{356C2F2B-E2D7-4511-9A75-7115F1862BFB} = {36509B3E-AEE1-41AD-A58D-9DF20C2C7B7A}
		{535B7C19-3869-41E8-8E6D-004F9A2C702E} = {36509B3E-AEE1-41AD-A58D-9DF20C2C7B7A}
		{BE712575-BEA6-4901-A341-484EF8AEA744} = {36509B3E-AEE1-41AD-A58D-9DF20C2C7B7A}
		{AA55123C-55C6-4F82-8E42-841D8DC6F285} = {36509B3E-AEE1-41AD-A58D-9DF20C2C7B7A}
		{20CD1ADE-6D32-41CE-B1F4-6D2FC8AF5FB9} = {36509B3E-AEE1-41AD-A58D-9DF20C2C7B7A}
		{E615467F-793F-47C0-8C38-CA378D5E742D} = {36509B3E-AEE1-41AD-A58D-9DF20C2C7B7A}
		{3BD3559C-EEBB-4C19-A058-FB79A0FA2B73} = {36509B3E-AEE1-41AD-A58D-9DF20C2C7B7A}
		{2C23803C-3F66-45C0-A2B0-B18DBA964CB9} = {36509B3E-AEE1-41AD-A58D-9DF20C2C7B7A}
		{5BDC17CB-CDBA-4253-A5D9-2246DBA4BD60} = {36509B3E-AEE1-41AD-A58D-9DF20C2C7B7A}
		{B4A4E314-641C-4095-93B1-ACE8C1B5461B} = {36509B3E-AEE1-41AD-A58D-9DF20C2C7B7A}
		{3BED1617-2A09-439A-A081-C62D51443582} = {36509B3E-AEE1-41AD-A58D-9DF20C2C7B7A}
		{3B320D96-0AFC-49FB-A5EA-9374E6196B68} = {36509B3E-AEE1-41AD-A58D-9DF20C2C7B7A}
	EndGlobalSection
	GlobalSection(TestCaseManagementSettings) = postSolution
		CategoryFile = Julmar.Wpf.Helpers.vsmdi
	EndGlobalSection
	GlobalSection(SubversionScc) = preSolution
		Svn-Managed = True
		Manager = AnkhSVN - Subversion Support for Visual Studio
	EndGlobalSection
EndGlobal
