
Microsoft Visual Studio Solution File, Format Version 12.00
# Visual Studio 2013
VisualStudioVersion = 12.0.21005.1
MinimumVisualStudioVersion = 10.0.40219.1
Project("{FAE04EC0-301F-11D3-BF4B-00C04F79EFBC}") = "Julmar.Metro.Helpers", "MVVMHelpers.Metro\Julmar.Metro.Helpers.csproj", "{B640DE74-ACEB-4A7D-9FC5-14F58E63921F}"
EndProject
Project("{2150E333-8FDC-42A3-9474-1A3956D46DE8}") = "Test", "Test", "{CE3FE322-B65C-4806-92CB-09952A9A267C}"
EndProject
Project("{FAE04EC0-301F-11D3-BF4B-00C04F79EFBC}") = "SimpleMVVMTest", "Test\SimpleMVVMTest\SimpleMVVMTest.csproj", "{4986E5D2-3A32-41FA-9E6C-3E5D24946EDD}"
EndProject
Project("{FAE04EC0-301F-11D3-BF4B-00C04F79EFBC}") = "BouncingBalls", "Test\BouncingBalls\BouncingBalls.csproj", "{189DAB6A-1F20-4101-BFBA-16958610404D}"
EndProject
Project("{FAE04EC0-301F-11D3-BF4B-00C04F79EFBC}") = "VsmTest", "Test\VsmTest\VsmTest.csproj", "{6864248C-6675-4E5A-9B6E-58A6C11F8C50}"
EndProject
Project("{FAE04EC0-301F-11D3-BF4B-00C04F79EFBC}") = "Julmar.Metro.Tests", "Test\Julmar.Metro.Tests\Julmar.Metro.Tests.csproj", "{7E7037C1-7385-49C3-AE16-6DD9E9C8C79F}"
EndProject
Project("{FAE04EC0-301F-11D3-BF4B-00C04F79EFBC}") = "ViewModelInjection", "Test\ViewModelInjection\ViewModelInjection.csproj", "{657006C2-C5A0-4250-8450-BC6D523DE7DA}"
EndProject
Project("{FAE04EC0-301F-11D3-BF4B-00C04F79EFBC}") = "MultiPageNavigation", "Test\MultiPageNavigation\MultiPageNavigation.csproj", "{3378BB08-332B-453D-9DA6-D4C88B500BDC}"
EndProject
Project("{2150E333-8FDC-42A3-9474-1A3956D46DE8}") = "Solution Items", "Solution Items", "{DAA823A1-757A-4802-8E18-97C89BD2513C}"
	ProjectSection(SolutionItems) = preProject
		Readme.txt = Readme.txt
	EndProjectSection
EndProject
Project("{FAE04EC0-301F-11D3-BF4B-00C04F79EFBC}") = "NavigationSample", "Test\NavigationSample\NavigationSample.csproj", "{9A1D7179-BCF6-4281-9B28-FC3850CE230E}"
EndProject
Project("{FAE04EC0-301F-11D3-BF4B-00C04F79EFBC}") = "ViewModelTriggerTest", "Test\ViewModelTriggerTest\ViewModelTriggerTest.csproj", "{F0A61A19-2BCF-49CE-AACC-7F2F637AE58F}"
EndProject
Project("{FAE04EC0-301F-11D3-BF4B-00C04F79EFBC}") = "InteractionTriggers", "Test\InteractionTriggers\InteractionTriggers.csproj", "{3D96A7B0-E947-44ED-B92F-72698DF1225C}"
EndProject
Project("{FAE04EC0-301F-11D3-BF4B-00C04F79EFBC}") = "SynchronizedList", "Test\SynchronizedList\SynchronizedList.csproj", "{880EE5E5-09A0-43AB-9E6D-7E1F7B8E0720}"
EndProject
Project("{FAE04EC0-301F-11D3-BF4B-00C04F79EFBC}") = "AutoSerializingNavigationTest", "Test\AutoSerializingNavigationTest\AutoSerializingNavigationTest.csproj", "{EA737BBB-8A56-4111-A09E-C225C4ADDFED}"
EndProject
Project("{FAE04EC0-301F-11D3-BF4B-00C04F79EFBC}") = "AnimationTest", "Test\AnimationTest\AnimationTest.csproj", "{780194E0-5BA5-4936-AE10-2DBC92330C2D}"
EndProject
Project("{FAE04EC0-301F-11D3-BF4B-00C04F79EFBC}") = "FocusTests", "Test\FocusTests\FocusTests.csproj", "{49325E91-67E7-4283-AC91-3128AAFE5AC8}"
EndProject
Project("{2150E333-8FDC-42A3-9474-1A3956D46DE8}") = ".nuget", ".nuget", "{4BA43D03-9E07-40D6-B3A6-7C30EF3A22AC}"
	ProjectSection(SolutionItems) = preProject
		.nuget\NuGet.Config = .nuget\NuGet.Config
		.nuget\NuGet.exe = .nuget\NuGet.exe
		.nuget\NuGet.targets = .nuget\NuGet.targets
	EndProjectSection
EndProject
Global
	GlobalSection(TeamFoundationVersionControl) = preSolution
		SccNumberOfProjects = 15
		SccEnterpriseProvider = {4CA58AB2-18FA-4F8D-95D4-32DDF27D184C}
		SccTeamFoundationServer = https://tfs.codeplex.com/tfs/tfs08
		SccProjectUniqueName0 = MVVMHelpers.Metro\\Julmar.Metro.Helpers.csproj
		SccProjectName0 = MVVMHelpers.Metro
		SccLocalPath0 = MVVMHelpers.Metro
		SccProjectUniqueName1 = Test\\SimpleMVVMTest\\SimpleMVVMTest.csproj
		SccProjectTopLevelParentUniqueName1 = MVVMHelpers.Metro.sln
		SccProjectName1 = Test/SimpleMVVMTest
		SccLocalPath1 = Test\\SimpleMVVMTest
		SccProjectUniqueName2 = Test\\BouncingBalls\\BouncingBalls.csproj
		SccProjectTopLevelParentUniqueName2 = MVVMHelpers.Metro.sln
		SccProjectName2 = Test/BouncingBalls
		SccLocalPath2 = Test\\BouncingBalls
		SccProjectUniqueName3 = Test\\VsmTest\\VsmTest.csproj
		SccProjectTopLevelParentUniqueName3 = MVVMHelpers.Metro.sln
		SccProjectName3 = Test/VsmTest
		SccLocalPath3 = Test\\VsmTest
		SccProjectUniqueName4 = Test\\Julmar.Metro.Tests\\Julmar.Metro.Tests.csproj
		SccProjectTopLevelParentUniqueName4 = MVVMHelpers.Metro.sln
		SccProjectName4 = Test/Julmar.Metro.Tests
		SccLocalPath4 = Test\\Julmar.Metro.Tests
		SccProjectUniqueName5 = Test\\ViewModelInjection\\ViewModelInjection.csproj
		SccProjectTopLevelParentUniqueName5 = MVVMHelpers.Metro.sln
		SccProjectName5 = Test/ViewModelInjection
		SccLocalPath5 = Test\\ViewModelInjection
		SccProjectUniqueName6 = Test\\MultiPageNavigation\\MultiPageNavigation.csproj
		SccProjectTopLevelParentUniqueName6 = MVVMHelpers.Metro.sln
		SccProjectName6 = Test/MultiPageNavigation
		SccLocalPath6 = Test\\MultiPageNavigation
		SccProjectUniqueName7 = Test\\NavigationSample\\NavigationSample.csproj
		SccProjectTopLevelParentUniqueName7 = MVVMHelpers.Metro.sln
		SccProjectName7 = Test/NavigationSample
		SccLocalPath7 = Test\\NavigationSample
		SccProjectUniqueName8 = Test\\ViewModelTriggerTest\\ViewModelTriggerTest.csproj
		SccProjectTopLevelParentUniqueName8 = MVVMHelpers.Metro.sln
		SccProjectName8 = Test/ViewModelTriggerTest
		SccLocalPath8 = Test\\ViewModelTriggerTest
		SccProjectUniqueName9 = Test\\InteractionTriggers\\InteractionTriggers.csproj
		SccProjectTopLevelParentUniqueName9 = MVVMHelpers.Metro.sln
		SccProjectName9 = Test/InteractionTriggers
		SccLocalPath9 = Test\\InteractionTriggers
		SccProjectUniqueName10 = Test\\AnimationTest\\AnimationTest.csproj
		SccProjectTopLevelParentUniqueName10 = MVVMHelpers.Metro.sln
		SccProjectName10 = Test/AnimationTest
		SccLocalPath10 = Test\\AnimationTest
		SccLocalPath11 = .
		SccProjectUniqueName12 = Test\\SynchronizedList\\SynchronizedList.csproj
		SccProjectTopLevelParentUniqueName12 = MVVMHelpers.Metro.sln
		SccProjectName12 = Test/SynchronizedList
		SccLocalPath12 = Test\\SynchronizedList
		SccProjectUniqueName13 = Test\\AutoSerializingNavigationTest\\AutoSerializingNavigationTest.csproj
		SccProjectTopLevelParentUniqueName13 = MVVMHelpers.Metro.sln
		SccProjectName13 = Test/AutoSerializingNavigationTest
		SccLocalPath13 = Test\\AutoSerializingNavigationTest
		SccProjectUniqueName14 = Test\\FocusTests\\FocusTests.csproj
		SccProjectTopLevelParentUniqueName14 = MVVMHelpers.Metro.sln
		SccProjectName14 = Test/FocusTests
		SccLocalPath14 = Test\\FocusTests
	EndGlobalSection
	GlobalSection(SolutionConfigurationPlatforms) = preSolution
		Debug|Any CPU = Debug|Any CPU
		Debug|ARM = Debug|ARM
		Debug|x64 = Debug|x64
		Debug|x86 = Debug|x86
		Release|Any CPU = Release|Any CPU
		Release|ARM = Release|ARM
		Release|x64 = Release|x64
		Release|x86 = Release|x86
	EndGlobalSection
	GlobalSection(ProjectConfigurationPlatforms) = postSolution
		{B640DE74-ACEB-4A7D-9FC5-14F58E63921F}.Debug|Any CPU.ActiveCfg = Debug|Any CPU
		{B640DE74-ACEB-4A7D-9FC5-14F58E63921F}.Debug|Any CPU.Build.0 = Debug|Any CPU
		{B640DE74-ACEB-4A7D-9FC5-14F58E63921F}.Debug|ARM.ActiveCfg = Debug|ARM
		{B640DE74-ACEB-4A7D-9FC5-14F58E63921F}.Debug|ARM.Build.0 = Debug|ARM
		{B640DE74-ACEB-4A7D-9FC5-14F58E63921F}.Debug|x64.ActiveCfg = Debug|x64
		{B640DE74-ACEB-4A7D-9FC5-14F58E63921F}.Debug|x64.Build.0 = Debug|x64
		{B640DE74-ACEB-4A7D-9FC5-14F58E63921F}.Debug|x86.ActiveCfg = Debug|x86
		{B640DE74-ACEB-4A7D-9FC5-14F58E63921F}.Debug|x86.Build.0 = Debug|x86
		{B640DE74-ACEB-4A7D-9FC5-14F58E63921F}.Release|Any CPU.ActiveCfg = Release|Any CPU
		{B640DE74-ACEB-4A7D-9FC5-14F58E63921F}.Release|Any CPU.Build.0 = Release|Any CPU
		{B640DE74-ACEB-4A7D-9FC5-14F58E63921F}.Release|ARM.ActiveCfg = Release|ARM
		{B640DE74-ACEB-4A7D-9FC5-14F58E63921F}.Release|ARM.Build.0 = Release|ARM
		{B640DE74-ACEB-4A7D-9FC5-14F58E63921F}.Release|x64.ActiveCfg = Release|x64
		{B640DE74-ACEB-4A7D-9FC5-14F58E63921F}.Release|x64.Build.0 = Release|x64
		{B640DE74-ACEB-4A7D-9FC5-14F58E63921F}.Release|x86.ActiveCfg = Release|x86
		{B640DE74-ACEB-4A7D-9FC5-14F58E63921F}.Release|x86.Build.0 = Release|x86
		{4986E5D2-3A32-41FA-9E6C-3E5D24946EDD}.Debug|Any CPU.ActiveCfg = Debug|Any CPU
		{4986E5D2-3A32-41FA-9E6C-3E5D24946EDD}.Debug|Any CPU.Build.0 = Debug|Any CPU
		{4986E5D2-3A32-41FA-9E6C-3E5D24946EDD}.Debug|Any CPU.Deploy.0 = Debug|Any CPU
		{4986E5D2-3A32-41FA-9E6C-3E5D24946EDD}.Debug|ARM.ActiveCfg = Debug|ARM
		{4986E5D2-3A32-41FA-9E6C-3E5D24946EDD}.Debug|ARM.Build.0 = Debug|ARM
		{4986E5D2-3A32-41FA-9E6C-3E5D24946EDD}.Debug|ARM.Deploy.0 = Debug|ARM
		{4986E5D2-3A32-41FA-9E6C-3E5D24946EDD}.Debug|x64.ActiveCfg = Debug|x64
		{4986E5D2-3A32-41FA-9E6C-3E5D24946EDD}.Debug|x64.Build.0 = Debug|x64
		{4986E5D2-3A32-41FA-9E6C-3E5D24946EDD}.Debug|x64.Deploy.0 = Debug|x64
		{4986E5D2-3A32-41FA-9E6C-3E5D24946EDD}.Debug|x86.ActiveCfg = Debug|x86
		{4986E5D2-3A32-41FA-9E6C-3E5D24946EDD}.Debug|x86.Build.0 = Debug|x86
		{4986E5D2-3A32-41FA-9E6C-3E5D24946EDD}.Debug|x86.Deploy.0 = Debug|x86
		{4986E5D2-3A32-41FA-9E6C-3E5D24946EDD}.Release|Any CPU.ActiveCfg = Release|Any CPU
		{4986E5D2-3A32-41FA-9E6C-3E5D24946EDD}.Release|Any CPU.Build.0 = Release|Any CPU
		{4986E5D2-3A32-41FA-9E6C-3E5D24946EDD}.Release|Any CPU.Deploy.0 = Release|Any CPU
		{4986E5D2-3A32-41FA-9E6C-3E5D24946EDD}.Release|ARM.ActiveCfg = Release|ARM
		{4986E5D2-3A32-41FA-9E6C-3E5D24946EDD}.Release|ARM.Build.0 = Release|ARM
		{4986E5D2-3A32-41FA-9E6C-3E5D24946EDD}.Release|ARM.Deploy.0 = Release|ARM
		{4986E5D2-3A32-41FA-9E6C-3E5D24946EDD}.Release|x64.ActiveCfg = Release|x64
		{4986E5D2-3A32-41FA-9E6C-3E5D24946EDD}.Release|x64.Build.0 = Release|x64
		{4986E5D2-3A32-41FA-9E6C-3E5D24946EDD}.Release|x64.Deploy.0 = Release|x64
		{4986E5D2-3A32-41FA-9E6C-3E5D24946EDD}.Release|x86.ActiveCfg = Release|x86
		{4986E5D2-3A32-41FA-9E6C-3E5D24946EDD}.Release|x86.Build.0 = Release|x86
		{4986E5D2-3A32-41FA-9E6C-3E5D24946EDD}.Release|x86.Deploy.0 = Release|x86
		{189DAB6A-1F20-4101-BFBA-16958610404D}.Debug|Any CPU.ActiveCfg = Debug|Any CPU
		{189DAB6A-1F20-4101-BFBA-16958610404D}.Debug|Any CPU.Build.0 = Debug|Any CPU
		{189DAB6A-1F20-4101-BFBA-16958610404D}.Debug|Any CPU.Deploy.0 = Debug|Any CPU
		{189DAB6A-1F20-4101-BFBA-16958610404D}.Debug|ARM.ActiveCfg = Debug|ARM
		{189DAB6A-1F20-4101-BFBA-16958610404D}.Debug|ARM.Build.0 = Debug|ARM
		{189DAB6A-1F20-4101-BFBA-16958610404D}.Debug|ARM.Deploy.0 = Debug|ARM
		{189DAB6A-1F20-4101-BFBA-16958610404D}.Debug|x64.ActiveCfg = Debug|x64
		{189DAB6A-1F20-4101-BFBA-16958610404D}.Debug|x64.Build.0 = Debug|x64
		{189DAB6A-1F20-4101-BFBA-16958610404D}.Debug|x64.Deploy.0 = Debug|x64
		{189DAB6A-1F20-4101-BFBA-16958610404D}.Debug|x86.ActiveCfg = Debug|x86
		{189DAB6A-1F20-4101-BFBA-16958610404D}.Debug|x86.Build.0 = Debug|x86
		{189DAB6A-1F20-4101-BFBA-16958610404D}.Debug|x86.Deploy.0 = Debug|x86
		{189DAB6A-1F20-4101-BFBA-16958610404D}.Release|Any CPU.ActiveCfg = Release|Any CPU
		{189DAB6A-1F20-4101-BFBA-16958610404D}.Release|Any CPU.Build.0 = Release|Any CPU
		{189DAB6A-1F20-4101-BFBA-16958610404D}.Release|Any CPU.Deploy.0 = Release|Any CPU
		{189DAB6A-1F20-4101-BFBA-16958610404D}.Release|ARM.ActiveCfg = Release|ARM
		{189DAB6A-1F20-4101-BFBA-16958610404D}.Release|ARM.Build.0 = Release|ARM
		{189DAB6A-1F20-4101-BFBA-16958610404D}.Release|ARM.Deploy.0 = Release|ARM
		{189DAB6A-1F20-4101-BFBA-16958610404D}.Release|x64.ActiveCfg = Release|x64
		{189DAB6A-1F20-4101-BFBA-16958610404D}.Release|x64.Build.0 = Release|x64
		{189DAB6A-1F20-4101-BFBA-16958610404D}.Release|x64.Deploy.0 = Release|x64
		{189DAB6A-1F20-4101-BFBA-16958610404D}.Release|x86.ActiveCfg = Release|x86
		{189DAB6A-1F20-4101-BFBA-16958610404D}.Release|x86.Build.0 = Release|x86
		{189DAB6A-1F20-4101-BFBA-16958610404D}.Release|x86.Deploy.0 = Release|x86
		{6864248C-6675-4E5A-9B6E-58A6C11F8C50}.Debug|Any CPU.ActiveCfg = Debug|Any CPU
		{6864248C-6675-4E5A-9B6E-58A6C11F8C50}.Debug|Any CPU.Build.0 = Debug|Any CPU
		{6864248C-6675-4E5A-9B6E-58A6C11F8C50}.Debug|Any CPU.Deploy.0 = Debug|Any CPU
		{6864248C-6675-4E5A-9B6E-58A6C11F8C50}.Debug|ARM.ActiveCfg = Debug|ARM
		{6864248C-6675-4E5A-9B6E-58A6C11F8C50}.Debug|ARM.Build.0 = Debug|ARM
		{6864248C-6675-4E5A-9B6E-58A6C11F8C50}.Debug|ARM.Deploy.0 = Debug|ARM
		{6864248C-6675-4E5A-9B6E-58A6C11F8C50}.Debug|x64.ActiveCfg = Debug|x64
		{6864248C-6675-4E5A-9B6E-58A6C11F8C50}.Debug|x64.Build.0 = Debug|x64
		{6864248C-6675-4E5A-9B6E-58A6C11F8C50}.Debug|x64.Deploy.0 = Debug|x64
		{6864248C-6675-4E5A-9B6E-58A6C11F8C50}.Debug|x86.ActiveCfg = Debug|x86
		{6864248C-6675-4E5A-9B6E-58A6C11F8C50}.Debug|x86.Build.0 = Debug|x86
		{6864248C-6675-4E5A-9B6E-58A6C11F8C50}.Debug|x86.Deploy.0 = Debug|x86
		{6864248C-6675-4E5A-9B6E-58A6C11F8C50}.Release|Any CPU.ActiveCfg = Release|Any CPU
		{6864248C-6675-4E5A-9B6E-58A6C11F8C50}.Release|Any CPU.Build.0 = Release|Any CPU
		{6864248C-6675-4E5A-9B6E-58A6C11F8C50}.Release|Any CPU.Deploy.0 = Release|Any CPU
		{6864248C-6675-4E5A-9B6E-58A6C11F8C50}.Release|ARM.ActiveCfg = Release|ARM
		{6864248C-6675-4E5A-9B6E-58A6C11F8C50}.Release|ARM.Build.0 = Release|ARM
		{6864248C-6675-4E5A-9B6E-58A6C11F8C50}.Release|ARM.Deploy.0 = Release|ARM
		{6864248C-6675-4E5A-9B6E-58A6C11F8C50}.Release|x64.ActiveCfg = Release|x64
		{6864248C-6675-4E5A-9B6E-58A6C11F8C50}.Release|x64.Build.0 = Release|x64
		{6864248C-6675-4E5A-9B6E-58A6C11F8C50}.Release|x64.Deploy.0 = Release|x64
		{6864248C-6675-4E5A-9B6E-58A6C11F8C50}.Release|x86.ActiveCfg = Release|x86
		{6864248C-6675-4E5A-9B6E-58A6C11F8C50}.Release|x86.Build.0 = Release|x86
		{6864248C-6675-4E5A-9B6E-58A6C11F8C50}.Release|x86.Deploy.0 = Release|x86
		{7E7037C1-7385-49C3-AE16-6DD9E9C8C79F}.Debug|Any CPU.ActiveCfg = Debug|Any CPU
		{7E7037C1-7385-49C3-AE16-6DD9E9C8C79F}.Debug|Any CPU.Build.0 = Debug|Any CPU
		{7E7037C1-7385-49C3-AE16-6DD9E9C8C79F}.Debug|Any CPU.Deploy.0 = Debug|Any CPU
		{7E7037C1-7385-49C3-AE16-6DD9E9C8C79F}.Debug|ARM.ActiveCfg = Debug|ARM
		{7E7037C1-7385-49C3-AE16-6DD9E9C8C79F}.Debug|ARM.Build.0 = Debug|ARM
		{7E7037C1-7385-49C3-AE16-6DD9E9C8C79F}.Debug|ARM.Deploy.0 = Debug|ARM
		{7E7037C1-7385-49C3-AE16-6DD9E9C8C79F}.Debug|x64.ActiveCfg = Debug|x64
		{7E7037C1-7385-49C3-AE16-6DD9E9C8C79F}.Debug|x64.Build.0 = Debug|x64
		{7E7037C1-7385-49C3-AE16-6DD9E9C8C79F}.Debug|x64.Deploy.0 = Debug|x64
		{7E7037C1-7385-49C3-AE16-6DD9E9C8C79F}.Debug|x86.ActiveCfg = Debug|x86
		{7E7037C1-7385-49C3-AE16-6DD9E9C8C79F}.Debug|x86.Build.0 = Debug|x86
		{7E7037C1-7385-49C3-AE16-6DD9E9C8C79F}.Debug|x86.Deploy.0 = Debug|x86
		{7E7037C1-7385-49C3-AE16-6DD9E9C8C79F}.Release|Any CPU.ActiveCfg = Release|Any CPU
		{7E7037C1-7385-49C3-AE16-6DD9E9C8C79F}.Release|Any CPU.Build.0 = Release|Any CPU
		{7E7037C1-7385-49C3-AE16-6DD9E9C8C79F}.Release|Any CPU.Deploy.0 = Release|Any CPU
		{7E7037C1-7385-49C3-AE16-6DD9E9C8C79F}.Release|ARM.ActiveCfg = Release|ARM
		{7E7037C1-7385-49C3-AE16-6DD9E9C8C79F}.Release|ARM.Build.0 = Release|ARM
		{7E7037C1-7385-49C3-AE16-6DD9E9C8C79F}.Release|ARM.Deploy.0 = Release|ARM
		{7E7037C1-7385-49C3-AE16-6DD9E9C8C79F}.Release|x64.ActiveCfg = Release|x64
		{7E7037C1-7385-49C3-AE16-6DD9E9C8C79F}.Release|x64.Build.0 = Release|x64
		{7E7037C1-7385-49C3-AE16-6DD9E9C8C79F}.Release|x64.Deploy.0 = Release|x64
		{7E7037C1-7385-49C3-AE16-6DD9E9C8C79F}.Release|x86.ActiveCfg = Release|x86
		{7E7037C1-7385-49C3-AE16-6DD9E9C8C79F}.Release|x86.Build.0 = Release|x86
		{7E7037C1-7385-49C3-AE16-6DD9E9C8C79F}.Release|x86.Deploy.0 = Release|x86
		{657006C2-C5A0-4250-8450-BC6D523DE7DA}.Debug|Any CPU.ActiveCfg = Debug|Any CPU
		{657006C2-C5A0-4250-8450-BC6D523DE7DA}.Debug|Any CPU.Build.0 = Debug|Any CPU
		{657006C2-C5A0-4250-8450-BC6D523DE7DA}.Debug|Any CPU.Deploy.0 = Debug|Any CPU
		{657006C2-C5A0-4250-8450-BC6D523DE7DA}.Debug|ARM.ActiveCfg = Debug|ARM
		{657006C2-C5A0-4250-8450-BC6D523DE7DA}.Debug|ARM.Build.0 = Debug|ARM
		{657006C2-C5A0-4250-8450-BC6D523DE7DA}.Debug|ARM.Deploy.0 = Debug|ARM
		{657006C2-C5A0-4250-8450-BC6D523DE7DA}.Debug|x64.ActiveCfg = Debug|x64
		{657006C2-C5A0-4250-8450-BC6D523DE7DA}.Debug|x64.Build.0 = Debug|x64
		{657006C2-C5A0-4250-8450-BC6D523DE7DA}.Debug|x64.Deploy.0 = Debug|x64
		{657006C2-C5A0-4250-8450-BC6D523DE7DA}.Debug|x86.ActiveCfg = Debug|x86
		{657006C2-C5A0-4250-8450-BC6D523DE7DA}.Debug|x86.Build.0 = Debug|x86
		{657006C2-C5A0-4250-8450-BC6D523DE7DA}.Debug|x86.Deploy.0 = Debug|x86
		{657006C2-C5A0-4250-8450-BC6D523DE7DA}.Release|Any CPU.ActiveCfg = Release|Any CPU
		{657006C2-C5A0-4250-8450-BC6D523DE7DA}.Release|Any CPU.Build.0 = Release|Any CPU
		{657006C2-C5A0-4250-8450-BC6D523DE7DA}.Release|Any CPU.Deploy.0 = Release|Any CPU
		{657006C2-C5A0-4250-8450-BC6D523DE7DA}.Release|ARM.ActiveCfg = Release|ARM
		{657006C2-C5A0-4250-8450-BC6D523DE7DA}.Release|ARM.Build.0 = Release|ARM
		{657006C2-C5A0-4250-8450-BC6D523DE7DA}.Release|ARM.Deploy.0 = Release|ARM
		{657006C2-C5A0-4250-8450-BC6D523DE7DA}.Release|x64.ActiveCfg = Release|x64
		{657006C2-C5A0-4250-8450-BC6D523DE7DA}.Release|x64.Build.0 = Release|x64
		{657006C2-C5A0-4250-8450-BC6D523DE7DA}.Release|x64.Deploy.0 = Release|x64
		{657006C2-C5A0-4250-8450-BC6D523DE7DA}.Release|x86.ActiveCfg = Release|x86
		{657006C2-C5A0-4250-8450-BC6D523DE7DA}.Release|x86.Build.0 = Release|x86
		{657006C2-C5A0-4250-8450-BC6D523DE7DA}.Release|x86.Deploy.0 = Release|x86
		{3378BB08-332B-453D-9DA6-D4C88B500BDC}.Debug|Any CPU.ActiveCfg = Debug|Any CPU
		{3378BB08-332B-453D-9DA6-D4C88B500BDC}.Debug|Any CPU.Build.0 = Debug|Any CPU
		{3378BB08-332B-453D-9DA6-D4C88B500BDC}.Debug|Any CPU.Deploy.0 = Debug|Any CPU
		{3378BB08-332B-453D-9DA6-D4C88B500BDC}.Debug|ARM.ActiveCfg = Debug|ARM
		{3378BB08-332B-453D-9DA6-D4C88B500BDC}.Debug|ARM.Build.0 = Debug|ARM
		{3378BB08-332B-453D-9DA6-D4C88B500BDC}.Debug|ARM.Deploy.0 = Debug|ARM
		{3378BB08-332B-453D-9DA6-D4C88B500BDC}.Debug|x64.ActiveCfg = Debug|x64
		{3378BB08-332B-453D-9DA6-D4C88B500BDC}.Debug|x64.Build.0 = Debug|x64
		{3378BB08-332B-453D-9DA6-D4C88B500BDC}.Debug|x64.Deploy.0 = Debug|x64
		{3378BB08-332B-453D-9DA6-D4C88B500BDC}.Debug|x86.ActiveCfg = Debug|x86
		{3378BB08-332B-453D-9DA6-D4C88B500BDC}.Debug|x86.Build.0 = Debug|x86
		{3378BB08-332B-453D-9DA6-D4C88B500BDC}.Debug|x86.Deploy.0 = Debug|x86
		{3378BB08-332B-453D-9DA6-D4C88B500BDC}.Release|Any CPU.ActiveCfg = Release|Any CPU
		{3378BB08-332B-453D-9DA6-D4C88B500BDC}.Release|Any CPU.Build.0 = Release|Any CPU
		{3378BB08-332B-453D-9DA6-D4C88B500BDC}.Release|Any CPU.Deploy.0 = Release|Any CPU
		{3378BB08-332B-453D-9DA6-D4C88B500BDC}.Release|ARM.ActiveCfg = Release|ARM
		{3378BB08-332B-453D-9DA6-D4C88B500BDC}.Release|ARM.Build.0 = Release|ARM
		{3378BB08-332B-453D-9DA6-D4C88B500BDC}.Release|ARM.Deploy.0 = Release|ARM
		{3378BB08-332B-453D-9DA6-D4C88B500BDC}.Release|x64.ActiveCfg = Release|x64
		{3378BB08-332B-453D-9DA6-D4C88B500BDC}.Release|x64.Build.0 = Release|x64
		{3378BB08-332B-453D-9DA6-D4C88B500BDC}.Release|x64.Deploy.0 = Release|x64
		{3378BB08-332B-453D-9DA6-D4C88B500BDC}.Release|x86.ActiveCfg = Release|x86
		{3378BB08-332B-453D-9DA6-D4C88B500BDC}.Release|x86.Build.0 = Release|x86
		{3378BB08-332B-453D-9DA6-D4C88B500BDC}.Release|x86.Deploy.0 = Release|x86
		{9A1D7179-BCF6-4281-9B28-FC3850CE230E}.Debug|Any CPU.ActiveCfg = Debug|Any CPU
		{9A1D7179-BCF6-4281-9B28-FC3850CE230E}.Debug|Any CPU.Build.0 = Debug|Any CPU
		{9A1D7179-BCF6-4281-9B28-FC3850CE230E}.Debug|Any CPU.Deploy.0 = Debug|Any CPU
		{9A1D7179-BCF6-4281-9B28-FC3850CE230E}.Debug|ARM.ActiveCfg = Debug|ARM
		{9A1D7179-BCF6-4281-9B28-FC3850CE230E}.Debug|ARM.Build.0 = Debug|ARM
		{9A1D7179-BCF6-4281-9B28-FC3850CE230E}.Debug|ARM.Deploy.0 = Debug|ARM
		{9A1D7179-BCF6-4281-9B28-FC3850CE230E}.Debug|x64.ActiveCfg = Debug|x64
		{9A1D7179-BCF6-4281-9B28-FC3850CE230E}.Debug|x64.Build.0 = Debug|x64
		{9A1D7179-BCF6-4281-9B28-FC3850CE230E}.Debug|x64.Deploy.0 = Debug|x64
		{9A1D7179-BCF6-4281-9B28-FC3850CE230E}.Debug|x86.ActiveCfg = Debug|x86
		{9A1D7179-BCF6-4281-9B28-FC3850CE230E}.Debug|x86.Build.0 = Debug|x86
		{9A1D7179-BCF6-4281-9B28-FC3850CE230E}.Debug|x86.Deploy.0 = Debug|x86
		{9A1D7179-BCF6-4281-9B28-FC3850CE230E}.Release|Any CPU.ActiveCfg = Release|Any CPU
		{9A1D7179-BCF6-4281-9B28-FC3850CE230E}.Release|Any CPU.Build.0 = Release|Any CPU
		{9A1D7179-BCF6-4281-9B28-FC3850CE230E}.Release|Any CPU.Deploy.0 = Release|Any CPU
		{9A1D7179-BCF6-4281-9B28-FC3850CE230E}.Release|ARM.ActiveCfg = Release|ARM
		{9A1D7179-BCF6-4281-9B28-FC3850CE230E}.Release|ARM.Build.0 = Release|ARM
		{9A1D7179-BCF6-4281-9B28-FC3850CE230E}.Release|ARM.Deploy.0 = Release|ARM
		{9A1D7179-BCF6-4281-9B28-FC3850CE230E}.Release|x64.ActiveCfg = Release|x64
		{9A1D7179-BCF6-4281-9B28-FC3850CE230E}.Release|x64.Build.0 = Release|x64
		{9A1D7179-BCF6-4281-9B28-FC3850CE230E}.Release|x64.Deploy.0 = Release|x64
		{9A1D7179-BCF6-4281-9B28-FC3850CE230E}.Release|x86.ActiveCfg = Release|x86
		{9A1D7179-BCF6-4281-9B28-FC3850CE230E}.Release|x86.Build.0 = Release|x86
		{9A1D7179-BCF6-4281-9B28-FC3850CE230E}.Release|x86.Deploy.0 = Release|x86
		{F0A61A19-2BCF-49CE-AACC-7F2F637AE58F}.Debug|Any CPU.ActiveCfg = Debug|Any CPU
		{F0A61A19-2BCF-49CE-AACC-7F2F637AE58F}.Debug|Any CPU.Build.0 = Debug|Any CPU
		{F0A61A19-2BCF-49CE-AACC-7F2F637AE58F}.Debug|Any CPU.Deploy.0 = Debug|Any CPU
		{F0A61A19-2BCF-49CE-AACC-7F2F637AE58F}.Debug|ARM.ActiveCfg = Debug|ARM
		{F0A61A19-2BCF-49CE-AACC-7F2F637AE58F}.Debug|ARM.Build.0 = Debug|ARM
		{F0A61A19-2BCF-49CE-AACC-7F2F637AE58F}.Debug|ARM.Deploy.0 = Debug|ARM
		{F0A61A19-2BCF-49CE-AACC-7F2F637AE58F}.Debug|x64.ActiveCfg = Debug|x64
		{F0A61A19-2BCF-49CE-AACC-7F2F637AE58F}.Debug|x64.Build.0 = Debug|x64
		{F0A61A19-2BCF-49CE-AACC-7F2F637AE58F}.Debug|x64.Deploy.0 = Debug|x64
		{F0A61A19-2BCF-49CE-AACC-7F2F637AE58F}.Debug|x86.ActiveCfg = Debug|x86
		{F0A61A19-2BCF-49CE-AACC-7F2F637AE58F}.Debug|x86.Build.0 = Debug|x86
		{F0A61A19-2BCF-49CE-AACC-7F2F637AE58F}.Debug|x86.Deploy.0 = Debug|x86
		{F0A61A19-2BCF-49CE-AACC-7F2F637AE58F}.Release|Any CPU.ActiveCfg = Release|Any CPU
		{F0A61A19-2BCF-49CE-AACC-7F2F637AE58F}.Release|Any CPU.Build.0 = Release|Any CPU
		{F0A61A19-2BCF-49CE-AACC-7F2F637AE58F}.Release|Any CPU.Deploy.0 = Release|Any CPU
		{F0A61A19-2BCF-49CE-AACC-7F2F637AE58F}.Release|ARM.ActiveCfg = Release|ARM
		{F0A61A19-2BCF-49CE-AACC-7F2F637AE58F}.Release|ARM.Build.0 = Release|ARM
		{F0A61A19-2BCF-49CE-AACC-7F2F637AE58F}.Release|ARM.Deploy.0 = Release|ARM
		{F0A61A19-2BCF-49CE-AACC-7F2F637AE58F}.Release|x64.ActiveCfg = Release|x64
		{F0A61A19-2BCF-49CE-AACC-7F2F637AE58F}.Release|x64.Build.0 = Release|x64
		{F0A61A19-2BCF-49CE-AACC-7F2F637AE58F}.Release|x64.Deploy.0 = Release|x64
		{F0A61A19-2BCF-49CE-AACC-7F2F637AE58F}.Release|x86.ActiveCfg = Release|x86
		{F0A61A19-2BCF-49CE-AACC-7F2F637AE58F}.Release|x86.Build.0 = Release|x86
		{F0A61A19-2BCF-49CE-AACC-7F2F637AE58F}.Release|x86.Deploy.0 = Release|x86
		{3D96A7B0-E947-44ED-B92F-72698DF1225C}.Debug|Any CPU.ActiveCfg = Debug|Any CPU
		{3D96A7B0-E947-44ED-B92F-72698DF1225C}.Debug|Any CPU.Build.0 = Debug|Any CPU
		{3D96A7B0-E947-44ED-B92F-72698DF1225C}.Debug|Any CPU.Deploy.0 = Debug|Any CPU
		{3D96A7B0-E947-44ED-B92F-72698DF1225C}.Debug|ARM.ActiveCfg = Debug|ARM
		{3D96A7B0-E947-44ED-B92F-72698DF1225C}.Debug|ARM.Build.0 = Debug|ARM
		{3D96A7B0-E947-44ED-B92F-72698DF1225C}.Debug|ARM.Deploy.0 = Debug|ARM
		{3D96A7B0-E947-44ED-B92F-72698DF1225C}.Debug|x64.ActiveCfg = Debug|x64
		{3D96A7B0-E947-44ED-B92F-72698DF1225C}.Debug|x64.Build.0 = Debug|x64
		{3D96A7B0-E947-44ED-B92F-72698DF1225C}.Debug|x64.Deploy.0 = Debug|x64
		{3D96A7B0-E947-44ED-B92F-72698DF1225C}.Debug|x86.ActiveCfg = Debug|x86
		{3D96A7B0-E947-44ED-B92F-72698DF1225C}.Debug|x86.Build.0 = Debug|x86
		{3D96A7B0-E947-44ED-B92F-72698DF1225C}.Debug|x86.Deploy.0 = Debug|x86
		{3D96A7B0-E947-44ED-B92F-72698DF1225C}.Release|Any CPU.ActiveCfg = Release|Any CPU
		{3D96A7B0-E947-44ED-B92F-72698DF1225C}.Release|Any CPU.Build.0 = Release|Any CPU
		{3D96A7B0-E947-44ED-B92F-72698DF1225C}.Release|Any CPU.Deploy.0 = Release|Any CPU
		{3D96A7B0-E947-44ED-B92F-72698DF1225C}.Release|ARM.ActiveCfg = Release|ARM
		{3D96A7B0-E947-44ED-B92F-72698DF1225C}.Release|ARM.Build.0 = Release|ARM
		{3D96A7B0-E947-44ED-B92F-72698DF1225C}.Release|ARM.Deploy.0 = Release|ARM
		{3D96A7B0-E947-44ED-B92F-72698DF1225C}.Release|x64.ActiveCfg = Release|x64
		{3D96A7B0-E947-44ED-B92F-72698DF1225C}.Release|x64.Build.0 = Release|x64
		{3D96A7B0-E947-44ED-B92F-72698DF1225C}.Release|x64.Deploy.0 = Release|x64
		{3D96A7B0-E947-44ED-B92F-72698DF1225C}.Release|x86.ActiveCfg = Release|x86
		{3D96A7B0-E947-44ED-B92F-72698DF1225C}.Release|x86.Build.0 = Release|x86
		{3D96A7B0-E947-44ED-B92F-72698DF1225C}.Release|x86.Deploy.0 = Release|x86
		{880EE5E5-09A0-43AB-9E6D-7E1F7B8E0720}.Debug|Any CPU.ActiveCfg = Debug|Any CPU
		{880EE5E5-09A0-43AB-9E6D-7E1F7B8E0720}.Debug|Any CPU.Build.0 = Debug|Any CPU
		{880EE5E5-09A0-43AB-9E6D-7E1F7B8E0720}.Debug|Any CPU.Deploy.0 = Debug|Any CPU
		{880EE5E5-09A0-43AB-9E6D-7E1F7B8E0720}.Debug|ARM.ActiveCfg = Debug|ARM
		{880EE5E5-09A0-43AB-9E6D-7E1F7B8E0720}.Debug|ARM.Build.0 = Debug|ARM
		{880EE5E5-09A0-43AB-9E6D-7E1F7B8E0720}.Debug|ARM.Deploy.0 = Debug|ARM
		{880EE5E5-09A0-43AB-9E6D-7E1F7B8E0720}.Debug|x64.ActiveCfg = Debug|x64
		{880EE5E5-09A0-43AB-9E6D-7E1F7B8E0720}.Debug|x64.Build.0 = Debug|x64
		{880EE5E5-09A0-43AB-9E6D-7E1F7B8E0720}.Debug|x64.Deploy.0 = Debug|x64
		{880EE5E5-09A0-43AB-9E6D-7E1F7B8E0720}.Debug|x86.ActiveCfg = Debug|x86
		{880EE5E5-09A0-43AB-9E6D-7E1F7B8E0720}.Debug|x86.Build.0 = Debug|x86
		{880EE5E5-09A0-43AB-9E6D-7E1F7B8E0720}.Debug|x86.Deploy.0 = Debug|x86
		{880EE5E5-09A0-43AB-9E6D-7E1F7B8E0720}.Release|Any CPU.ActiveCfg = Release|Any CPU
		{880EE5E5-09A0-43AB-9E6D-7E1F7B8E0720}.Release|Any CPU.Build.0 = Release|Any CPU
		{880EE5E5-09A0-43AB-9E6D-7E1F7B8E0720}.Release|Any CPU.Deploy.0 = Release|Any CPU
		{880EE5E5-09A0-43AB-9E6D-7E1F7B8E0720}.Release|ARM.ActiveCfg = Release|ARM
		{880EE5E5-09A0-43AB-9E6D-7E1F7B8E0720}.Release|ARM.Build.0 = Release|ARM
		{880EE5E5-09A0-43AB-9E6D-7E1F7B8E0720}.Release|ARM.Deploy.0 = Release|ARM
		{880EE5E5-09A0-43AB-9E6D-7E1F7B8E0720}.Release|x64.ActiveCfg = Release|x64
		{880EE5E5-09A0-43AB-9E6D-7E1F7B8E0720}.Release|x64.Build.0 = Release|x64
		{880EE5E5-09A0-43AB-9E6D-7E1F7B8E0720}.Release|x64.Deploy.0 = Release|x64
		{880EE5E5-09A0-43AB-9E6D-7E1F7B8E0720}.Release|x86.ActiveCfg = Release|x86
		{880EE5E5-09A0-43AB-9E6D-7E1F7B8E0720}.Release|x86.Build.0 = Release|x86
		{880EE5E5-09A0-43AB-9E6D-7E1F7B8E0720}.Release|x86.Deploy.0 = Release|x86
		{EA737BBB-8A56-4111-A09E-C225C4ADDFED}.Debug|Any CPU.ActiveCfg = Debug|Any CPU
		{EA737BBB-8A56-4111-A09E-C225C4ADDFED}.Debug|Any CPU.Build.0 = Debug|Any CPU
		{EA737BBB-8A56-4111-A09E-C225C4ADDFED}.Debug|Any CPU.Deploy.0 = Debug|Any CPU
		{EA737BBB-8A56-4111-A09E-C225C4ADDFED}.Debug|ARM.ActiveCfg = Debug|ARM
		{EA737BBB-8A56-4111-A09E-C225C4ADDFED}.Debug|ARM.Build.0 = Debug|ARM
		{EA737BBB-8A56-4111-A09E-C225C4ADDFED}.Debug|ARM.Deploy.0 = Debug|ARM
		{EA737BBB-8A56-4111-A09E-C225C4ADDFED}.Debug|x64.ActiveCfg = Debug|x64
		{EA737BBB-8A56-4111-A09E-C225C4ADDFED}.Debug|x64.Build.0 = Debug|x64
		{EA737BBB-8A56-4111-A09E-C225C4ADDFED}.Debug|x64.Deploy.0 = Debug|x64
		{EA737BBB-8A56-4111-A09E-C225C4ADDFED}.Debug|x86.ActiveCfg = Debug|x86
		{EA737BBB-8A56-4111-A09E-C225C4ADDFED}.Debug|x86.Build.0 = Debug|x86
		{EA737BBB-8A56-4111-A09E-C225C4ADDFED}.Debug|x86.Deploy.0 = Debug|x86
		{EA737BBB-8A56-4111-A09E-C225C4ADDFED}.Release|Any CPU.ActiveCfg = Release|Any CPU
		{EA737BBB-8A56-4111-A09E-C225C4ADDFED}.Release|Any CPU.Build.0 = Release|Any CPU
		{EA737BBB-8A56-4111-A09E-C225C4ADDFED}.Release|Any CPU.Deploy.0 = Release|Any CPU
		{EA737BBB-8A56-4111-A09E-C225C4ADDFED}.Release|ARM.ActiveCfg = Release|ARM
		{EA737BBB-8A56-4111-A09E-C225C4ADDFED}.Release|ARM.Build.0 = Release|ARM
		{EA737BBB-8A56-4111-A09E-C225C4ADDFED}.Release|ARM.Deploy.0 = Release|ARM
		{EA737BBB-8A56-4111-A09E-C225C4ADDFED}.Release|x64.ActiveCfg = Release|x64
		{EA737BBB-8A56-4111-A09E-C225C4ADDFED}.Release|x64.Build.0 = Release|x64
		{EA737BBB-8A56-4111-A09E-C225C4ADDFED}.Release|x64.Deploy.0 = Release|x64
		{EA737BBB-8A56-4111-A09E-C225C4ADDFED}.Release|x86.ActiveCfg = Release|x86
		{EA737BBB-8A56-4111-A09E-C225C4ADDFED}.Release|x86.Build.0 = Release|x86
		{EA737BBB-8A56-4111-A09E-C225C4ADDFED}.Release|x86.Deploy.0 = Release|x86
		{780194E0-5BA5-4936-AE10-2DBC92330C2D}.Debug|Any CPU.ActiveCfg = Debug|Any CPU
		{780194E0-5BA5-4936-AE10-2DBC92330C2D}.Debug|Any CPU.Build.0 = Debug|Any CPU
		{780194E0-5BA5-4936-AE10-2DBC92330C2D}.Debug|Any CPU.Deploy.0 = Debug|Any CPU
		{780194E0-5BA5-4936-AE10-2DBC92330C2D}.Debug|ARM.ActiveCfg = Debug|ARM
		{780194E0-5BA5-4936-AE10-2DBC92330C2D}.Debug|ARM.Build.0 = Debug|ARM
		{780194E0-5BA5-4936-AE10-2DBC92330C2D}.Debug|ARM.Deploy.0 = Debug|ARM
		{780194E0-5BA5-4936-AE10-2DBC92330C2D}.Debug|x64.ActiveCfg = Debug|x64
		{780194E0-5BA5-4936-AE10-2DBC92330C2D}.Debug|x64.Build.0 = Debug|x64
		{780194E0-5BA5-4936-AE10-2DBC92330C2D}.Debug|x64.Deploy.0 = Debug|x64
		{780194E0-5BA5-4936-AE10-2DBC92330C2D}.Debug|x86.ActiveCfg = Debug|x86
		{780194E0-5BA5-4936-AE10-2DBC92330C2D}.Debug|x86.Build.0 = Debug|x86
		{780194E0-5BA5-4936-AE10-2DBC92330C2D}.Debug|x86.Deploy.0 = Debug|x86
		{780194E0-5BA5-4936-AE10-2DBC92330C2D}.Release|Any CPU.ActiveCfg = Release|Any CPU
		{780194E0-5BA5-4936-AE10-2DBC92330C2D}.Release|Any CPU.Build.0 = Release|Any CPU
		{780194E0-5BA5-4936-AE10-2DBC92330C2D}.Release|Any CPU.Deploy.0 = Release|Any CPU
		{780194E0-5BA5-4936-AE10-2DBC92330C2D}.Release|ARM.ActiveCfg = Release|ARM
		{780194E0-5BA5-4936-AE10-2DBC92330C2D}.Release|ARM.Build.0 = Release|ARM
		{780194E0-5BA5-4936-AE10-2DBC92330C2D}.Release|ARM.Deploy.0 = Release|ARM
		{780194E0-5BA5-4936-AE10-2DBC92330C2D}.Release|x64.ActiveCfg = Release|x64
		{780194E0-5BA5-4936-AE10-2DBC92330C2D}.Release|x64.Build.0 = Release|x64
		{780194E0-5BA5-4936-AE10-2DBC92330C2D}.Release|x64.Deploy.0 = Release|x64
		{780194E0-5BA5-4936-AE10-2DBC92330C2D}.Release|x86.ActiveCfg = Release|x86
		{780194E0-5BA5-4936-AE10-2DBC92330C2D}.Release|x86.Build.0 = Release|x86
		{780194E0-5BA5-4936-AE10-2DBC92330C2D}.Release|x86.Deploy.0 = Release|x86
		{49325E91-67E7-4283-AC91-3128AAFE5AC8}.Debug|Any CPU.ActiveCfg = Debug|Any CPU
		{49325E91-67E7-4283-AC91-3128AAFE5AC8}.Debug|Any CPU.Build.0 = Debug|Any CPU
		{49325E91-67E7-4283-AC91-3128AAFE5AC8}.Debug|Any CPU.Deploy.0 = Debug|Any CPU
		{49325E91-67E7-4283-AC91-3128AAFE5AC8}.Debug|ARM.ActiveCfg = Debug|ARM
		{49325E91-67E7-4283-AC91-3128AAFE5AC8}.Debug|ARM.Build.0 = Debug|ARM
		{49325E91-67E7-4283-AC91-3128AAFE5AC8}.Debug|ARM.Deploy.0 = Debug|ARM
		{49325E91-67E7-4283-AC91-3128AAFE5AC8}.Debug|x64.ActiveCfg = Debug|x64
		{49325E91-67E7-4283-AC91-3128AAFE5AC8}.Debug|x64.Build.0 = Debug|x64
		{49325E91-67E7-4283-AC91-3128AAFE5AC8}.Debug|x64.Deploy.0 = Debug|x64
		{49325E91-67E7-4283-AC91-3128AAFE5AC8}.Debug|x86.ActiveCfg = Debug|x86
		{49325E91-67E7-4283-AC91-3128AAFE5AC8}.Debug|x86.Build.0 = Debug|x86
		{49325E91-67E7-4283-AC91-3128AAFE5AC8}.Debug|x86.Deploy.0 = Debug|x86
		{49325E91-67E7-4283-AC91-3128AAFE5AC8}.Release|Any CPU.ActiveCfg = Release|Any CPU
		{49325E91-67E7-4283-AC91-3128AAFE5AC8}.Release|Any CPU.Build.0 = Release|Any CPU
		{49325E91-67E7-4283-AC91-3128AAFE5AC8}.Release|Any CPU.Deploy.0 = Release|Any CPU
		{49325E91-67E7-4283-AC91-3128AAFE5AC8}.Release|ARM.ActiveCfg = Release|ARM
		{49325E91-67E7-4283-AC91-3128AAFE5AC8}.Release|ARM.Build.0 = Release|ARM
		{49325E91-67E7-4283-AC91-3128AAFE5AC8}.Release|ARM.Deploy.0 = Release|ARM
		{49325E91-67E7-4283-AC91-3128AAFE5AC8}.Release|x64.ActiveCfg = Release|x64
		{49325E91-67E7-4283-AC91-3128AAFE5AC8}.Release|x64.Build.0 = Release|x64
		{49325E91-67E7-4283-AC91-3128AAFE5AC8}.Release|x64.Deploy.0 = Release|x64
		{49325E91-67E7-4283-AC91-3128AAFE5AC8}.Release|x86.ActiveCfg = Release|x86
		{49325E91-67E7-4283-AC91-3128AAFE5AC8}.Release|x86.Build.0 = Release|x86
		{49325E91-67E7-4283-AC91-3128AAFE5AC8}.Release|x86.Deploy.0 = Release|x86
	EndGlobalSection
	GlobalSection(SolutionProperties) = preSolution
		HideSolutionNode = FALSE
	EndGlobalSection
	GlobalSection(NestedProjects) = preSolution
		{4986E5D2-3A32-41FA-9E6C-3E5D24946EDD} = {CE3FE322-B65C-4806-92CB-09952A9A267C}
		{189DAB6A-1F20-4101-BFBA-16958610404D} = {CE3FE322-B65C-4806-92CB-09952A9A267C}
		{6864248C-6675-4E5A-9B6E-58A6C11F8C50} = {CE3FE322-B65C-4806-92CB-09952A9A267C}
		{7E7037C1-7385-49C3-AE16-6DD9E9C8C79F} = {CE3FE322-B65C-4806-92CB-09952A9A267C}
		{657006C2-C5A0-4250-8450-BC6D523DE7DA} = {CE3FE322-B65C-4806-92CB-09952A9A267C}
		{3378BB08-332B-453D-9DA6-D4C88B500BDC} = {CE3FE322-B65C-4806-92CB-09952A9A267C}
		{9A1D7179-BCF6-4281-9B28-FC3850CE230E} = {CE3FE322-B65C-4806-92CB-09952A9A267C}
		{F0A61A19-2BCF-49CE-AACC-7F2F637AE58F} = {CE3FE322-B65C-4806-92CB-09952A9A267C}
		{3D96A7B0-E947-44ED-B92F-72698DF1225C} = {CE3FE322-B65C-4806-92CB-09952A9A267C}
		{880EE5E5-09A0-43AB-9E6D-7E1F7B8E0720} = {CE3FE322-B65C-4806-92CB-09952A9A267C}
		{EA737BBB-8A56-4111-A09E-C225C4ADDFED} = {CE3FE322-B65C-4806-92CB-09952A9A267C}
		{780194E0-5BA5-4936-AE10-2DBC92330C2D} = {CE3FE322-B65C-4806-92CB-09952A9A267C}
		{49325E91-67E7-4283-AC91-3128AAFE5AC8} = {CE3FE322-B65C-4806-92CB-09952A9A267C}
	EndGlobalSection
EndGlobal
