
Microsoft Visual Studio Solution File, Format Version 12.00
# Visual Studio 2013
VisualStudioVersion = 12.0.30501.0
MinimumVisualStudioVersion = 10.0.40219.1
Project("{FAE04EC0-301F-11D3-BF4B-00C04F79EFBC}") = "Test.iOS", "Test.iOS\Test.iOS.csproj", "{2F9A8BE5-8FD7-4576-9CB1-D05EDFE0B2DF}"
EndProject
Project("{FAE04EC0-301F-11D3-BF4B-00C04F79EFBC}") = "Test.Droid", "Test.Droid\Test.Droid.csproj", "{D59B8E8B-720B-4151-9F77-0D2370B903F1}"
EndProject
Project("{FAE04EC0-301F-11D3-BF4B-00C04F79EFBC}") = "Test.Metro.Windows", "Test.Metro\Test.Metro.Windows\Test.Metro.Windows.csproj", "{3EC4645C-AC6F-44CC-A13F-3680575A1041}"
EndProject
Project("{FAE04EC0-301F-11D3-BF4B-00C04F79EFBC}") = "Test.Metro.WindowsPhone", "Test.Metro\Test.Metro.WindowsPhone\Test.Metro.WindowsPhone.csproj", "{D140DA0D-BA76-4562-9E35-DC9FF49437BE}"
EndProject
Project("{FAE04EC0-301F-11D3-BF4B-00C04F79EFBC}") = "Test.Shared", "Test.Shared\Test.Shared.csproj", "{CCE25115-1D25-4F5E-9831-D991AFFA729F}"
EndProject
Project("{D954291E-2A0B-460D-934E-DC6B0785DB48}") = "Test.Metro.Shared", "Test.Metro\Test.Metro.Shared\Test.Metro.Shared.shproj", "{AFE88E28-D259-46F7-A29B-ED940A7F3190}"
EndProject
Project("{FAE04EC0-301F-11D3-BF4B-00C04F79EFBC}") = "Test.Desktop", "Test.Desktop\Test.Desktop.csproj", "{9A939D52-C426-4E23-80EA-37C818EFE9FC}"
EndProject
Global
	GlobalSection(SharedMSBuildProjectFiles) = preSolution
		Test.Metro\Test.Metro.Shared\Test.Metro.Shared.projitems*{afe88e28-d259-46f7-a29b-ed940a7f3190}*SharedItemsImports = 13
		Test.Metro\Test.Metro.Shared\Test.Metro.Shared.projitems*{3ec4645c-ac6f-44cc-a13f-3680575a1041}*SharedItemsImports = 4
		Test.Metro\Test.Metro.Shared\Test.Metro.Shared.projitems*{d140da0d-ba76-4562-9e35-dc9ff49437be}*SharedItemsImports = 4
	EndGlobalSection
	GlobalSection(SolutionConfigurationPlatforms) = preSolution
		Ad-Hoc|Any CPU = Ad-Hoc|Any CPU
		Ad-Hoc|ARM = Ad-Hoc|ARM
		Ad-Hoc|iPhone = Ad-Hoc|iPhone
		Ad-Hoc|iPhoneSimulator = Ad-Hoc|iPhoneSimulator
		Ad-Hoc|Mixed Platforms = Ad-Hoc|Mixed Platforms
		Ad-Hoc|x64 = Ad-Hoc|x64
		Ad-Hoc|x86 = Ad-Hoc|x86
		AppStore|Any CPU = AppStore|Any CPU
		AppStore|ARM = AppStore|ARM
		AppStore|iPhone = AppStore|iPhone
		AppStore|iPhoneSimulator = AppStore|iPhoneSimulator
		AppStore|Mixed Platforms = AppStore|Mixed Platforms
		AppStore|x64 = AppStore|x64
		AppStore|x86 = AppStore|x86
		Debug|Any CPU = Debug|Any CPU
		Debug|ARM = Debug|ARM
		Debug|iPhone = Debug|iPhone
		Debug|iPhoneSimulator = Debug|iPhoneSimulator
		Debug|Mixed Platforms = Debug|Mixed Platforms
		Debug|x64 = Debug|x64
		Debug|x86 = Debug|x86
		Release|Any CPU = Release|Any CPU
		Release|ARM = Release|ARM
		Release|iPhone = Release|iPhone
		Release|iPhoneSimulator = Release|iPhoneSimulator
		Release|Mixed Platforms = Release|Mixed Platforms
		Release|x64 = Release|x64
		Release|x86 = Release|x86
	EndGlobalSection
	GlobalSection(ProjectConfigurationPlatforms) = postSolution
		{2F9A8BE5-8FD7-4576-9CB1-D05EDFE0B2DF}.Ad-Hoc|Any CPU.ActiveCfg = Ad-Hoc|iPhone
		{2F9A8BE5-8FD7-4576-9CB1-D05EDFE0B2DF}.Ad-Hoc|ARM.ActiveCfg = Ad-Hoc|iPhone
		{2F9A8BE5-8FD7-4576-9CB1-D05EDFE0B2DF}.Ad-Hoc|iPhone.ActiveCfg = Ad-Hoc|iPhone
		{2F9A8BE5-8FD7-4576-9CB1-D05EDFE0B2DF}.Ad-Hoc|iPhone.Build.0 = Ad-Hoc|iPhone
		{2F9A8BE5-8FD7-4576-9CB1-D05EDFE0B2DF}.Ad-Hoc|iPhone.Deploy.0 = Ad-Hoc|iPhone
		{2F9A8BE5-8FD7-4576-9CB1-D05EDFE0B2DF}.Ad-Hoc|iPhoneSimulator.ActiveCfg = Ad-Hoc|iPhoneSimulator
		{2F9A8BE5-8FD7-4576-9CB1-D05EDFE0B2DF}.Ad-Hoc|iPhoneSimulator.Build.0 = Ad-Hoc|iPhoneSimulator
		{2F9A8BE5-8FD7-4576-9CB1-D05EDFE0B2DF}.Ad-Hoc|iPhoneSimulator.Deploy.0 = Ad-Hoc|iPhoneSimulator
		{2F9A8BE5-8FD7-4576-9CB1-D05EDFE0B2DF}.Ad-Hoc|Mixed Platforms.ActiveCfg = Ad-Hoc|iPhone
		{2F9A8BE5-8FD7-4576-9CB1-D05EDFE0B2DF}.Ad-Hoc|Mixed Platforms.Build.0 = Ad-Hoc|iPhone
		{2F9A8BE5-8FD7-4576-9CB1-D05EDFE0B2DF}.Ad-Hoc|Mixed Platforms.Deploy.0 = Ad-Hoc|iPhone
		{2F9A8BE5-8FD7-4576-9CB1-D05EDFE0B2DF}.Ad-Hoc|x64.ActiveCfg = Ad-Hoc|iPhone
		{2F9A8BE5-8FD7-4576-9CB1-D05EDFE0B2DF}.Ad-Hoc|x86.ActiveCfg = Ad-Hoc|iPhone
		{2F9A8BE5-8FD7-4576-9CB1-D05EDFE0B2DF}.AppStore|Any CPU.ActiveCfg = AppStore|iPhone
		{2F9A8BE5-8FD7-4576-9CB1-D05EDFE0B2DF}.AppStore|ARM.ActiveCfg = AppStore|iPhone
		{2F9A8BE5-8FD7-4576-9CB1-D05EDFE0B2DF}.AppStore|iPhone.ActiveCfg = AppStore|iPhone
		{2F9A8BE5-8FD7-4576-9CB1-D05EDFE0B2DF}.AppStore|iPhone.Build.0 = AppStore|iPhone
		{2F9A8BE5-8FD7-4576-9CB1-D05EDFE0B2DF}.AppStore|iPhone.Deploy.0 = AppStore|iPhone
		{2F9A8BE5-8FD7-4576-9CB1-D05EDFE0B2DF}.AppStore|iPhoneSimulator.ActiveCfg = AppStore|iPhoneSimulator
		{2F9A8BE5-8FD7-4576-9CB1-D05EDFE0B2DF}.AppStore|iPhoneSimulator.Build.0 = AppStore|iPhoneSimulator
		{2F9A8BE5-8FD7-4576-9CB1-D05EDFE0B2DF}.AppStore|iPhoneSimulator.Deploy.0 = AppStore|iPhoneSimulator
		{2F9A8BE5-8FD7-4576-9CB1-D05EDFE0B2DF}.AppStore|Mixed Platforms.ActiveCfg = AppStore|iPhone
		{2F9A8BE5-8FD7-4576-9CB1-D05EDFE0B2DF}.AppStore|Mixed Platforms.Build.0 = AppStore|iPhone
		{2F9A8BE5-8FD7-4576-9CB1-D05EDFE0B2DF}.AppStore|Mixed Platforms.Deploy.0 = AppStore|iPhone
		{2F9A8BE5-8FD7-4576-9CB1-D05EDFE0B2DF}.AppStore|x64.ActiveCfg = AppStore|iPhone
		{2F9A8BE5-8FD7-4576-9CB1-D05EDFE0B2DF}.AppStore|x86.ActiveCfg = AppStore|iPhone
		{2F9A8BE5-8FD7-4576-9CB1-D05EDFE0B2DF}.Debug|Any CPU.ActiveCfg = Debug|iPhone
		{2F9A8BE5-8FD7-4576-9CB1-D05EDFE0B2DF}.Debug|ARM.ActiveCfg = Debug|iPhone
		{2F9A8BE5-8FD7-4576-9CB1-D05EDFE0B2DF}.Debug|iPhone.ActiveCfg = Debug|iPhone
		{2F9A8BE5-8FD7-4576-9CB1-D05EDFE0B2DF}.Debug|iPhone.Build.0 = Debug|iPhone
		{2F9A8BE5-8FD7-4576-9CB1-D05EDFE0B2DF}.Debug|iPhone.Deploy.0 = Debug|iPhone
		{2F9A8BE5-8FD7-4576-9CB1-D05EDFE0B2DF}.Debug|iPhoneSimulator.ActiveCfg = Debug|iPhoneSimulator
		{2F9A8BE5-8FD7-4576-9CB1-D05EDFE0B2DF}.Debug|iPhoneSimulator.Build.0 = Debug|iPhoneSimulator
		{2F9A8BE5-8FD7-4576-9CB1-D05EDFE0B2DF}.Debug|iPhoneSimulator.Deploy.0 = Debug|iPhoneSimulator
		{2F9A8BE5-8FD7-4576-9CB1-D05EDFE0B2DF}.Debug|Mixed Platforms.ActiveCfg = Debug|iPhone
		{2F9A8BE5-8FD7-4576-9CB1-D05EDFE0B2DF}.Debug|Mixed Platforms.Build.0 = Debug|iPhone
		{2F9A8BE5-8FD7-4576-9CB1-D05EDFE0B2DF}.Debug|Mixed Platforms.Deploy.0 = Debug|iPhone
		{2F9A8BE5-8FD7-4576-9CB1-D05EDFE0B2DF}.Debug|x64.ActiveCfg = Debug|iPhone
		{2F9A8BE5-8FD7-4576-9CB1-D05EDFE0B2DF}.Debug|x86.ActiveCfg = Debug|iPhone
		{2F9A8BE5-8FD7-4576-9CB1-D05EDFE0B2DF}.Release|Any CPU.ActiveCfg = Release|iPhone
		{2F9A8BE5-8FD7-4576-9CB1-D05EDFE0B2DF}.Release|ARM.ActiveCfg = Release|iPhone
		{2F9A8BE5-8FD7-4576-9CB1-D05EDFE0B2DF}.Release|iPhone.ActiveCfg = Release|iPhone
		{2F9A8BE5-8FD7-4576-9CB1-D05EDFE0B2DF}.Release|iPhone.Build.0 = Release|iPhone
		{2F9A8BE5-8FD7-4576-9CB1-D05EDFE0B2DF}.Release|iPhone.Deploy.0 = Release|iPhone
		{2F9A8BE5-8FD7-4576-9CB1-D05EDFE0B2DF}.Release|iPhoneSimulator.ActiveCfg = Release|iPhoneSimulator
		{2F9A8BE5-8FD7-4576-9CB1-D05EDFE0B2DF}.Release|iPhoneSimulator.Build.0 = Release|iPhoneSimulator
		{2F9A8BE5-8FD7-4576-9CB1-D05EDFE0B2DF}.Release|iPhoneSimulator.Deploy.0 = Release|iPhoneSimulator
		{2F9A8BE5-8FD7-4576-9CB1-D05EDFE0B2DF}.Release|Mixed Platforms.ActiveCfg = Release|iPhone
		{2F9A8BE5-8FD7-4576-9CB1-D05EDFE0B2DF}.Release|Mixed Platforms.Build.0 = Release|iPhone
		{2F9A8BE5-8FD7-4576-9CB1-D05EDFE0B2DF}.Release|Mixed Platforms.Deploy.0 = Release|iPhone
		{2F9A8BE5-8FD7-4576-9CB1-D05EDFE0B2DF}.Release|x64.ActiveCfg = Release|iPhone
		{2F9A8BE5-8FD7-4576-9CB1-D05EDFE0B2DF}.Release|x86.ActiveCfg = Release|iPhone
		{D59B8E8B-720B-4151-9F77-0D2370B903F1}.Ad-Hoc|Any CPU.ActiveCfg = Release|Any CPU
		{D59B8E8B-720B-4151-9F77-0D2370B903F1}.Ad-Hoc|Any CPU.Build.0 = Release|Any CPU
		{D59B8E8B-720B-4151-9F77-0D2370B903F1}.Ad-Hoc|Any CPU.Deploy.0 = Release|Any CPU
		{D59B8E8B-720B-4151-9F77-0D2370B903F1}.Ad-Hoc|ARM.ActiveCfg = Release|Any CPU
		{D59B8E8B-720B-4151-9F77-0D2370B903F1}.Ad-Hoc|iPhone.ActiveCfg = Release|Any CPU
		{D59B8E8B-720B-4151-9F77-0D2370B903F1}.Ad-Hoc|iPhoneSimulator.ActiveCfg = Release|Any CPU
		{D59B8E8B-720B-4151-9F77-0D2370B903F1}.Ad-Hoc|Mixed Platforms.ActiveCfg = Release|Any CPU
		{D59B8E8B-720B-4151-9F77-0D2370B903F1}.Ad-Hoc|Mixed Platforms.Build.0 = Release|Any CPU
		{D59B8E8B-720B-4151-9F77-0D2370B903F1}.Ad-Hoc|Mixed Platforms.Deploy.0 = Release|Any CPU
		{D59B8E8B-720B-4151-9F77-0D2370B903F1}.Ad-Hoc|x64.ActiveCfg = Release|Any CPU
		{D59B8E8B-720B-4151-9F77-0D2370B903F1}.Ad-Hoc|x86.ActiveCfg = Release|Any CPU
		{D59B8E8B-720B-4151-9F77-0D2370B903F1}.AppStore|Any CPU.ActiveCfg = Release|Any CPU
		{D59B8E8B-720B-4151-9F77-0D2370B903F1}.AppStore|Any CPU.Build.0 = Release|Any CPU
		{D59B8E8B-720B-4151-9F77-0D2370B903F1}.AppStore|Any CPU.Deploy.0 = Release|Any CPU
		{D59B8E8B-720B-4151-9F77-0D2370B903F1}.AppStore|ARM.ActiveCfg = Release|Any CPU
		{D59B8E8B-720B-4151-9F77-0D2370B903F1}.AppStore|iPhone.ActiveCfg = Release|Any CPU
		{D59B8E8B-720B-4151-9F77-0D2370B903F1}.AppStore|iPhoneSimulator.ActiveCfg = Release|Any CPU
		{D59B8E8B-720B-4151-9F77-0D2370B903F1}.AppStore|Mixed Platforms.ActiveCfg = Release|Any CPU
		{D59B8E8B-720B-4151-9F77-0D2370B903F1}.AppStore|Mixed Platforms.Build.0 = Release|Any CPU
		{D59B8E8B-720B-4151-9F77-0D2370B903F1}.AppStore|Mixed Platforms.Deploy.0 = Release|Any CPU
		{D59B8E8B-720B-4151-9F77-0D2370B903F1}.AppStore|x64.ActiveCfg = Release|Any CPU
		{D59B8E8B-720B-4151-9F77-0D2370B903F1}.AppStore|x86.ActiveCfg = Release|Any CPU
		{D59B8E8B-720B-4151-9F77-0D2370B903F1}.Debug|Any CPU.ActiveCfg = Debug|Any CPU
		{D59B8E8B-720B-4151-9F77-0D2370B903F1}.Debug|Any CPU.Build.0 = Debug|Any CPU
		{D59B8E8B-720B-4151-9F77-0D2370B903F1}.Debug|Any CPU.Deploy.0 = Debug|Any CPU
		{D59B8E8B-720B-4151-9F77-0D2370B903F1}.Debug|ARM.ActiveCfg = Debug|Any CPU
		{D59B8E8B-720B-4151-9F77-0D2370B903F1}.Debug|iPhone.ActiveCfg = Debug|Any CPU
		{D59B8E8B-720B-4151-9F77-0D2370B903F1}.Debug|iPhoneSimulator.ActiveCfg = Debug|Any CPU
		{D59B8E8B-720B-4151-9F77-0D2370B903F1}.Debug|Mixed Platforms.ActiveCfg = Debug|Any CPU
		{D59B8E8B-720B-4151-9F77-0D2370B903F1}.Debug|Mixed Platforms.Build.0 = Debug|Any CPU
		{D59B8E8B-720B-4151-9F77-0D2370B903F1}.Debug|Mixed Platforms.Deploy.0 = Debug|Any CPU
		{D59B8E8B-720B-4151-9F77-0D2370B903F1}.Debug|x64.ActiveCfg = Debug|Any CPU
		{D59B8E8B-720B-4151-9F77-0D2370B903F1}.Debug|x86.ActiveCfg = Debug|Any CPU
		{D59B8E8B-720B-4151-9F77-0D2370B903F1}.Release|Any CPU.ActiveCfg = Release|Any CPU
		{D59B8E8B-720B-4151-9F77-0D2370B903F1}.Release|Any CPU.Build.0 = Release|Any CPU
		{D59B8E8B-720B-4151-9F77-0D2370B903F1}.Release|Any CPU.Deploy.0 = Release|Any CPU
		{D59B8E8B-720B-4151-9F77-0D2370B903F1}.Release|ARM.ActiveCfg = Release|Any CPU
		{D59B8E8B-720B-4151-9F77-0D2370B903F1}.Release|iPhone.ActiveCfg = Release|Any CPU
		{D59B8E8B-720B-4151-9F77-0D2370B903F1}.Release|iPhoneSimulator.ActiveCfg = Release|Any CPU
		{D59B8E8B-720B-4151-9F77-0D2370B903F1}.Release|Mixed Platforms.ActiveCfg = Release|Any CPU
		{D59B8E8B-720B-4151-9F77-0D2370B903F1}.Release|Mixed Platforms.Build.0 = Release|Any CPU
		{D59B8E8B-720B-4151-9F77-0D2370B903F1}.Release|Mixed Platforms.Deploy.0 = Release|Any CPU
		{D59B8E8B-720B-4151-9F77-0D2370B903F1}.Release|x64.ActiveCfg = Release|Any CPU
		{D59B8E8B-720B-4151-9F77-0D2370B903F1}.Release|x86.ActiveCfg = Release|Any CPU
		{3EC4645C-AC6F-44CC-A13F-3680575A1041}.Ad-Hoc|Any CPU.ActiveCfg = Release|Any CPU
		{3EC4645C-AC6F-44CC-A13F-3680575A1041}.Ad-Hoc|Any CPU.Build.0 = Release|Any CPU
		{3EC4645C-AC6F-44CC-A13F-3680575A1041}.Ad-Hoc|Any CPU.Deploy.0 = Release|Any CPU
		{3EC4645C-AC6F-44CC-A13F-3680575A1041}.Ad-Hoc|ARM.ActiveCfg = Release|ARM
		{3EC4645C-AC6F-44CC-A13F-3680575A1041}.Ad-Hoc|ARM.Build.0 = Release|ARM
		{3EC4645C-AC6F-44CC-A13F-3680575A1041}.Ad-Hoc|ARM.Deploy.0 = Release|ARM
		{3EC4645C-AC6F-44CC-A13F-3680575A1041}.Ad-Hoc|iPhone.ActiveCfg = Release|Any CPU
		{3EC4645C-AC6F-44CC-A13F-3680575A1041}.Ad-Hoc|iPhoneSimulator.ActiveCfg = Release|Any CPU
		{3EC4645C-AC6F-44CC-A13F-3680575A1041}.Ad-Hoc|Mixed Platforms.ActiveCfg = Release|x86
		{3EC4645C-AC6F-44CC-A13F-3680575A1041}.Ad-Hoc|Mixed Platforms.Build.0 = Release|x86
		{3EC4645C-AC6F-44CC-A13F-3680575A1041}.Ad-Hoc|Mixed Platforms.Deploy.0 = Release|x86
		{3EC4645C-AC6F-44CC-A13F-3680575A1041}.Ad-Hoc|x64.ActiveCfg = Release|x64
		{3EC4645C-AC6F-44CC-A13F-3680575A1041}.Ad-Hoc|x64.Build.0 = Release|x64
		{3EC4645C-AC6F-44CC-A13F-3680575A1041}.Ad-Hoc|x64.Deploy.0 = Release|x64
		{3EC4645C-AC6F-44CC-A13F-3680575A1041}.Ad-Hoc|x86.ActiveCfg = Release|x86
		{3EC4645C-AC6F-44CC-A13F-3680575A1041}.Ad-Hoc|x86.Build.0 = Release|x86
		{3EC4645C-AC6F-44CC-A13F-3680575A1041}.Ad-Hoc|x86.Deploy.0 = Release|x86
		{3EC4645C-AC6F-44CC-A13F-3680575A1041}.AppStore|Any CPU.ActiveCfg = Release|Any CPU
		{3EC4645C-AC6F-44CC-A13F-3680575A1041}.AppStore|Any CPU.Build.0 = Release|Any CPU
		{3EC4645C-AC6F-44CC-A13F-3680575A1041}.AppStore|Any CPU.Deploy.0 = Release|Any CPU
		{3EC4645C-AC6F-44CC-A13F-3680575A1041}.AppStore|ARM.ActiveCfg = Release|ARM
		{3EC4645C-AC6F-44CC-A13F-3680575A1041}.AppStore|ARM.Build.0 = Release|ARM
		{3EC4645C-AC6F-44CC-A13F-3680575A1041}.AppStore|ARM.Deploy.0 = Release|ARM
		{3EC4645C-AC6F-44CC-A13F-3680575A1041}.AppStore|iPhone.ActiveCfg = Release|Any CPU
		{3EC4645C-AC6F-44CC-A13F-3680575A1041}.AppStore|iPhoneSimulator.ActiveCfg = Release|Any CPU
		{3EC4645C-AC6F-44CC-A13F-3680575A1041}.AppStore|Mixed Platforms.ActiveCfg = Release|x86
		{3EC4645C-AC6F-44CC-A13F-3680575A1041}.AppStore|Mixed Platforms.Build.0 = Release|x86
		{3EC4645C-AC6F-44CC-A13F-3680575A1041}.AppStore|Mixed Platforms.Deploy.0 = Release|x86
		{3EC4645C-AC6F-44CC-A13F-3680575A1041}.AppStore|x64.ActiveCfg = Release|x64
		{3EC4645C-AC6F-44CC-A13F-3680575A1041}.AppStore|x64.Build.0 = Release|x64
		{3EC4645C-AC6F-44CC-A13F-3680575A1041}.AppStore|x64.Deploy.0 = Release|x64
		{3EC4645C-AC6F-44CC-A13F-3680575A1041}.AppStore|x86.ActiveCfg = Release|x86
		{3EC4645C-AC6F-44CC-A13F-3680575A1041}.AppStore|x86.Build.0 = Release|x86
		{3EC4645C-AC6F-44CC-A13F-3680575A1041}.AppStore|x86.Deploy.0 = Release|x86
		{3EC4645C-AC6F-44CC-A13F-3680575A1041}.Debug|Any CPU.ActiveCfg = Debug|Any CPU
		{3EC4645C-AC6F-44CC-A13F-3680575A1041}.Debug|Any CPU.Build.0 = Debug|Any CPU
		{3EC4645C-AC6F-44CC-A13F-3680575A1041}.Debug|Any CPU.Deploy.0 = Debug|Any CPU
		{3EC4645C-AC6F-44CC-A13F-3680575A1041}.Debug|ARM.ActiveCfg = Debug|ARM
		{3EC4645C-AC6F-44CC-A13F-3680575A1041}.Debug|ARM.Build.0 = Debug|ARM
		{3EC4645C-AC6F-44CC-A13F-3680575A1041}.Debug|ARM.Deploy.0 = Debug|ARM
		{3EC4645C-AC6F-44CC-A13F-3680575A1041}.Debug|iPhone.ActiveCfg = Debug|Any CPU
		{3EC4645C-AC6F-44CC-A13F-3680575A1041}.Debug|iPhoneSimulator.ActiveCfg = Debug|Any CPU
		{3EC4645C-AC6F-44CC-A13F-3680575A1041}.Debug|Mixed Platforms.ActiveCfg = Debug|x86
		{3EC4645C-AC6F-44CC-A13F-3680575A1041}.Debug|Mixed Platforms.Build.0 = Debug|x86
		{3EC4645C-AC6F-44CC-A13F-3680575A1041}.Debug|Mixed Platforms.Deploy.0 = Debug|x86
		{3EC4645C-AC6F-44CC-A13F-3680575A1041}.Debug|x64.ActiveCfg = Debug|x64
		{3EC4645C-AC6F-44CC-A13F-3680575A1041}.Debug|x64.Build.0 = Debug|x64
		{3EC4645C-AC6F-44CC-A13F-3680575A1041}.Debug|x64.Deploy.0 = Debug|x64
		{3EC4645C-AC6F-44CC-A13F-3680575A1041}.Debug|x86.ActiveCfg = Debug|x86
		{3EC4645C-AC6F-44CC-A13F-3680575A1041}.Debug|x86.Build.0 = Debug|x86
		{3EC4645C-AC6F-44CC-A13F-3680575A1041}.Debug|x86.Deploy.0 = Debug|x86
		{3EC4645C-AC6F-44CC-A13F-3680575A1041}.Release|Any CPU.ActiveCfg = Release|Any CPU
		{3EC4645C-AC6F-44CC-A13F-3680575A1041}.Release|Any CPU.Build.0 = Release|Any CPU
		{3EC4645C-AC6F-44CC-A13F-3680575A1041}.Release|Any CPU.Deploy.0 = Release|Any CPU
		{3EC4645C-AC6F-44CC-A13F-3680575A1041}.Release|ARM.ActiveCfg = Release|ARM
		{3EC4645C-AC6F-44CC-A13F-3680575A1041}.Release|ARM.Build.0 = Release|ARM
		{3EC4645C-AC6F-44CC-A13F-3680575A1041}.Release|ARM.Deploy.0 = Release|ARM
		{3EC4645C-AC6F-44CC-A13F-3680575A1041}.Release|iPhone.ActiveCfg = Release|Any CPU
		{3EC4645C-AC6F-44CC-A13F-3680575A1041}.Release|iPhoneSimulator.ActiveCfg = Release|Any CPU
		{3EC4645C-AC6F-44CC-A13F-3680575A1041}.Release|Mixed Platforms.ActiveCfg = Release|x86
		{3EC4645C-AC6F-44CC-A13F-3680575A1041}.Release|Mixed Platforms.Build.0 = Release|x86
		{3EC4645C-AC6F-44CC-A13F-3680575A1041}.Release|Mixed Platforms.Deploy.0 = Release|x86
		{3EC4645C-AC6F-44CC-A13F-3680575A1041}.Release|x64.ActiveCfg = Release|x64
		{3EC4645C-AC6F-44CC-A13F-3680575A1041}.Release|x64.Build.0 = Release|x64
		{3EC4645C-AC6F-44CC-A13F-3680575A1041}.Release|x64.Deploy.0 = Release|x64
		{3EC4645C-AC6F-44CC-A13F-3680575A1041}.Release|x86.ActiveCfg = Release|x86
		{3EC4645C-AC6F-44CC-A13F-3680575A1041}.Release|x86.Build.0 = Release|x86
		{3EC4645C-AC6F-44CC-A13F-3680575A1041}.Release|x86.Deploy.0 = Release|x86
		{D140DA0D-BA76-4562-9E35-DC9FF49437BE}.Ad-Hoc|Any CPU.ActiveCfg = Release|Any CPU
		{D140DA0D-BA76-4562-9E35-DC9FF49437BE}.Ad-Hoc|Any CPU.Build.0 = Release|Any CPU
		{D140DA0D-BA76-4562-9E35-DC9FF49437BE}.Ad-Hoc|Any CPU.Deploy.0 = Release|Any CPU
		{D140DA0D-BA76-4562-9E35-DC9FF49437BE}.Ad-Hoc|ARM.ActiveCfg = Release|ARM
		{D140DA0D-BA76-4562-9E35-DC9FF49437BE}.Ad-Hoc|ARM.Build.0 = Release|ARM
		{D140DA0D-BA76-4562-9E35-DC9FF49437BE}.Ad-Hoc|ARM.Deploy.0 = Release|ARM
		{D140DA0D-BA76-4562-9E35-DC9FF49437BE}.Ad-Hoc|iPhone.ActiveCfg = Release|Any CPU
		{D140DA0D-BA76-4562-9E35-DC9FF49437BE}.Ad-Hoc|iPhoneSimulator.ActiveCfg = Release|Any CPU
		{D140DA0D-BA76-4562-9E35-DC9FF49437BE}.Ad-Hoc|Mixed Platforms.ActiveCfg = Release|x86
		{D140DA0D-BA76-4562-9E35-DC9FF49437BE}.Ad-Hoc|Mixed Platforms.Build.0 = Release|x86
		{D140DA0D-BA76-4562-9E35-DC9FF49437BE}.Ad-Hoc|Mixed Platforms.Deploy.0 = Release|x86
		{D140DA0D-BA76-4562-9E35-DC9FF49437BE}.Ad-Hoc|x64.ActiveCfg = Release|Any CPU
		{D140DA0D-BA76-4562-9E35-DC9FF49437BE}.Ad-Hoc|x86.ActiveCfg = Release|x86
		{D140DA0D-BA76-4562-9E35-DC9FF49437BE}.Ad-Hoc|x86.Build.0 = Release|x86
		{D140DA0D-BA76-4562-9E35-DC9FF49437BE}.Ad-Hoc|x86.Deploy.0 = Release|x86
		{D140DA0D-BA76-4562-9E35-DC9FF49437BE}.AppStore|Any CPU.ActiveCfg = Release|Any CPU
		{D140DA0D-BA76-4562-9E35-DC9FF49437BE}.AppStore|Any CPU.Build.0 = Release|Any CPU
		{D140DA0D-BA76-4562-9E35-DC9FF49437BE}.AppStore|Any CPU.Deploy.0 = Release|Any CPU
		{D140DA0D-BA76-4562-9E35-DC9FF49437BE}.AppStore|ARM.ActiveCfg = Release|ARM
		{D140DA0D-BA76-4562-9E35-DC9FF49437BE}.AppStore|ARM.Build.0 = Release|ARM
		{D140DA0D-BA76-4562-9E35-DC9FF49437BE}.AppStore|ARM.Deploy.0 = Release|ARM
		{D140DA0D-BA76-4562-9E35-DC9FF49437BE}.AppStore|iPhone.ActiveCfg = Release|Any CPU
		{D140DA0D-BA76-4562-9E35-DC9FF49437BE}.AppStore|iPhoneSimulator.ActiveCfg = Release|Any CPU
		{D140DA0D-BA76-4562-9E35-DC9FF49437BE}.AppStore|Mixed Platforms.ActiveCfg = Release|x86
		{D140DA0D-BA76-4562-9E35-DC9FF49437BE}.AppStore|Mixed Platforms.Build.0 = Release|x86
		{D140DA0D-BA76-4562-9E35-DC9FF49437BE}.AppStore|Mixed Platforms.Deploy.0 = Release|x86
		{D140DA0D-BA76-4562-9E35-DC9FF49437BE}.AppStore|x64.ActiveCfg = Release|Any CPU
		{D140DA0D-BA76-4562-9E35-DC9FF49437BE}.AppStore|x86.ActiveCfg = Release|x86
		{D140DA0D-BA76-4562-9E35-DC9FF49437BE}.AppStore|x86.Build.0 = Release|x86
		{D140DA0D-BA76-4562-9E35-DC9FF49437BE}.AppStore|x86.Deploy.0 = Release|x86
		{D140DA0D-BA76-4562-9E35-DC9FF49437BE}.Debug|Any CPU.ActiveCfg = Debug|Any CPU
		{D140DA0D-BA76-4562-9E35-DC9FF49437BE}.Debug|Any CPU.Build.0 = Debug|Any CPU
		{D140DA0D-BA76-4562-9E35-DC9FF49437BE}.Debug|Any CPU.Deploy.0 = Debug|Any CPU
		{D140DA0D-BA76-4562-9E35-DC9FF49437BE}.Debug|ARM.ActiveCfg = Debug|ARM
		{D140DA0D-BA76-4562-9E35-DC9FF49437BE}.Debug|ARM.Build.0 = Debug|ARM
		{D140DA0D-BA76-4562-9E35-DC9FF49437BE}.Debug|ARM.Deploy.0 = Debug|ARM
		{D140DA0D-BA76-4562-9E35-DC9FF49437BE}.Debug|iPhone.ActiveCfg = Debug|Any CPU
		{D140DA0D-BA76-4562-9E35-DC9FF49437BE}.Debug|iPhoneSimulator.ActiveCfg = Debug|Any CPU
		{D140DA0D-BA76-4562-9E35-DC9FF49437BE}.Debug|Mixed Platforms.ActiveCfg = Debug|x86
		{D140DA0D-BA76-4562-9E35-DC9FF49437BE}.Debug|Mixed Platforms.Build.0 = Debug|x86
		{D140DA0D-BA76-4562-9E35-DC9FF49437BE}.Debug|Mixed Platforms.Deploy.0 = Debug|x86
		{D140DA0D-BA76-4562-9E35-DC9FF49437BE}.Debug|x64.ActiveCfg = Debug|Any CPU
		{D140DA0D-BA76-4562-9E35-DC9FF49437BE}.Debug|x86.ActiveCfg = Debug|x86
		{D140DA0D-BA76-4562-9E35-DC9FF49437BE}.Debug|x86.Build.0 = Debug|x86
		{D140DA0D-BA76-4562-9E35-DC9FF49437BE}.Debug|x86.Deploy.0 = Debug|x86
		{D140DA0D-BA76-4562-9E35-DC9FF49437BE}.Release|Any CPU.ActiveCfg = Release|Any CPU
		{D140DA0D-BA76-4562-9E35-DC9FF49437BE}.Release|Any CPU.Build.0 = Release|Any CPU
		{D140DA0D-BA76-4562-9E35-DC9FF49437BE}.Release|Any CPU.Deploy.0 = Release|Any CPU
		{D140DA0D-BA76-4562-9E35-DC9FF49437BE}.Release|ARM.ActiveCfg = Release|ARM
		{D140DA0D-BA76-4562-9E35-DC9FF49437BE}.Release|ARM.Build.0 = Release|ARM
		{D140DA0D-BA76-4562-9E35-DC9FF49437BE}.Release|ARM.Deploy.0 = Release|ARM
		{D140DA0D-BA76-4562-9E35-DC9FF49437BE}.Release|iPhone.ActiveCfg = Release|Any CPU
		{D140DA0D-BA76-4562-9E35-DC9FF49437BE}.Release|iPhoneSimulator.ActiveCfg = Release|Any CPU
		{D140DA0D-BA76-4562-9E35-DC9FF49437BE}.Release|Mixed Platforms.ActiveCfg = Release|x86
		{D140DA0D-BA76-4562-9E35-DC9FF49437BE}.Release|Mixed Platforms.Build.0 = Release|x86
		{D140DA0D-BA76-4562-9E35-DC9FF49437BE}.Release|Mixed Platforms.Deploy.0 = Release|x86
		{D140DA0D-BA76-4562-9E35-DC9FF49437BE}.Release|x64.ActiveCfg = Release|Any CPU
		{D140DA0D-BA76-4562-9E35-DC9FF49437BE}.Release|x86.ActiveCfg = Release|x86
		{D140DA0D-BA76-4562-9E35-DC9FF49437BE}.Release|x86.Build.0 = Release|x86
		{D140DA0D-BA76-4562-9E35-DC9FF49437BE}.Release|x86.Deploy.0 = Release|x86
		{CCE25115-1D25-4F5E-9831-D991AFFA729F}.Ad-Hoc|Any CPU.ActiveCfg = Release|Any CPU
		{CCE25115-1D25-4F5E-9831-D991AFFA729F}.Ad-Hoc|Any CPU.Build.0 = Release|Any CPU
		{CCE25115-1D25-4F5E-9831-D991AFFA729F}.Ad-Hoc|ARM.ActiveCfg = Release|Any CPU
		{CCE25115-1D25-4F5E-9831-D991AFFA729F}.Ad-Hoc|iPhone.ActiveCfg = Release|Any CPU
		{CCE25115-1D25-4F5E-9831-D991AFFA729F}.Ad-Hoc|iPhoneSimulator.ActiveCfg = Release|Any CPU
		{CCE25115-1D25-4F5E-9831-D991AFFA729F}.Ad-Hoc|Mixed Platforms.ActiveCfg = Release|Any CPU
		{CCE25115-1D25-4F5E-9831-D991AFFA729F}.Ad-Hoc|Mixed Platforms.Build.0 = Release|Any CPU
		{CCE25115-1D25-4F5E-9831-D991AFFA729F}.Ad-Hoc|x64.ActiveCfg = Release|Any CPU
		{CCE25115-1D25-4F5E-9831-D991AFFA729F}.Ad-Hoc|x86.ActiveCfg = Release|Any CPU
		{CCE25115-1D25-4F5E-9831-D991AFFA729F}.AppStore|Any CPU.ActiveCfg = Release|Any CPU
		{CCE25115-1D25-4F5E-9831-D991AFFA729F}.AppStore|Any CPU.Build.0 = Release|Any CPU
		{CCE25115-1D25-4F5E-9831-D991AFFA729F}.AppStore|ARM.ActiveCfg = Release|Any CPU
		{CCE25115-1D25-4F5E-9831-D991AFFA729F}.AppStore|iPhone.ActiveCfg = Release|Any CPU
		{CCE25115-1D25-4F5E-9831-D991AFFA729F}.AppStore|iPhoneSimulator.ActiveCfg = Release|Any CPU
		{CCE25115-1D25-4F5E-9831-D991AFFA729F}.AppStore|Mixed Platforms.ActiveCfg = Release|Any CPU
		{CCE25115-1D25-4F5E-9831-D991AFFA729F}.AppStore|Mixed Platforms.Build.0 = Release|Any CPU
		{CCE25115-1D25-4F5E-9831-D991AFFA729F}.AppStore|x64.ActiveCfg = Release|Any CPU
		{CCE25115-1D25-4F5E-9831-D991AFFA729F}.AppStore|x86.ActiveCfg = Release|Any CPU
		{CCE25115-1D25-4F5E-9831-D991AFFA729F}.Debug|Any CPU.ActiveCfg = Debug|Any CPU
		{CCE25115-1D25-4F5E-9831-D991AFFA729F}.Debug|Any CPU.Build.0 = Debug|Any CPU
		{CCE25115-1D25-4F5E-9831-D991AFFA729F}.Debug|ARM.ActiveCfg = Debug|Any CPU
		{CCE25115-1D25-4F5E-9831-D991AFFA729F}.Debug|iPhone.ActiveCfg = Debug|Any CPU
		{CCE25115-1D25-4F5E-9831-D991AFFA729F}.Debug|iPhoneSimulator.ActiveCfg = Debug|Any CPU
		{CCE25115-1D25-4F5E-9831-D991AFFA729F}.Debug|Mixed Platforms.ActiveCfg = Debug|Any CPU
		{CCE25115-1D25-4F5E-9831-D991AFFA729F}.Debug|Mixed Platforms.Build.0 = Debug|Any CPU
		{CCE25115-1D25-4F5E-9831-D991AFFA729F}.Debug|x64.ActiveCfg = Debug|Any CPU
		{CCE25115-1D25-4F5E-9831-D991AFFA729F}.Debug|x86.ActiveCfg = Debug|Any CPU
		{CCE25115-1D25-4F5E-9831-D991AFFA729F}.Release|Any CPU.ActiveCfg = Release|Any CPU
		{CCE25115-1D25-4F5E-9831-D991AFFA729F}.Release|Any CPU.Build.0 = Release|Any CPU
		{CCE25115-1D25-4F5E-9831-D991AFFA729F}.Release|ARM.ActiveCfg = Release|Any CPU
		{CCE25115-1D25-4F5E-9831-D991AFFA729F}.Release|iPhone.ActiveCfg = Release|Any CPU
		{CCE25115-1D25-4F5E-9831-D991AFFA729F}.Release|iPhoneSimulator.ActiveCfg = Release|Any CPU
		{CCE25115-1D25-4F5E-9831-D991AFFA729F}.Release|Mixed Platforms.ActiveCfg = Release|Any CPU
		{CCE25115-1D25-4F5E-9831-D991AFFA729F}.Release|Mixed Platforms.Build.0 = Release|Any CPU
		{CCE25115-1D25-4F5E-9831-D991AFFA729F}.Release|x64.ActiveCfg = Release|Any CPU
		{CCE25115-1D25-4F5E-9831-D991AFFA729F}.Release|x86.ActiveCfg = Release|Any CPU
		{9A939D52-C426-4E23-80EA-37C818EFE9FC}.Ad-Hoc|Any CPU.ActiveCfg = Release|Any CPU
		{9A939D52-C426-4E23-80EA-37C818EFE9FC}.Ad-Hoc|Any CPU.Build.0 = Release|Any CPU
		{9A939D52-C426-4E23-80EA-37C818EFE9FC}.Ad-Hoc|ARM.ActiveCfg = Release|Any CPU
		{9A939D52-C426-4E23-80EA-37C818EFE9FC}.Ad-Hoc|iPhone.ActiveCfg = Release|Any CPU
		{9A939D52-C426-4E23-80EA-37C818EFE9FC}.Ad-Hoc|iPhoneSimulator.ActiveCfg = Release|Any CPU
		{9A939D52-C426-4E23-80EA-37C818EFE9FC}.Ad-Hoc|Mixed Platforms.ActiveCfg = Release|Any CPU
		{9A939D52-C426-4E23-80EA-37C818EFE9FC}.Ad-Hoc|Mixed Platforms.Build.0 = Release|Any CPU
		{9A939D52-C426-4E23-80EA-37C818EFE9FC}.Ad-Hoc|x64.ActiveCfg = Release|Any CPU
		{9A939D52-C426-4E23-80EA-37C818EFE9FC}.Ad-Hoc|x86.ActiveCfg = Release|Any CPU
		{9A939D52-C426-4E23-80EA-37C818EFE9FC}.AppStore|Any CPU.ActiveCfg = Release|Any CPU
		{9A939D52-C426-4E23-80EA-37C818EFE9FC}.AppStore|Any CPU.Build.0 = Release|Any CPU
		{9A939D52-C426-4E23-80EA-37C818EFE9FC}.AppStore|ARM.ActiveCfg = Release|Any CPU
		{9A939D52-C426-4E23-80EA-37C818EFE9FC}.AppStore|iPhone.ActiveCfg = Release|Any CPU
		{9A939D52-C426-4E23-80EA-37C818EFE9FC}.AppStore|iPhoneSimulator.ActiveCfg = Release|Any CPU
		{9A939D52-C426-4E23-80EA-37C818EFE9FC}.AppStore|Mixed Platforms.ActiveCfg = Release|Any CPU
		{9A939D52-C426-4E23-80EA-37C818EFE9FC}.AppStore|Mixed Platforms.Build.0 = Release|Any CPU
		{9A939D52-C426-4E23-80EA-37C818EFE9FC}.AppStore|x64.ActiveCfg = Release|Any CPU
		{9A939D52-C426-4E23-80EA-37C818EFE9FC}.AppStore|x86.ActiveCfg = Release|Any CPU
		{9A939D52-C426-4E23-80EA-37C818EFE9FC}.Debug|Any CPU.ActiveCfg = Debug|Any CPU
		{9A939D52-C426-4E23-80EA-37C818EFE9FC}.Debug|Any CPU.Build.0 = Debug|Any CPU
		{9A939D52-C426-4E23-80EA-37C818EFE9FC}.Debug|ARM.ActiveCfg = Debug|Any CPU
		{9A939D52-C426-4E23-80EA-37C818EFE9FC}.Debug|iPhone.ActiveCfg = Debug|Any CPU
		{9A939D52-C426-4E23-80EA-37C818EFE9FC}.Debug|iPhoneSimulator.ActiveCfg = Debug|Any CPU
		{9A939D52-C426-4E23-80EA-37C818EFE9FC}.Debug|Mixed Platforms.ActiveCfg = Debug|Any CPU
		{9A939D52-C426-4E23-80EA-37C818EFE9FC}.Debug|Mixed Platforms.Build.0 = Debug|Any CPU
		{9A939D52-C426-4E23-80EA-37C818EFE9FC}.Debug|x64.ActiveCfg = Debug|Any CPU
		{9A939D52-C426-4E23-80EA-37C818EFE9FC}.Debug|x86.ActiveCfg = Debug|Any CPU
		{9A939D52-C426-4E23-80EA-37C818EFE9FC}.Release|Any CPU.ActiveCfg = Release|Any CPU
		{9A939D52-C426-4E23-80EA-37C818EFE9FC}.Release|Any CPU.Build.0 = Release|Any CPU
		{9A939D52-C426-4E23-80EA-37C818EFE9FC}.Release|ARM.ActiveCfg = Release|Any CPU
		{9A939D52-C426-4E23-80EA-37C818EFE9FC}.Release|iPhone.ActiveCfg = Release|Any CPU
		{9A939D52-C426-4E23-80EA-37C818EFE9FC}.Release|iPhoneSimulator.ActiveCfg = Release|Any CPU
		{9A939D52-C426-4E23-80EA-37C818EFE9FC}.Release|Mixed Platforms.ActiveCfg = Release|Any CPU
		{9A939D52-C426-4E23-80EA-37C818EFE9FC}.Release|Mixed Platforms.Build.0 = Release|Any CPU
		{9A939D52-C426-4E23-80EA-37C818EFE9FC}.Release|x64.ActiveCfg = Release|Any CPU
		{9A939D52-C426-4E23-80EA-37C818EFE9FC}.Release|x86.ActiveCfg = Release|Any CPU
	EndGlobalSection
	GlobalSection(SolutionProperties) = preSolution
		HideSolutionNode = FALSE
	EndGlobalSection
EndGlobal
